# This is an Anaconda project lock file.
# The lock file locks down exact versions of all your dependencies.
#
# In most cases, this file is automatically maintained by the `anaconda-project` command or GUI tools.
# It's best to keep this file in revision control (such as git or svn).
# The file is in YAML format, please see http://www.yaml.org/start.html for more.
#

#
# Set to false to ignore locked versions.
locking_enabled: true



#
# A key goes in here for each env spec.
#
env_specs:
  trim-galore-0.6.4:
    locked: true
    env_spec_hash: 90e32d0fdf03336537f3ba5b3c22f7f40a9685e9
    platforms:
    - linux-64
    packages:
      linux-64:
      - _libgcc_mutex=0.1=main
      - ca-certificates=2019.6.16=hecc5488_0
      - certifi=2019.6.16=py27_1
      - cutadapt=1.4.2=py27_0
      - fastqc=0.11.8=0
      - libffi=3.2.1=he1b5a44_1006
      - libgcc-ng=9.1.0=hdf63c60_0
      - libstdcxx-ng=9.1.0=hdf63c60_0
      - ncurses=6.1=hf484d3e_1002
      - openjdk=11.0.1=h516909a_1016
      - openssl=1.1.1c=h516909a_0
      - perl=5.26.2=h516909a_1006
      - pip=19.2.1=py27_0
      - python=2.7.15=h5a48372_1009
      - readline=8.0=hf8c457e_0
      - setuptools=41.0.1=py27_0
      - sqlite=3.29.0=hcee41ef_0
      - tk=8.6.9=hed695b0_1002
      - trim-galore=0.6.4=0
      - wheel=0.33.4=py27_0
      - zlib=1.2.11=h516909a_1005
  trim-galore-0.4.5:
    locked: true
    env_spec_hash: bd09ba1b935569b2b5ebb50398d2326fe77dbea3
    platforms:
    - linux-64
    packages:
      linux-64:
      - _libgcc_mutex=0.1=main
      - ca-certificates=2019.6.16=hecc5488_0
      - certifi=2019.6.16=py27_1
      - cutadapt=1.4.2=py27_0
      - fastqc=0.11.8=0
      - libffi=3.2.1=he1b5a44_1006
      - libgcc-ng=9.1.0=hdf63c60_0
      - libstdcxx-ng=9.1.0=hdf63c60_0
      - ncurses=6.1=hf484d3e_1002
      - openjdk=11.0.1=h516909a_1016
      - openssl=1.1.1c=h516909a_0
      - perl=5.26.2=h516909a_1006
      - pip=19.2.1=py27_0
      - python=2.7.15=h5a48372_1009
      - readline=8.0=hf8c457e_0
      - setuptools=41.0.1=py27_0
      - sqlite=3.29.0=hcee41ef_0
      - tk=8.6.9=hed695b0_1002
      - trim-galore=0.4.5=2
      - wheel=0.33.4=py27_0
      - zlib=1.2.11=h516909a_1005


