# This is an Anaconda project lock file.
# The lock file locks down exact versions of all your dependencies.
#
# In most cases, this file is automatically maintained by the `anaconda-project` command or GUI tools.
# It's best to keep this file in revision control (such as git or svn).
# The file is in YAML format, please see http://www.yaml.org/start.html for more.
#

#
# Set to false to ignore locked versions.
locking_enabled: true



#
# A key goes in here for each env spec.
#
env_specs:
  spacy-gpu-2.2.4-py37:
    locked: true
    env_spec_hash: 88c22e666fb141120e32ed3d5aafbf28204a2918
    platforms:
    - linux-64
    packages:
      linux-64:
      - _libgcc_mutex=0.1=conda_forge
      - _openmp_mutex=4.5=1_llvm
      - _tflow_select=2.1.0=gpu
      - absl-py=0.9.0=py37hc8dfbb8_1
      - astor=0.7.1=py_0
      - blinker=1.4=py_1
      - blis=0.4.1=h14c3975_0
      - brotlipy=0.7.0=py37h8f50634_1000
      - c-ares=1.15.0=h516909a_1001
      - ca-certificates=2020.4.5.1=hecc5488_0
      - cachetools=4.1.0=py_1
      - catalogue=1.0.0=py_0
      - certifi=2020.4.5.1=py37hc8dfbb8_0
      - cffi=1.14.0=py37hd463f26_0
      - chardet=3.0.4=py37hc8dfbb8_1006
      - click=7.1.2=pyh9f0ad1d_0
      - cloudpickle=1.3.0=py_0
      - cryptography=2.9.2=py37hb09aad4_0
      - cudatoolkit=10.1.243=h6bb024c_0
      - cudnn=7.6.5=cuda10.1_0
      - cupti=10.1.168=0
      - cupy=7.4.0=py37h0632833_2
      - cycler=0.10.0=py_2
      - cymem=2.0.3=py37h3340039_1
      - cython-blis=0.4.1=py37h8f50634_1
      - dbus=1.13.6=he372182_0
      - expat=2.2.9=he1b5a44_2
      - fastrlock=0.4=py37h3340039_1001
      - fontconfig=2.13.1=h86ecdb6_1001
      - freetype=2.10.2=he06d7ca_0
      - gast=0.2.2=py_0
      - gettext=0.19.8.1=hc5be6a0_1002
      - glib=2.64.2=h6f030ca_1
      - google-auth-oauthlib=0.4.1=py_2
      - google-auth=1.14.3=pyh9f0ad1d_0
      - google-pasta=0.2.0=pyh8c360ce_0
      - grpcio=1.27.2=py37hf8bcb03_0
      - gst-plugins-base=1.14.5=h0935bb2_2
      - gstreamer=1.14.5=h36ae1b5_2
      - h5py=2.10.0=nompi_py37h513d04c_102
      - hdf5=1.10.5=nompi_h3c11f04_1104
      - icu=64.2=he1b5a44_1
      - idna=2.9=py_1
      - importlib-metadata=1.6.0=py37hc8dfbb8_0
      - joblib=0.15.1=py_0
      - jpeg=9c=h14c3975_1001
      - keras-applications=1.0.8=py_1
      - keras-preprocessing=1.1.0=py_0
      - kiwisolver=1.2.0=py37h99015e2_0
      - ld_impl_linux-64=2.34=h53a641e_0
      - libblas=3.8.0=16_openblas
      - libcblas=3.8.0=16_openblas
      - libclang=9.0.1=default_hde54327_0
      - libffi=3.2.1=he1b5a44_1007
      - libgcc-ng=9.2.0=h24d8f2e_2
      - libgfortran-ng=7.5.0=hdf63c60_6
      - libiconv=1.15=h516909a_1006
      - liblapack=3.8.0=16_openblas
      - libllvm9=9.0.1=he513fc3_1
      - libopenblas=0.3.9=h5ec1e0e_0
      - libpng=1.6.37=hed695b0_1
      - libprotobuf=3.11.4=h8b12597_0
      - libstdcxx-ng=9.2.0=hdf63c60_2
      - libuuid=2.32.1=h14c3975_1000
      - libxcb=1.13=h14c3975_1002
      - libxkbcommon=0.10.0=he1b5a44_0
      - libxml2=2.9.10=hee79883_0
      - llvm-openmp=10.0.0=hc9558a2_0
      - markdown=3.2.2=py_0
      - matplotlib-base=3.2.1=py37h30547a4_0
      - matplotlib=3.2.1=0
      - murmurhash=1.0.0=py37h3340039_0
      - nccl=2.6.4.1=h51cf6c1_0
      - ncurses=6.1=hf484d3e_1002
      - nspr=4.25=he1b5a44_0
      - nss=3.47=he751ad9_0
      - numpy=1.18.4=py37h8960a57_0
      - oauthlib=3.0.1=py_0
      - openssl=1.1.1g=h516909a_0
      - opt_einsum=3.2.1=py_0
      - pandas=1.0.3=py37h0da4684_1
      - pathlib=1.0.1=py37hc8dfbb8_2
      - pcre=8.44=he1b5a44_0
      - pip=20.1.1=pyh9f0ad1d_0
      - plac=1.0.0=py_0
      - preshed=3.0.2=py37h3340039_2
      - protobuf=3.11.4=py37h3340039_1
      - pthread-stubs=0.4=h14c3975_1001
      - pyasn1-modules=0.2.7=py_0
      - pyasn1=0.4.8=py_0
      - pycparser=2.20=py_0
      - pyjwt=1.7.1=py_0
      - pyopenssl=19.1.0=py_1
      - pyparsing=2.4.7=pyh9f0ad1d_0
      - pyqt=5.12.3=py37h8685d9f_3
      - pysocks=1.7.1=py37hc8dfbb8_1
      - python-dateutil=2.8.1=py_0
      - python=3.7.6=h8356626_5_cpython
      - python_abi=3.7=1_cp37m
      - pytz=2020.1=pyh9f0ad1d_0
      - qt=5.12.5=hd8c4c69_1
      - readline=8.0=hf8c457e_0
      - requests-oauthlib=1.2.0=py_0
      - requests=2.23.0=pyh8c360ce_2
      - rsa=4.0=py_0
      - scikit-learn=0.23.1=py37h8a51577_0
      - scikit-plot=0.3.7=py_1
      - scipy=1.4.1=py37ha3d9a3c_3
      - setuptools=46.4.0=py37hc8dfbb8_0
      - six=1.14.0=py_1
      - spacy-model-en_core_web_lg=2.2.5=py_0
      - spacy-model-en_core_web_md=2.2.5=py_0
      - spacy-model-en_core_web_sm=2.2.5=py_0
      - sqlite=3.30.1=hcee41ef_0
      - srsly=1.0.2=py37h3340039_0
      - tensorboard=2.1.1=py_1
      - tensorflow-base=2.1.0=gpu_py37h6c5654b_0
      - tensorflow-estimator=2.1.0=pyhd54b08b_0
      - tensorflow-gpu=2.1.0=h0d30ee6_0
      - tensorflow=2.1.0=gpu_py37h7a4bb67_0
      - termcolor=1.1.0=py_2
      - thinc=7.4.0=py37h99015e2_2
      - threadpoolctl=2.0.0=pyh5ca1d4c_0
      - tk=8.6.10=hed695b0_0
      - tornado=6.0.4=py37h8f50634_1
      - tqdm=4.46.0=pyh9f0ad1d_0
      - urllib3=1.25.9=py_0
      - wasabi=0.6.0=py_0
      - werkzeug=1.0.1=pyh9f0ad1d_0
      - wheel=0.34.2=py_1
      - wrapt=1.12.1=py37h8f50634_1
      - xorg-libxau=1.0.9=h14c3975_0
      - xorg-libxdmcp=1.1.3=h516909a_0
      - xz=5.2.5=h516909a_0
      - zipp=3.1.0=py_0
      - zlib=1.2.11=h516909a_1006
  spacy-gpu-2.2.4-py36:
    locked: true
    env_spec_hash: eff1afe193a903ae257b809e4f2ae863c56440a0
    platforms:
    - linux-64
    packages:
      linux-64:
      - _libgcc_mutex=0.1=conda_forge
      - _openmp_mutex=4.5=1_llvm
      - _tflow_select=2.1.0=gpu
      - absl-py=0.9.0=py36_0
      - astor=0.7.1=py_0
      - blinker=1.4=py_1
      - blis=0.4.1=h14c3975_0
      - brotlipy=0.7.0=py36h8c4c3a4_1000
      - c-ares=1.15.0=h516909a_1001
      - ca-certificates=2020.4.5.1=hecc5488_0
      - cachetools=4.1.0=py_1
      - catalogue=1.0.0=py36h9f0ad1d_1
      - certifi=2020.4.5.1=py36h9f0ad1d_0
      - cffi=1.14.0=py36hd463f26_0
      - chardet=3.0.4=py36h9f0ad1d_1006
      - click=7.1.2=pyh9f0ad1d_0
      - cloudpickle=1.3.0=py_0
      - cryptography=2.9.2=py36h45558ae_0
      - cudatoolkit=10.1.243=h6bb024c_0
      - cudnn=7.6.5=cuda10.1_0
      - cupti=10.1.168=0
      - cupy=7.4.0=py36h5c369b2_2
      - cycler=0.10.0=py_2
      - cymem=2.0.3=py36h831f99a_1
      - cython-blis=0.4.1=py36h8c4c3a4_1
      - dbus=1.13.6=he372182_0
      - expat=2.2.9=he1b5a44_2
      - fastrlock=0.4=py36h831f99a_1001
      - fontconfig=2.13.1=h86ecdb6_1001
      - freetype=2.10.2=he06d7ca_0
      - gast=0.2.2=py_0
      - gettext=0.19.8.1=hc5be6a0_1002
      - glib=2.64.2=h6f030ca_1
      - google-auth-oauthlib=0.4.1=py_2
      - google-auth=1.14.3=pyh9f0ad1d_0
      - google-pasta=0.2.0=pyh8c360ce_0
      - grpcio=1.27.2=py36hf8bcb03_0
      - gst-plugins-base=1.14.5=h0935bb2_2
      - gstreamer=1.14.5=h36ae1b5_2
      - h5py=2.10.0=nompi_py36h513d04c_102
      - hdf5=1.10.5=nompi_h3c11f04_1104
      - icu=64.2=he1b5a44_1
      - idna=2.9=py_1
      - importlib-metadata=1.6.0=py36h9f0ad1d_0
      - importlib_metadata=1.6.0=0
      - joblib=0.15.1=py_0
      - jpeg=9c=h14c3975_1001
      - keras-applications=1.0.8=py_1
      - keras-preprocessing=1.1.0=py_0
      - kiwisolver=1.2.0=py36hdb11119_0
      - ld_impl_linux-64=2.34=h53a641e_0
      - libblas=3.8.0=16_openblas
      - libcblas=3.8.0=16_openblas
      - libclang=9.0.1=default_hde54327_0
      - libffi=3.2.1=he1b5a44_1007
      - libgcc-ng=9.2.0=h24d8f2e_2
      - libgfortran-ng=7.5.0=hdf63c60_6
      - libiconv=1.15=h516909a_1006
      - liblapack=3.8.0=16_openblas
      - libllvm9=9.0.1=he513fc3_1
      - libopenblas=0.3.9=h5ec1e0e_0
      - libpng=1.6.37=hed695b0_1
      - libprotobuf=3.11.4=h8b12597_0
      - libstdcxx-ng=9.2.0=hdf63c60_2
      - libuuid=2.32.1=h14c3975_1000
      - libxcb=1.13=h14c3975_1002
      - libxkbcommon=0.10.0=he1b5a44_0
      - libxml2=2.9.10=hee79883_0
      - llvm-openmp=10.0.0=hc9558a2_0
      - markdown=3.2.2=py_0
      - matplotlib-base=3.2.1=py36hb8e4980_0
      - matplotlib=3.2.1=0
      - murmurhash=1.0.0=py36h831f99a_0
      - nccl=2.6.4.1=h51cf6c1_0
      - ncurses=6.1=hf484d3e_1002
      - nspr=4.25=he1b5a44_0
      - nss=3.47=he751ad9_0
      - numpy=1.18.4=py36h7314795_0
      - oauthlib=3.0.1=py_0
      - openssl=1.1.1g=h516909a_0
      - opt_einsum=3.2.1=py_0
      - pandas=1.0.3=py36h830a2c2_1
      - pathlib=1.0.1=py36h9f0ad1d_2
      - pcre=8.44=he1b5a44_0
      - pip=20.1.1=pyh9f0ad1d_0
      - plac=1.0.0=py_0
      - preshed=3.0.2=py36h831f99a_2
      - protobuf=3.11.4=py36h831f99a_1
      - pthread-stubs=0.4=h14c3975_1001
      - pyasn1-modules=0.2.7=py_0
      - pyasn1=0.4.8=py_0
      - pycparser=2.20=py_0
      - pyjwt=1.7.1=py_0
      - pyopenssl=19.1.0=py_1
      - pyparsing=2.4.7=pyh9f0ad1d_0
      - pyqt=5.12.3=py36haa643ae_3
      - pysocks=1.7.1=py36h9f0ad1d_1
      - python-dateutil=2.8.1=py_0
      - python=3.6.10=h8356626_1011_cpython
      - python_abi=3.6=1_cp36m
      - pytz=2020.1=pyh9f0ad1d_0
      - qt=5.12.5=hd8c4c69_1
      - readline=8.0=hf8c457e_0
      - requests-oauthlib=1.2.0=py_0
      - requests=2.23.0=pyh8c360ce_2
      - rsa=4.0=py_0
      - scikit-learn=0.23.1=py36h0e1014b_0
      - scikit-plot=0.3.7=py_1
      - scipy=1.4.1=py36h2d22cac_3
      - setuptools=46.4.0=py36h9f0ad1d_0
      - six=1.14.0=py_1
      - spacy-model-en_core_web_lg=2.2.5=py_0
      - spacy-model-en_core_web_md=2.2.5=py_0
      - spacy-model-en_core_web_sm=2.2.5=py_0
      - sqlite=3.30.1=hcee41ef_0
      - srsly=1.0.2=py36h831f99a_0
      - tensorboard=2.1.1=py_1
      - tensorflow-base=2.1.0=gpu_py36h6c5654b_0
      - tensorflow-estimator=2.1.0=pyhd54b08b_0
      - tensorflow-gpu=2.1.0=h0d30ee6_0
      - tensorflow=2.1.0=gpu_py36h2e5cdaa_0
      - termcolor=1.1.0=py_2
      - thinc=7.4.0=py36hdb11119_2
      - threadpoolctl=2.0.0=pyh5ca1d4c_0
      - tk=8.6.10=hed695b0_0
      - tornado=6.0.4=py36h8c4c3a4_1
      - tqdm=4.46.0=pyh9f0ad1d_0
      - urllib3=1.25.9=py_0
      - wasabi=0.6.0=py_0
      - werkzeug=1.0.1=pyh9f0ad1d_0
      - wheel=0.34.2=py_1
      - wrapt=1.12.1=py36h8c4c3a4_1
      - xorg-libxau=1.0.9=h14c3975_0
      - xorg-libxdmcp=1.1.3=h516909a_0
      - xz=5.2.5=h516909a_0
      - zipp=3.1.0=py_0
      - zlib=1.2.11=h516909a_1006


