# This is an Anaconda project lock file.
# The lock file locks down exact versions of all your dependencies.
#
# In most cases, this file is automatically maintained by the `anaconda-project` command or GUI tools.
# It's best to keep this file in revision control (such as git or svn).
# The file is in YAML format, please see http://www.yaml.org/start.html for more.
#

#
# Set to false to ignore locked versions.
#
locking_enabled: true

#
# A key goes in here for each env spec.
#
env_specs:
  raxml-ng-1.1.0:
    locked: true
    env_spec_hash: 3d1cd29bc06ecd0f959556db8e6c2fa9f979b931
    platforms:
    - linux-64
    packages:
      linux-64:
      - _libgcc_mutex=0.1=conda_forge
      - _openmp_mutex=4.5=1_gnu
      - gmp=6.2.1=h58526e2_0
      - libgcc-ng=11.2.0=h1d223b6_14
      - libgomp=11.2.0=h1d223b6_14
      - libstdcxx-ng=11.2.0=he4da1e4_14
      - mpi=1.0=openmpi
      - openmpi=4.1.2=external_1000
      - raxml-ng=1.1.0=h22e3c99_1
  raxml-ng-1.0.3:
    locked: true
    env_spec_hash: a2bdd75ecaa46fb8c4c65a2ba81beeb407311ca9
    platforms:
    - linux-64
    packages:
      linux-64:
      - _libgcc_mutex=0.1=conda_forge
      - _openmp_mutex=4.5=1_gnu
      - gmp=6.2.1=h58526e2_0
      - libgcc-ng=11.2.0=h1d223b6_14
      - libgomp=11.2.0=h1d223b6_14
      - libstdcxx-ng=11.2.0=he4da1e4_14
      - mpi=1.0=openmpi
      - openmpi=4.1.2=external_1000
      - raxml-ng=1.0.3=h32fcf60_0
