# This is an Anaconda project lock file.
# The lock file locks down exact versions of all your dependencies.
#
# In most cases, this file is automatically maintained by the `anaconda-project` command or GUI tools.
# It's best to keep this file in revision control (such as git or svn).
# The file is in YAML format, please see http://www.yaml.org/start.html for more.
#

#
# Set to false to ignore locked versions.
#
locking_enabled: true

#
# A key goes in here for each env spec.
#
env_specs:
  haptools-0.4.0:
    locked: true
    env_spec_hash: 719c10b17104073ec08ca5c611ad4833e0dbfa7e
    platforms:
    - linux-64
    packages:
      linux-64:
      - _libgcc_mutex=0.1=conda_forge
      - _openmp_mutex=4.5=2_gnu
      - blas=1.0=openblas
      - brotli-bin=1.0.9=h5eee18b_7
      - brotli=1.0.9=h5eee18b_7
      - bzip2=1.0.8=h5eee18b_5
      - c-ares=1.28.1=hd590300_0
      - ca-certificates=2024.3.11=h06a4308_0
      - click=8.1.7=py310h06a4308_0
      - coloredlogs=15.0.1=py310h06a4308_2
      - contourpy=1.2.0=py310hdb19cb5_0
      - cycler=0.11.0=pyhd3eb1b0_0
      - cyvcf2=0.30.28=py310hcf1fb4a_1
      - fonttools=4.51.0=py310h5eee18b_0
      - freetype=2.12.1=h4a9f257_0
      - haptools=0.4.0=pyhdfd78af_0
      - htslib=1.20=h81da01d_0
      - humanfriendly=10.0=py310h06a4308_1
      - jpeg=9e=h5eee18b_1
      - keyutils=1.6.1=h166bdaf_0
      - kiwisolver=1.4.4=py310h6a678d5_0
      - krb5=1.21.2=h659d440_0
      - lcms2=2.12=h3be6417_0
      - ld_impl_linux-64=2.38=h1181459_1
      - libbrotlicommon=1.0.9=h5eee18b_7
      - libbrotlidec=1.0.9=h5eee18b_7
      - libbrotlienc=1.0.9=h5eee18b_7
      - libcurl=8.7.1=hca28451_0
      - libdeflate=1.18=h0b41bf4_0
      - libedit=3.1.20230828=h5eee18b_0
      - libev=4.33=h7f8727e_1
      - libffi=3.4.4=h6a678d5_0
      - libgcc-ng=13.2.0=hc881cc4_6
      - libgfortran-ng=11.2.0=h00389a5_1
      - libgfortran5=11.2.0=h1234567_1
      - libgomp=13.2.0=hc881cc4_6
      - libnghttp2=1.58.0=h47da74e_1
      - libopenblas=0.3.21=h043d6bf_0
      - libpng=1.6.39=h5eee18b_0
      - libssh2=1.11.0=h0841786_0
      - libstdcxx-ng=13.2.0=h95c4c6d_6
      - libtiff=4.2.0=hecacb30_2
      - libuuid=1.41.5=h5eee18b_0
      - libwebp-base=1.3.2=h5eee18b_0
      - libzlib=1.2.13=hd590300_5
      - lz4-c=1.9.4=h6a678d5_0
      - matplotlib-base=3.8.4=py310h1128e8f_0
      - ncurses=6.4=h6a678d5_0
      - numpy-base=1.26.4=py310h8a23956_0
      - numpy=1.26.4=py310heeff2f4_0
      - openjpeg=2.4.0=h3ad879b_0
      - openssl=3.2.1=hd590300_1
      - packaging=23.2=py310h06a4308_0
      - pgenlib=0.90.2=py310h551a815_0
      - pillow=10.2.0=py310h5eee18b_0
      - pip=23.3.1=py310h06a4308_0
      - pyparsing=3.0.9=py310h06a4308_0
      - pysam=0.22.1=py310h41dec4a_0
      - python-dateutil=2.8.2=pyhd3eb1b0_0
      - python=3.10.14=h955ad1f_0
      - python_abi=3.10=2_cp310
      - readline=8.2=h5eee18b_0
      - setuptools=68.2.2=py310h06a4308_0
      - six=1.16.0=pyhd3eb1b0_1
      - sqlite=3.41.2=h5eee18b_0
      - tk=8.6.12=h1ccaba5_0
      - tzdata=2024a=h04d1e81_0
      - unicodedata2=15.1.0=py310h5eee18b_0
      - wheel=0.41.2=py310h06a4308_0
      - xz=5.4.6=h5eee18b_0
      - zlib=1.2.13=hd590300_5
      - zstd=1.5.5=hc292b87_0
