# This is an Anaconda project lock file.
# The lock file locks down exact versions of all your dependencies.
#
# In most cases, this file is automatically maintained by the `anaconda-project` command or GUI tools.
# It's best to keep this file in revision control (such as git or svn).
# The file is in YAML format, please see http://www.yaml.org/start.html for more.
#

#
# Set to false to ignore locked versions.
locking_enabled: true



#
# A key goes in here for each env spec.
#
env_specs:
  trimmomatic-0.36:
    locked: true
    env_spec_hash: 54de46fd36cb4f889a512637aac2d73bbf372ab9
    platforms:
    - linux-64
    packages:
      linux-64:
      - openjdk=8.0.121=1
      - trimmomatic=0.36=5
  trimmomatic-0.33:
    locked: true
    env_spec_hash: 7022ba19c4c94583a7dd710e38da919540cc6ac1
    platforms:
    - linux-64
    packages:
      linux-64:
      - openjdk=8.0.121=1
      - trimmomatic=0.33=0


  trimmomatic-0.38:
    locked: true
    env_spec_hash: d502b971a025ee07ba14bf4e00ad619a5f828955
    platforms:
    - linux-64
    packages:
      linux-64:
      - bzip2=1.0.6=h470a237_2
      - ca-certificates=2018.8.24=ha4d7672_0
      - certifi=2018.8.24=py36_1
      - libffi=3.2.1=hfc679d8_5
      - libgcc-ng=7.2.0=hdf63c60_3
      - libstdcxx-ng=7.2.0=hdf63c60_3
      - ncurses=6.1=hfc679d8_1
      - openjdk=8.0.121=1
      - openssl=1.0.2p=h470a237_0
      - pip=18.0=py36_1
      - python=3.6.6=h5001a0f_0
      - readline=7.0=haf1bffa_1
      - setuptools=40.2.0=py36_0
      - sqlite=3.24.0=h2f33b56_1
      - tk=8.6.8=0
      - trimmomatic=0.38=1
      - wheel=0.31.1=py36_1
      - xz=5.2.4=h470a237_1
      - zlib=1.2.11=h470a237_3
  trimmomatic-0.39:
    locked: true
    env_spec_hash: 905c18bb8d189797e4103b42f9f3ff8a0ee8631e
    platforms:
    - linux-64
    packages:
      linux-64:
      - _libgcc_mutex=0.1=conda_forge
      - _openmp_mutex=4.5=1_gnu
      - ca-certificates=2020.12.5=ha878542_0
      - certifi=2020.12.5=py39hf3d152e_1
      - ld_impl_linux-64=2.35.1=hea4e1c9_1
      - libffi=3.3=h58526e2_2
      - libgcc-ng=9.3.0=h2828fa1_18
      - libgomp=9.3.0=h2828fa1_18
      - libstdcxx-ng=9.3.0=h6de172a_18
      - ncurses=6.2=h58526e2_4
      - openjdk=10.0.2=h14c3975_1015
      - openssl=1.1.1i=h7f98852_0
      - pip=21.0=pyhd8ed1ab_1
      - python=3.9.1=hffdb5ce_5_cpython
      - python_abi=3.9=1_cp39
      - readline=8.0=he28a2e2_2
      - setuptools=49.6.0=py39hf3d152e_3
      - sqlite=3.34.0=h74cdb3f_0
      - tk=8.6.10=h21135ba_1
      - trimmomatic=0.39=1
      - tzdata=2021a=he74cb21_0
      - wheel=0.36.2=pyhd3deb0d_0
      - xz=5.2.5=h516909a_1
      - zlib=1.2.11=h516909a_1010
