# This is an Anaconda project lock file.
# The lock file locks down exact versions of all your dependencies.
#
# In most cases, this file is automatically maintained by the `anaconda-project` command or GUI tools.
# It's best to keep this file in revision control (such as git or svn).
# The file is in YAML format, please see http://www.yaml.org/start.html for more.
#

#
# Set to false to ignore locked versions.
locking_enabled: true



#
# A key goes in here for each env spec.
#
env_specs:
  trinity-2.5.1:
    locked: true
    env_spec_hash: 81668ba37534d3d1816b0f3be324da328aff9135
    platforms:
    - linux-64
    packages:
      linux-64:
      - bowtie2=2.3.4.1=py36pl5.22.0_0
      - bowtie=1.2.2=py36pl5.22.0_0
      - bzip2=1.0.6=1
      - ca-certificates=2018.4.16=0
      - certifi=2018.4.16=py36_0
      - collectl=4.0.4=pl5.22.0_3
      - curl=7.59.0=1
      - fastool=0.1.4=2
      - jellyfish=2.2.6=0
      - krb5=1.14.6=0
      - libdeflate=0.8=0
      - libgcc-ng=7.2.0=hdf63c60_3
      - libgcc=7.2.0=h69d50b8_2
      - libssh2=1.8.0=2
      - libstdcxx-ng=7.2.0=hdf63c60_3
      - ncurses=5.9=10
      - openjdk=8.0.121=1
      - openssl=1.0.2o=0
      - parafly=r2013_01_21=1
      - perl-app-cpanminus=1.7043=pl5.22.0_0
      - perl-module-build=0.4224=pl5.22.0_0
      - perl=5.22.0.1=0
      - pip=9.0.3=py36_0
      - python=3.6.5=1
      - readline=7.0=0
      - samtools=1.8=3
      - setuptools=39.1.0=py36_0
      - slclust=02022010=2
      - sqlite=3.20.1=2
      - tbb=2018_20171205=0
      - tk=8.6.7=0
      - trimmomatic=0.36=5
      - trinity=2.5.1=1
      - wheel=0.31.0=py36_0
      - xz=5.2.3=0
      - zlib=1.2.11=0
  trinity-2.4.0:
    locked: true
    env_spec_hash: 0e3f3a0c4ee9ea3d7f98b97a753e3a1d5ada3f79
    platforms:
    - linux-64
    packages:
      linux-64:
      - bowtie2=2.3.4.1=py36pl5.22.0_0
      - bowtie=1.2.2=py36pl5.22.0_0
      - bzip2=1.0.6=1
      - ca-certificates=2018.4.16=0
      - certifi=2018.4.16=py36_0
      - collectl=4.0.4=pl5.22.0_3
      - curl=7.59.0=1
      - fastool=0.1.4=2
      - jellyfish=2.2.6=0
      - krb5=1.14.6=0
      - libdeflate=0.8=0
      - libgcc-ng=7.2.0=hdf63c60_3
      - libgcc=7.2.0=h69d50b8_2
      - libssh2=1.8.0=2
      - libstdcxx-ng=7.2.0=hdf63c60_3
      - ncurses=5.9=10
      - openjdk=8.0.121=1
      - openssl=1.0.2o=0
      - parafly=r2013_01_21=1
      - perl-app-cpanminus=1.7043=pl5.22.0_0
      - perl-module-build=0.4224=pl5.22.0_0
      - perl=5.22.0.1=0
      - pip=9.0.3=py36_0
      - python=3.6.5=1
      - readline=7.0=0
      - samtools=1.8=3
      - setuptools=39.1.0=py36_0
      - slclust=02022010=2
      - sqlite=3.20.1=2
      - tbb=2018_20171205=0
      - tk=8.6.7=0
      - trimmomatic=0.36=5
      - trinity=2.4.0=5
      - wheel=0.31.0=py36_0
      - xz=5.2.3=0
      - zlib=1.2.11=0


