# This is an Anaconda project lock file.
# The lock file locks down exact versions of all your dependencies.
#
# In most cases, this file is automatically maintained by the `anaconda-project` command or GUI tools.
# It's best to keep this file in revision control (such as git or svn).
# The file is in YAML format, please see http://www.yaml.org/start.html for more.
#

#
# Set to false to ignore locked versions.
locking_enabled: true



#
# A key goes in here for each env spec.
#
env_specs:
  multiqc-1.6-py35:
    locked: true
    env_spec_hash: 44de143e10fc27d193b3e3dd4119705c99cc2633
    platforms:
    - linux-64
    packages:
      linux-64:
      - asn1crypto=0.24.0=py35_3
      - blas=1.0=mkl
      - bzip2=1.0.6=h14c3975_1002
      - ca-certificates=2019.3.9=hecc5488_0
      - certifi=2018.8.24=py35_1001
      - cffi=1.11.5=py35h5e8e0c9_1
      - chardet=3.0.4=py35_3
      - click=7.0=py_0
      - colormath=3.0.0=py_2
      - cryptography-vectors=2.3.1=py35_0
      - cryptography=2.3.1=py35hdffb7b8_0
      - cycler=0.10.0=py_1
      - dbus=1.13.0=h4e0c4b3_1000
      - decorator=4.4.0=py_0
      - expat=2.2.5=hf484d3e_1002
      - fontconfig=2.13.0=hd36ec8e_5
      - freetype=2.8.1=hfa320df_1
      - future=0.16.0=py35_2
      - gettext=0.19.8.1=hc5be6a0_1002
      - glib=2.56.2=had28632_1001
      - gst-plugins-base=1.12.5=h3865690_1000
      - gstreamer=1.12.5=h0cc0488_1000
      - icu=58.2=hf484d3e_1000
      - idna=2.7=py35_2
      - intel-openmp=2019.4=243
      - jinja2=2.10.1=py_0
      - jpeg=9c=h14c3975_1001
      - kiwisolver=1.0.1=py35h2d50403_2
      - libffi=3.2.1=he1b5a44_1006
      - libgcc-ng=8.2.0=hdf63c60_1
      - libgfortran-ng=7.3.0=hdf63c60_0
      - libiconv=1.15=h516909a_1005
      - libpng=1.6.37=hed695b0_0
      - libstdcxx-ng=8.2.0=hdf63c60_1
      - libuuid=2.32.1=h14c3975_1000
      - libxcb=1.13=h14c3975_1002
      - libxml2=2.9.9=h13577e0_0
      - lzstring=1.0.4=py_1001
      - markdown=2.6.11=py_0
      - markupsafe=1.0=py35h470a237_1
      - matplotlib=2.2.2=py35h0e671d2_0
      - mkl=2018.0.3=1
      - mkl_fft=1.0.9=py35_0
      - mkl_random=1.0.1=py35_0
      - multiqc=1.6=py35h24bf2e0_0
      - ncurses=6.1=hf484d3e_1002
      - networkx=2.3=py_0
      - numpy-base=1.15.2=py35h81de0dd_0
      - numpy=1.15.2=py35h1d66e8a_0
      - openssl=1.0.2r=h14c3975_0
      - pcre=8.41=hf484d3e_1003
      - pip=18.0=py35_1001
      - pthread-stubs=0.4=h14c3975_1001
      - pycparser=2.19=py_0
      - pyopenssl=18.0.0=py35_0
      - pyparsing=2.4.0=py_0
      - pyqt=5.6.0=py35h8210e8a_7
      - pysocks=1.6.8=py35_2
      - python-dateutil=2.8.0=py_0
      - python=3.5.5=h5001a0f_2
      - pytz=2019.1=py_0
      - pyyaml=3.13=py35h470a237_1
      - qt=5.6.2=h974d657_12
      - readline=7.0=hf8c457e_1001
      - requests=2.19.1=py35_1
      - setuptools=40.4.3=py35_0
      - simplejson=3.16.1=py35h470a237_0
      - sip=4.18.1=py35hfc679d8_0
      - six=1.11.0=py35_1
      - spectra=0.0.11=py_1
      - sqlite=3.28.0=h8b20d00_0
      - tk=8.6.9=hed695b0_1002
      - tornado=5.1.1=py35h470a237_0
      - urllib3=1.23=py35_1
      - wheel=0.32.0=py35_1000
      - xorg-libxau=1.0.9=h14c3975_0
      - xorg-libxdmcp=1.1.3=h516909a_0
      - xz=5.2.4=h14c3975_1001
      - yaml=0.1.7=h14c3975_1001
      - zlib=1.2.11=h14c3975_1004
  multiqc-1.6-py36:
    locked: true
    env_spec_hash: b7e58fc794dd1601c4cc787b05a9b09fdafb9cf9
    platforms:
    - linux-64
    packages:
      linux-64:
      - asn1crypto=0.24.0=py36_1003
      - ca-certificates=2019.3.9=hecc5488_0
      - certifi=2019.3.9=py36_0
      - cffi=1.12.3=py36h8022711_0
      - chardet=3.0.4=py36_1003
      - click=7.0=py_0
      - colormath=3.0.0=py_2
      - cryptography=2.7=py36h72c5cf5_0
      - cycler=0.10.0=py_1
      - dbus=1.13.6=he372182_0
      - decorator=4.4.0=py_0
      - expat=2.2.5=hf484d3e_1002
      - fontconfig=2.13.1=he4413a7_1000
      - freetype=2.10.0=he983fc9_0
      - future=0.17.1=py36_1000
      - gettext=0.19.8.1=hc5be6a0_1002
      - glib=2.58.3=hf63aee3_1001
      - gst-plugins-base=1.14.5=h0935bb2_0
      - gstreamer=1.14.5=h36ae1b5_0
      - icu=58.2=hf484d3e_1000
      - idna=2.8=py36_1000
      - jinja2=2.10.1=py_0
      - jpeg=9c=h14c3975_1001
      - kiwisolver=1.1.0=py36hc9558a2_0
      - libblas=3.8.0=7_openblas
      - libcblas=3.8.0=7_openblas
      - libffi=3.2.1=he1b5a44_1006
      - libgcc-ng=8.2.0=hdf63c60_1
      - libgfortran=3.0.0=1
      - libiconv=1.15=h516909a_1005
      - liblapack=3.8.0=7_openblas
      - libpng=1.6.37=hed695b0_0
      - libstdcxx-ng=8.2.0=hdf63c60_1
      - libuuid=2.32.1=h14c3975_1000
      - libxcb=1.13=h14c3975_1002
      - libxml2=2.9.9=h13577e0_0
      - lzstring=1.0.4=py_1001
      - markdown=2.6.11=py_0
      - markupsafe=1.1.1=py36h14c3975_0
      - matplotlib-base=3.1.0=py36hfd891ef_1
      - matplotlib=3.1.0=py36_1
      - multiqc=1.6=py36h24bf2e0_0
      - ncurses=6.1=hf484d3e_1002
      - networkx=2.3=py_0
      - numpy=1.16.4=py36h95a1406_0
      - openblas=0.3.5=ha44fe06_0
      - openssl=1.1.1b=h14c3975_1
      - pcre=8.41=hf484d3e_1003
      - pip=19.1.1=py36_0
      - pthread-stubs=0.4=h14c3975_1001
      - pycparser=2.19=py36_1
      - pyopenssl=19.0.0=py36_0
      - pyparsing=2.4.0=py_0
      - pyqt=5.9.2=py36hcca6a23_0
      - pysocks=1.7.0=py36_0
      - python-dateutil=2.8.0=py_0
      - python=3.6.7=h381d211_1004
      - pyyaml=5.1.1=py36h516909a_0
      - qt=5.9.7=h52cfd70_2
      - readline=7.0=hf8c457e_1001
      - requests=2.22.0=py36_0
      - setuptools=41.0.1=py36_0
      - simplejson=3.16.1=py36h470a237_0
      - sip=4.19.8=py36hf484d3e_1000
      - six=1.12.0=py36_1000
      - spectra=0.0.11=py_1
      - sqlite=3.28.0=h8b20d00_0
      - tk=8.6.9=hed695b0_1002
      - tornado=6.0.2=py36h516909a_0
      - urllib3=1.24.3=py36_0
      - wheel=0.33.4=py36_0
      - xorg-libxau=1.0.9=h14c3975_0
      - xorg-libxdmcp=1.1.3=h516909a_0
      - xz=5.2.4=h14c3975_1001
      - yaml=0.1.7=h14c3975_1001
      - zlib=1.2.11=h14c3975_1004
  multiqc-1.6-py27:
    locked: true
    env_spec_hash: c4567f2bbd65723ed1ce1390f7450e0c7e4a170b
    platforms:
    - linux-64
    packages:
      linux-64:
      - asn1crypto=0.24.0=py27_1003
      - backports.functools_lru_cache=1.5=py_1
      - backports=1.0=py_2
      - backports_abc=0.5=py_1
      - ca-certificates=2019.3.9=hecc5488_0
      - certifi=2019.3.9=py27_0
      - cffi=1.12.3=py27h8022711_0
      - chardet=3.0.4=py27_1003
      - click=7.0=py_0
      - colormath=3.0.0=py_2
      - cryptography=2.7=py27h72c5cf5_0
      - cycler=0.10.0=py_1
      - dbus=1.13.6=he372182_0
      - decorator=4.4.0=py_0
      - enum34=1.1.6=py27_1001
      - expat=2.2.5=hf484d3e_1002
      - fontconfig=2.13.1=he4413a7_1000
      - freetype=2.10.0=he983fc9_0
      - functools32=3.2.3.2=py_3
      - future=0.17.1=py27_1000
      - futures=3.2.0=py27_1000
      - gettext=0.19.8.1=hc5be6a0_1002
      - glib=2.58.3=hf63aee3_1001
      - gst-plugins-base=1.14.5=h0935bb2_0
      - gstreamer=1.14.5=h36ae1b5_0
      - icu=58.2=hf484d3e_1000
      - idna=2.8=py27_1000
      - ipaddress=1.0.22=py_1
      - jinja2=2.10.1=py_0
      - jpeg=9c=h14c3975_1001
      - kiwisolver=1.1.0=py27hc9558a2_0
      - libblas=3.8.0=7_openblas
      - libcblas=3.8.0=7_openblas
      - libffi=3.2.1=he1b5a44_1006
      - libgcc-ng=8.2.0=hdf63c60_1
      - libgfortran=3.0.0=1
      - libiconv=1.15=h516909a_1005
      - liblapack=3.8.0=7_openblas
      - libpng=1.6.37=hed695b0_0
      - libstdcxx-ng=8.2.0=hdf63c60_1
      - libuuid=2.32.1=h14c3975_1000
      - libxcb=1.13=h14c3975_1002
      - libxml2=2.9.9=h13577e0_0
      - lzstring=1.0.4=py_1001
      - markdown=2.6.11=py_0
      - markupsafe=1.1.1=py27h14c3975_0
      - matplotlib=2.2.3=py27hb69df0a_0
      - multiqc=1.6=py27h24bf2e0_0
      - ncurses=6.1=hf484d3e_1002
      - networkx=2.2=py_1
      - numpy=1.16.4=py27h95a1406_0
      - openblas=0.3.5=ha44fe06_0
      - openssl=1.1.1b=h14c3975_1
      - pcre=8.41=hf484d3e_1003
      - pip=19.1.1=py27_0
      - pthread-stubs=0.4=h14c3975_1001
      - pycparser=2.19=py27_1
      - pyopenssl=19.0.0=py27_0
      - pyparsing=2.4.0=py_0
      - pyqt=5.9.2=py27hcca6a23_0
      - pysocks=1.7.0=py27_0
      - python-dateutil=2.8.0=py_0
      - python=2.7.15=h721da81_1008
      - pytz=2019.1=py_0
      - pyyaml=5.1.1=py27h516909a_0
      - qt=5.9.7=h52cfd70_2
      - readline=7.0=hf8c457e_1001
      - requests=2.22.0=py27_0
      - setuptools=41.0.1=py27_0
      - simplejson=3.16.1=py27h470a237_0
      - singledispatch=3.4.0.3=py27_1000
      - sip=4.19.8=py27hf484d3e_1000
      - six=1.12.0=py27_1000
      - spectra=0.0.11=py_1
      - sqlite=3.28.0=h8b20d00_0
      - subprocess32=3.5.4=py27h516909a_0
      - tk=8.6.9=hed695b0_1002
      - tornado=5.1.1=py27h14c3975_1000
      - urllib3=1.24.3=py27_0
      - wheel=0.33.4=py27_0
      - xorg-libxau=1.0.9=h14c3975_0
      - xorg-libxdmcp=1.1.3=h516909a_0
      - xz=5.2.4=h14c3975_1001
      - yaml=0.1.7=h14c3975_1001
      - zlib=1.2.11=h14c3975_1004
