# This is an Anaconda project lock file.
# The lock file locks down exact versions of all your dependencies.
#
# In most cases, this file is automatically maintained by the `anaconda-project` command or GUI tools.
# It's best to keep this file in revision control (such as git or svn).
# The file is in YAML format, please see http://www.yaml.org/start.html for more.
#

#
# Set to false to ignore locked versions.
#
locking_enabled: true

#
# A key goes in here for each env spec.
#
env_specs:
  antismash-6.1.0:
    locked: true
    env_spec_hash: 717185c67ceb9cf115ccaf40675350ff709bf585
    platforms:
    - linux-64
    packages:
      linux-64:
      - _libgcc_mutex=0.1=conda_forge
      - _openmp_mutex=4.5=1_gnu
      - antismash=6.1.0=pyhdfd78af_0
      - attrs=21.4.0=pyhd8ed1ab_0
      - bcbio-gff=0.6.9=pyh5e36f6f_0
      - biopython=1.78=py38h497a2fe_2
      - blast=2.12.0=hf3cf87c_4
      - boost-cpp=1.70.0=h8e57a91_2
      - brotli-bin=1.0.9=h166bdaf_7
      - brotli=1.0.9=h166bdaf_7
      - bx-python=0.8.13=py38h616c765_1
      - bzip2=1.0.8=h7f98852_4
      - c-ares=1.18.1=h7f98852_0
      - ca-certificates=2021.10.8=ha878542_0
      - certifi=2021.10.8=py38h578d9bd_2
      - curl=7.82.0=h2283fc2_0
      - cycler=0.11.0=pyhd8ed1ab_0
      - diamond=0.9.36=h56fc30b_0
      - entrez-direct=16.2=he881be0_0
      - expat=2.2.10=h9c3ff4c_0
      - fasttree=2.1.11=hec16e2b_1
      - fonttools=4.33.0=py38h0a891b7_0
      - freetype=2.10.4=h0708190_1
      - ghostscript=9.54.0=h27087fc_2
      - giflib=5.2.1=h36c2ea0_2
      - glimmerhmm=3.0.4=pl526hf484d3e_3
      - helperlibs=0.2.1=py_0
      - hmmer2=2.3.2=hec16e2b_7
      - hmmer=3.1b2=3
      - icu=64.2=he1b5a44_1
      - importlib-metadata=4.11.3=py38h578d9bd_1
      - importlib_resources=5.7.1=pyhd8ed1ab_0
      - jbig=2.1=h7f98852_2003
      - jinja2=3.1.1=pyhd8ed1ab_0
      - joblib=1.1.0=pyhd8ed1ab_0
      - jpeg=9e=h166bdaf_1
      - jsonschema=4.4.0=pyhd8ed1ab_0
      - keyutils=1.6.1=h166bdaf_0
      - kiwisolver=1.4.2=py38h43d8883_1
      - krb5=1.19.3=h08a2579_0
      - lcms2=2.12=hddcbb42_0
      - ld_impl_linux-64=2.36.1=hea4e1c9_2
      - lerc=3.0=h9c3ff4c_0
      - libblas=3.9.0=14_linux64_openblas
      - libbrotlicommon=1.0.9=h166bdaf_7
      - libbrotlidec=1.0.9=h166bdaf_7
      - libbrotlienc=1.0.9=h166bdaf_7
      - libcblas=3.9.0=14_linux64_openblas
      - libcurl=7.82.0=h2283fc2_0
      - libdeflate=1.10=h7f98852_0
      - libedit=3.1.20191231=he28a2e2_2
      - libev=4.33=h516909a_1
      - libffi=3.4.2=h7f98852_5
      - libgcc-ng=11.2.0=h1d223b6_15
      - libgfortran-ng=11.2.0=h69a702a_15
      - libgfortran5=11.2.0=h5c6108e_15
      - libgomp=11.2.0=h1d223b6_15
      - libiconv=1.16=h516909a_0
      - libimagequant=2.15.1=h7f98852_0
      - liblapack=3.9.0=14_linux64_openblas
      - libnghttp2=1.47.0=he49606f_0
      - libnsl=2.0.0=h7f98852_0
      - libopenblas=0.3.20=pthreads_h78a6416_0
      - libpng=1.6.37=h21135ba_2
      - libssh2=1.10.0=ha35d2d1_2
      - libstdcxx-ng=11.2.0=he4da1e4_15
      - libtiff=4.3.0=h542a066_3
      - libuuid=2.32.1=h7f98852_1000
      - libwebp-base=1.2.2=h7f98852_1
      - libwebp=1.2.2=h3452ae3_0
      - libxcb=1.13=h7f98852_1004
      - libxml2=2.9.10=hee79883_0
      - libxslt=1.1.33=h31b3aaa_0
      - libzlib=1.2.11=h166bdaf_1014
      - lz4-c=1.9.3=h9c3ff4c_1
      - lzo=2.10=h516909a_1000
      - markupsafe=2.1.1=py38h0a891b7_1
      - matplotlib-base=3.5.1=py38hf4fb855_0
      - meme=4.11.2=py38pl526hda4a46b_6
      - munkres=1.1.4=pyh9f0ad1d_0
      - muscle=3.8.1551=h7d875b9_6
      - ncurses=6.3=h27087fc_1
      - numpy=1.22.3=py38h1d589f8_2
      - openjdk=11.0.1=h516909a_1016
      - openjpeg=2.4.0=hb52868f_1
      - openssl=3.0.2=h166bdaf_1
      - packaging=21.3=pyhd8ed1ab_0
      - pcre=8.45=h9c3ff4c_0
      - perl-app-cpanminus=1.7044=pl526_1
      - perl-archive-tar=2.32=pl526_0
      - perl-base=2.23=pl526_1
      - perl-carp=1.38=pl526_3
      - perl-cgi=4.44=pl526h14c3975_1
      - perl-common-sense=3.74=pl526_2
      - perl-compress-raw-bzip2=2.087=pl526he1b5a44_0
      - perl-compress-raw-zlib=2.087=pl526hc9558a2_0
      - perl-constant=1.33=pl526_1
      - perl-encode=2.88=pl526_1
      - perl-exporter-tiny=1.002001=pl526_0
      - perl-exporter=5.72=pl526_1
      - perl-extutils-makemaker=7.36=pl526_1
      - perl-file-path=2.16=pl526_0
      - perl-file-temp=0.2304=pl526_2
      - perl-html-parser=3.72=pl526h6bb024c_5
      - perl-html-tagset=3.20=pl526_3
      - perl-html-template=2.97=pl526_1
      - perl-io-compress=2.087=pl526he1b5a44_0
      - perl-io-zlib=1.10=pl526_2
      - perl-json-xs=2.34=pl526h6bb024c_3
      - perl-json=4.02=pl526_0
      - perl-list-moreutils-xs=0.428=pl526_0
      - perl-list-moreutils=0.428=pl526_1
      - perl-parent=0.236=pl526_1
      - perl-pathtools=3.75=pl526h14c3975_1
      - perl-scalar-list-utils=1.52=pl526h516909a_0
      - perl-types-serialiser=1.0=pl526_2
      - perl-xml-namespacesupport=1.12=pl526_0
      - perl-xml-parser=2.44_01=pl526ha1d75be_1002
      - perl-xml-sax-base=1.09=pl526_0
      - perl-xml-sax-expat=0.51=pl526_3
      - perl-xml-sax=1.02=pl526_0
      - perl-xml-simple=2.25=pl526_1
      - perl-xsloader=0.24=pl526_0
      - perl-yaml=1.29=pl526_0
      - perl=5.26.2=h36c2ea0_1008
      - pillow=8.3.1=py38heb63a30_1000
      - pip=22.0.4=pyhd8ed1ab_0
      - prodigal=2.6.3=hec16e2b_4
      - pthread-stubs=0.4=h36c2ea0_1001
      - pyparsing=3.0.8=pyhd8ed1ab_0
      - pyrsistent=0.18.1=py38h0a891b7_1
      - pyscss=1.4.0=py38h693b16e_2
      - pysvg-py3=0.2.2.post3=py38h578d9bd_5
      - python-dateutil=2.8.2=pyhd8ed1ab_0
      - python-lzo=1.14=py38hfcccf64_1
      - python=3.8.13=ha86cf86_0_cpython
      - python_abi=3.8=2_cp38
      - readline=8.1=h46c0cb4_0
      - scikit-learn=1.0.2=py38h1561384_0
      - scipy=1.8.0=py38h56a6a73_1
      - setuptools=62.1.0=py38h578d9bd_0
      - six=1.16.0=pyh6c4a22f_0
      - sqlite=3.38.2=h4ff8645_0
      - threadpoolctl=3.1.0=pyh8a188c0_0
      - tk=8.6.12=h27826a3_0
      - unicodedata2=14.0.0=py38h0a891b7_1
      - wheel=0.37.1=pyhd8ed1ab_0
      - xorg-libxau=1.0.9=h7f98852_0
      - xorg-libxdmcp=1.1.3=h7f98852_0
      - xz=5.2.5=h516909a_1
      - yaml=0.2.5=h7f98852_2
      - zipp=3.8.0=pyhd8ed1ab_0
      - zlib=1.2.11=h166bdaf_1014
      - zstd=1.5.2=ha95c52a_0
  antismash-8.0.2:
    locked: true
    env_spec_hash: 9139fc2a195cf1f5e3b8a998f44591ad2a72576b
    platforms:
    - linux-64
    packages:
      linux-64:
      - _libgcc_mutex=0.1=main
      - _openmp_mutex=5.1=1_gnu
      - antismash=8.0.2=pyhdfd78af_0
      - aom=3.6.0=h6a678d5_0
      - attrs=24.3.0=py311h06a4308_0
      - bcbio-gff=0.7.1=pyhdfd78af_3
      - biopython=1.81=py311h459d7ec_1
      - blas-devel=3.9.0=31_h1ea3ea9_openblas
      - blas=2.131=openblas
      - blast=2.16.0=hc155240_3
      - brawn=1.0.2=pyhdfd78af_0
      - brotli-python=1.0.9=py311h6a678d5_9
      - bx-python=0.13.0=py311hc849397_0
      - bzip2=1.0.8=h5eee18b_6
      - c-ares=1.19.1=h5eee18b_0
      - ca-certificates=2025.2.25=h06a4308_0
      - cairo=1.16.0=he5ede1b_6
      - contourpy=1.3.1=py311hdb19cb5_0
      - curl=8.14.1=h14366f7_1
      - cycler=0.11.0=pyhd3eb1b0_0
      - dav1d=1.2.1=h5eee18b_0
      - diamond=2.1.10=h43eeafb_2
      - entrez-direct=22.4=he881be0_0
      - expat=2.7.1=h6a678d5_0
      - fasttree=2.1.11=h7b50bb2_5
      - fontconfig=2.14.1=h55d465d_3
      - fonttools=4.55.3=py311h5eee18b_0
      - freetype=2.13.3=h4a9f257_0
      - fribidi=1.0.10=h7b6447c_0
      - gettext=0.21.0=hedfda30_2
      - graphite2=1.3.14=h295c915_1
      - harfbuzz=10.2.0=hdfddeaa_1
      - helperlibs=0.2.1=py_0
      - hmmer2=2.3.2=h7b50bb2_11
      - hmmer=3.4=h503566f_3
      - icu=73.1=h6a678d5_0
      - importlib-metadata=8.5.0=py311h06a4308_0
      - importlib_resources=6.4.0=py311h06a4308_0
      - jinja2=3.1.6=py311h06a4308_0
      - joblib=1.4.2=py311h06a4308_0
      - jpeg=9e=h5eee18b_3
      - jsonschema=4.14.0=pyhd8ed1ab_0
      - kiwisolver=1.4.8=py311h6a678d5_0
      - lcms2=2.16=h92b89f2_1
      - ld_impl_linux-64=2.40=h12ee557_0
      - lerc=4.0.0=h6a678d5_0
      - libavif=1.1.1=h5eee18b_0
      - libblas=3.9.0=31_h59b9bed_openblas
      - libcblas=3.9.0=31_he106b2a_openblas
      - libcurl=8.14.1=hc1efc7f_1
      - libdeflate=1.22=h5eee18b_0
      - libev=4.33=h7f8727e_1
      - libffi=3.4.4=h6a678d5_1
      - libgcc-ng=15.1.0=h69a702a_4
      - libgcc=15.1.0=h767d61c_4
      - libgfortran-ng=7.5.0=ha8ba4b0_17
      - libgfortran4=7.5.0=ha8ba4b0_17
      - libgfortran5=15.1.0=hcea5267_4
      - libglib=2.84.2=h37c7471_0
      - libgomp=15.1.0=h767d61c_4
      - libiconv=1.16=h5eee18b_3
      - libidn2=2.3.4=h5eee18b_0
      - liblapack=3.9.0=31_h7ac8fdf_openblas
      - liblapacke=3.9.0=31_he2f377e_openblas
      - libnghttp2=1.57.0=h2d74bed_0
      - libnsl=2.0.0=h5eee18b_0
      - libopenblas=0.3.29=ha39b09d_0
      - libpng=1.6.39=h5eee18b_0
      - libsass=0.22.0=py311hfdbb021_2
      - libsqlite=3.46.0=hde9e2c9_0
      - libssh2=1.11.1=h251f7ec_0
      - libstdcxx-ng=11.2.0=h1234567_1
      - libstdcxx=15.1.0=h8f9b012_4
      - libtiff=4.7.0=hde9077f_0
      - libunistring=0.9.10=h27cfd23_0
      - libuuid=1.41.5=h5eee18b_0
      - libwebp-base=1.3.2=h5eee18b_1
      - libxcb=1.17.0=h9b100fa_0
      - libxml2=2.13.8=hfdd30dd_0
      - libzlib=1.2.13=h4ab18f5_6
      - lz4-c=1.9.4=h6a678d5_1
      - markupsafe=3.0.2=py311h5eee18b_0
      - matplotlib-base=3.10.1=py311h2b939e6_0
      - moods=1.9.4.2=py311he264feb_3
      - mpi=1.0=openmpi
      - ncbi-vdb=3.2.1=h9948957_0
      - ncurses=6.5=h7934f7d_0
      - nomkl=3.0=0
      - nrpys=0.1.1=pyha8f3691_3
      - numpy=2.2.5=py311h5d046bc_0
      - openblas-devel=0.3.29=ha39b09d_0
      - openblas=0.3.29=h06a4308_0
      - openjpeg=2.5.2=h0d4d230_1
      - openmpi=4.0.2=hb1b8bf9_1
      - openssl=3.0.17=h5eee18b_0
      - orjson=3.10.16=py311h9e33e62_0
      - packaging=25.0=py311h06a4308_0
      - pcre2=10.42=hebb0a14_1
      - perl-archive-tar=3.04=pl5321hdfd78af_0
      - perl-carp=1.50=pl5321hd8ed1ab_0
      - perl-common-sense=3.75=pl5321hd8ed1ab_0
      - perl-compress-raw-bzip2=2.201=pl5321hbf60520_1
      - perl-compress-raw-zlib=2.202=pl5321hadc24fc_0
      - perl-encode=3.21=pl5321hb9d3cd8_1
      - perl-exporter-tiny=1.002002=pl5321hd8ed1ab_0
      - perl-exporter=5.74=pl5321hd8ed1ab_0
      - perl-extutils-makemaker=7.70=pl5321hd8ed1ab_0
      - perl-io-compress=2.201=pl5321h503566f_5
      - perl-io-zlib=1.15=pl5321hdfd78af_1
      - perl-json-xs=4.03=pl5321h9948957_4
      - perl-json=4.10=pl5321hdfd78af_1
      - perl-list-moreutils-xs=0.430=pl5321h7b50bb2_5
      - perl-list-moreutils=0.430=pl5321hdfd78af_0
      - perl-parent=0.243=pl5321hd8ed1ab_0
      - perl-pathtools=3.75=pl5321hb9d3cd8_2
      - perl-scalar-list-utils=1.70=pl5321hb03c661_0
      - perl-storable=3.15=pl5321hb9d3cd8_2
      - perl-types-serialiser=1.01=pl5321hdfd78af_0
      - perl=5.32.1=0_h5eee18b_perl5
      - pillow=11.3.0=py311hb1c3d2d_0
      - pip=25.1=pyhc872135_2
      - pixman=0.40.0=h7f8727e_1
      - pkgutil-resolve-name=1.3.10=py311h06a4308_1
      - prodigal=2.6.3=h7b50bb2_10
      - pthread-stubs=0.3=h0ce48e5_1
      - pyparsing=3.2.0=py311h06a4308_0
      - pyrsistent=0.20.0=py311h5eee18b_1
      - python-dateutil=2.9.0post0=py311h06a4308_2
      - python=3.11.13=h1a3bd86_0
      - python_abi=3.11=2_cp311
      - qhull=2020.2=hdb19cb5_2
      - readline=8.2=h5eee18b_0
      - rpsbproc=0.5.0=h6a68c12_1
      - scikit-learn=1.6.1=py311h6a678d5_0
      - scipy=1.15.2=py311h210a465_1
      - setuptools=78.1.1=py311h06a4308_0
      - six=1.17.0=py311h06a4308_0
      - sqlite=3.50.2=hb25bd0a_1
      - threadpoolctl=3.5.0=py311h92b7b1e_0
      - tk=8.6.14=h993c535_1
      - tzdata=2025b=h04d1e81_0
      - unicodedata2=15.1.0=py311h5eee18b_1
      - wget=1.25.0=h251f7ec_0
      - wheel=0.45.1=py311h06a4308_0
      - xorg-libx11=1.8.12=h9b100fa_1
      - xorg-libxau=1.0.12=h9b100fa_0
      - xorg-libxdmcp=1.1.5=h9b100fa_0
      - xorg-libxext=1.3.6=h9b100fa_0
      - xorg-libxrender=0.9.12=h9b100fa_0
      - xorg-xorgproto=2024.1=h5eee18b_1
      - xz=5.6.4=h5eee18b_1
      - zipp=3.21.0=py311h06a4308_0
      - zlib=1.2.13=h4ab18f5_6
      - zstd=1.5.6=hc292b87_0
