# This is an Anaconda project lock file.
# The lock file locks down exact versions of all your dependencies.
#
# In most cases, this file is automatically maintained by the `anaconda-project` command or GUI tools.
# It's best to keep this file in revision control (such as git or svn).
# The file is in YAML format, please see http://www.yaml.org/start.html for more.
#

#
# Set to false to ignore locked versions.
locking_enabled: true



#
# A key goes in here for each env spec.
#
env_specs:
  amos-3.1.0:
    locked: true
    env_spec_hash: 51cadb18ca0b04a91c0cbe1e401182af7cd49824
    platforms:
    - linux-64
    packages:
      linux-64:
      - amos=3.1.0=py35_3
      - bzip2=1.0.6=h14c3975_1002
      - ca-certificates=2019.6.16=hecc5488_0
      - certifi=2018.8.24=py35_1001
      - expat=2.2.5=he1b5a44_1003
      - jellyfish=0.6.1=py35_0
      - libffi=3.2.1=he1b5a44_1006
      - libgcc-ng=9.1.0=hdf63c60_0
      - libstdcxx-ng=9.1.0=hdf63c60_0
      - mummer=3.23=pl526_8
      - ncurses=6.1=hf484d3e_1002
      - openssl=1.0.2r=h14c3975_0
      - perl-dbi=1.642=pl526_0
      - perl-exporter-tiny=1.002001=pl526_0
      - perl-list-moreutils-xs=0.428=pl526_0
      - perl-list-moreutils=0.428=pl526_1
      - perl-statistics-descriptive=3.0702=pl526_0
      - perl-threaded=5.26.0=0
      - perl-xml-parser=2.44_01=pl526ha1d75be_1002
      - perl-xsloader=0.24=pl526_0
      - perl=5.26.2=h516909a_1006
      - pip=18.0=py35_1001
      - python=3.5.5=h5001a0f_2
      - readline=7.0=hf8c457e_1001
      - setuptools=40.4.3=py35_0
      - sqlite=3.28.0=h8b20d00_0
      - tk=8.6.9=hed695b0_1002
      - wheel=0.32.0=py35_1000
      - xz=5.2.4=h14c3975_1001
      - zlib=1.2.11=h14c3975_1004


