# This is an Anaconda project lock file.
# The lock file locks down exact versions of all your dependencies.
#
# In most cases, this file is automatically maintained by the `anaconda-project` command or GUI tools.
# It's best to keep this file in revision control (such as git or svn).
# The file is in YAML format, please see http://www.yaml.org/start.html for more.
#

#
# Set to false to ignore locked versions.
#
locking_enabled: true

#
# A key goes in here for each env spec.
#
env_specs:
  r-gapit-3.5.0:
    locked: true
    env_spec_hash: a93867123149f645a4d41377d25efbebc31a676f
    platforms:
    - linux-64
    packages:
      linux-64:
      - _libgcc_mutex=0.1=main
      - _openmp_mutex=5.1=1_gnu
      - _r-mutex=1.0.0=anacondar_1
      - binutils_impl_linux-64=2.44=h4b9a079_2
      - bioconductor-biobase=2.66.0=r44h3df3fcb_0
      - bioconductor-biocgenerics=0.52.0=r44hdfd78af_3
      - bioconductor-multtest=2.62.0=r44h3df3fcb_1
      - blas-devel=3.11.0=5_h1ea3ea9_openblas
      - blas=2.305=openblas
      - bwidget=1.10.1=h9eba36c_0
      - bzip2=1.0.8=h5eee18b_6
      - c-ares=1.34.6=hd44998d_0
      - ca-certificates=2025.12.2=h06a4308_0
      - cairo=1.18.4=h44eff21_0
      - curl=8.18.0=h2d051e9_0
      - expat=2.7.4=h7354ed3_0
      - font-ttf-dejavu-sans-mono=2.37=hd3eb1b0_0
      - font-ttf-inconsolata=2.001=hcb22688_0
      - font-ttf-source-code-pro=2.030=hd3eb1b0_0
      - font-ttf-ubuntu=0.83=h8b1ccd4_0
      - fontconfig=2.17.1=h27c8c51_0
      - fonts-anaconda=1=h8fa9717_0
      - fonts-conda-ecosystem=1=hd3eb1b0_0
      - freetype=2.14.1=hf5b9546_0
      - fribidi=1.0.16=h9fb5f84_0
      - gcc_impl_linux-64=15.2.0=h36674fd_7
      - gettext=0.21.0=hedfda30_2
      - gfortran_impl_linux-64=15.2.0=h9a99ed0_7
      - graphite2=1.3.14=h295c915_1
      - gsl=2.7.1=h6e86dc7_1
      - gxx_impl_linux-64=15.2.0=h6e002af_7
      - harfbuzz=12.2.0=h15599e2_0
      - icu=75.1=he02047a_0
      - jansson=2.14=h5eee18b_1
      - kernel-headers_linux-64=4.18.0=h3108a97_1
      - ld_impl_linux-64=2.44=h153f514_2
      - lerc=4.0.0=h6a678d5_0
      - libblas=3.11.0=5_h4a7cf45_openblas
      - libbrotlicommon=1.2.0=h32cd6e7_0
      - libbrotlidec=1.2.0=ha2c5f68_0
      - libbrotlienc=1.2.0=h2e96acb_0
      - libcblas=3.11.0=5_h0358290_openblas
      - libcurl=8.18.0=h3506a8c_0
      - libdeflate=1.25=h17f619e_0
      - libdrm=2.4.124=h5eee18b_0
      - libegl=1.7.0=h5eee18b_2
      - libev=4.33=h7f8727e_1
      - libexpat=2.7.4=h7354ed3_0
      - libffi=3.5.2=h3435931_0
      - libfreetype6=2.14.1=h73754d4_0
      - libfreetype=2.14.1=ha770c72_0
      - libgcc-devel_linux-64=15.2.0=hcb64138_107
      - libgcc-ng=15.2.0=h166f726_7
      - libgcc=15.2.0=h69a1729_7
      - libgfortran-ng=15.2.0=h166f726_7
      - libgfortran5=15.2.0=hc633d37_7
      - libgfortran=15.2.0=h166f726_7
      - libgl=1.7.0=h5eee18b_2
      - libglib=2.86.4=h6548e54_1
      - libglu=9.0.3=h60c0c69_1
      - libglvnd=1.7.0=h5eee18b_2
      - libglx=1.7.0=h5eee18b_2
      - libgomp=15.2.0=h4751f2c_7
      - libiconv=1.18=h75a1612_0
      - libidn2=2.3.8=hf80d704_0
      - libjpeg-turbo=3.1.3=h47b2149_0
      - libkrb5=1.22.1=h6d2bf13_0
      - liblapack=3.11.0=5_h47877c9_openblas
      - liblapacke=3.11.0=5_h6ae95b6_openblas
      - liblzma-devel=5.8.2=hb03c661_0
      - liblzma=5.8.2=hb03c661_0
      - libmpdec=4.0.0=h5eee18b_0
      - libnghttp2=1.67.1=h697f920_0
      - libopenblas=0.3.30=h46f56fc_2
      - libpciaccess=0.18=h5eee18b_0
      - libpng=1.6.54=hee55ce4_0
      - libsanitizer=15.2.0=h56912e6_7
      - libsqlite=3.51.2=h0c1763c_0
      - libssh2=1.11.1=h251f7ec_0
      - libstdcxx-devel_linux-64=15.2.0=hcb64138_107
      - libstdcxx-ng=15.2.0=hc03a8fd_7
      - libstdcxx=15.2.0=h39759b7_7
      - libtiff=4.7.1=h9d88235_1
      - libunistring=1.3=hb25bd0a_0
      - libuuid=2.41.3=h5347b49_0
      - libwebp-base=1.6.0=hb7bb969_0
      - libxcb=1.17.0=h9b100fa_0
      - libxml2=2.13.9=h04c0eec_0
      - libzlib=1.3.1=hb25bd0a_0
      - lmdb=0.9.31=hb25bd0a_0
      - lz4-c=1.9.4=h6a678d5_1
      - make=4.2.1=h1bed415_1
      - ncurses=6.5=h7934f7d_0
      - nlopt=2.10.0=py314h411e966_3
      - nomkl=3.0=0
      - numpy-base=2.4.1=py314h5cadfd5_0
      - numpy=2.4.1=py314hda7dee8_0
      - openblas-devel=0.3.30=h557178c_2
      - openblas=0.3.30=h5426c36_2
      - openssl=3.6.1=h35e630c_1
      - packaging=25.0=py314h06a4308_1
      - pandoc=3.8=h06a4308_0
      - pango=1.56.4=hadf4263_0
      - pcre2=10.47=haa7fec5_0
      - pip=26.0.1=pyhc872135_0
      - pixman=0.46.4=h7934f7d_0
      - pthread-stubs=0.3=h0ce48e5_1
      - python=3.14.3=h32b2ec7_101_cp314
      - python_abi=3.14=2_cp314
      - r-ape=5.8_1=r44h3704496_2
      - r-askpass=1.2.1=r44h54b55ab_1
      - r-assertthat=0.2.1=r44hc72bb7e_6
      - r-backports=1.5.0=r44h54b55ab_2
      - r-base64enc=0.1_6=r44h54b55ab_0
      - r-base=4.4.3=h835929b_7
      - r-bibtex=0.5.2=r44hc72bb7e_0
      - r-bigassertr=0.1.7=r44hc72bb7e_1
      - r-bigmemory.sri=0.1.8=r44hc72bb7e_2
      - r-bigmemory=4.6.4=r44h3697838_4
      - r-bigparallelr=0.3.2=r44hc72bb7e_4
      - r-bigreadr=0.2.5=r44h3697838_4
      - r-bigsnpr=1.12.21=r44h3e35d03_0
      - r-bigsparser=0.7.3=r44h3697838_2
      - r-bigstatsr=1.6.2=r44h3704496_2
      - r-bigutilsr=0.3.11=r44h3697838_1
      - r-bit=4.6.0=r44h54b55ab_1
      - r-bitops=1.0_9=r44h54b55ab_1
      - r-boot=1.3_32=r44hc72bb7e_1
      - r-bslib=0.10.0=r44hc72bb7e_0
      - r-cachem=1.1.0=r44h54b55ab_2
      - r-catools=1.18.3=r44h3697838_1
      - r-cli=3.6.5=r44h3697838_1
      - r-codetools=0.2_20=r44hc72bb7e_2
      - r-colorspace=2.1_2=r44h54b55ab_0
      - r-combinat=0.0_8=r44hc72bb7e_1007
      - r-cowplot=1.2.0=r44hc72bb7e_2
      - r-cpp11=0.5.3=r44h785f33e_0
      - r-crayon=1.5.3=r44hc72bb7e_2
      - r-crosstalk=1.2.2=r44hc72bb7e_1
      - r-curl=7.0.0=r44h10955f1_1
      - r-data.table=1.17.8=r44h1c8cec4_1
      - r-deoptimr=1.1_4=r44hc72bb7e_1
      - r-digest=0.6.39=r44h3697838_0
      - r-doparallel=1.0.17=r44hc72bb7e_4
      - r-dorng=1.8.6.3=r44hc72bb7e_0
      - r-dplyr=1.2.0=r44h3697838_0
      - r-ellipsis=0.3.2=r44h54b55ab_4
      - r-emmreml=3.1=r44h121872b_0
      - r-evaluate=1.0.5=r44hc72bb7e_1
      - r-fansi=1.0.7=r44h54b55ab_0
      - r-farver=2.1.2=r44h3697838_2
      - r-fastmap=1.2.0=r44h3697838_2
      - r-ff=4.5.2=r44hecca717_2
      - r-flock=0.7=r44h3697838_1009
      - r-fontawesome=0.5.3=r44hc72bb7e_1
      - r-foreach=1.5.2=r44hc72bb7e_4
      - r-fs=1.6.6=r44h3697838_1
      - r-gapit=3.5.0=r44h121872b_0
      - r-gbrd=0.4.12=r44hc72bb7e_2
      - r-gdata=3.0.1=r44hc72bb7e_1
      - r-generics=0.1.4=r44hc72bb7e_1
      - r-genetics=1.3.8.1.3=r44hc72bb7e_4
      - r-ggplot2=4.0.2=r44h785f33e_0
      - r-glue=1.8.0=r44h54b55ab_1
      - r-gplots=3.3.0=r44hc72bb7e_0
      - r-gridextra=2.3=r44hc72bb7e_1007
      - r-gtable=0.3.6=r44hc72bb7e_1
      - r-gtools=3.9.5=r44h54b55ab_2
      - r-hexbin=1.28.5=r44heaba542_1
      - r-highr=0.11=r44hc72bb7e_2
      - r-htmltools=0.5.9=r44h3697838_0
      - r-htmlwidgets=1.6.4=r44h785f33e_4
      - r-httr=1.4.8=r44hc72bb7e_0
      - r-isoband=0.3.0=r44h3697838_0
      - r-iterators=1.0.14=r44hc72bb7e_4
      - r-jquerylib=0.1.4=r44hc72bb7e_4
      - r-jsonlite=2.0.0=r44h54b55ab_1
      - r-kernsmooth=2.23_26=r44ha0a88a1_1
      - r-knitr=1.51=r44hc72bb7e_0
      - r-labeling=0.4.3=r44hc72bb7e_2
      - r-later=1.4.6=r44h3697838_0
      - r-lattice=0.22_9=r44h54b55ab_0
      - r-lazyeval=0.2.2=r44h54b55ab_6
      - r-lifecycle=1.0.5=r44hc72bb7e_0
      - r-lme4=1.1_38=r44h3697838_0
      - r-magrittr=2.0.4=r44h54b55ab_0
      - r-mass=7.3_65=r44h54b55ab_0
      - r-matrix=1.7_4=r44h0e4624f_1
      - r-memoise=2.0.1=r44hc72bb7e_4
      - r-mime=0.13=r44h54b55ab_1
      - r-minqa=1.2.8=r44ha36cffa_2
      - r-munsell=0.5.1=r44hc72bb7e_2
      - r-mvtnorm=1.3_3=r44h11cdb10_1
      - r-nabor=0.5.0=r44h3697838_5
      - r-nlme=3.1_168=r44heaba542_1
      - r-nloptr=2.2.1=r44h8ae9fae_1
      - r-openssl=2.3.4=r44h50f7d53_0
      - r-otel=0.2.0=r44hc72bb7e_1
      - r-parallelly=1.46.1=r44h54b55ab_0
      - r-pillar=1.11.1=r44hc72bb7e_0
      - r-pkgconfig=2.0.3=r44hc72bb7e_5
      - r-pkgmaker=0.32.10=r44hc72bb7e_3
      - r-plotly=4.12.0=r44hc72bb7e_0
      - r-promises=1.5.0=r44hc72bb7e_1
      - r-ps=1.9.1=r44h54b55ab_1
      - r-purrr=1.2.1=r44h54b55ab_0
      - r-r6=2.6.1=r44hc72bb7e_1
      - r-rappdirs=0.3.4=r44h54b55ab_0
      - r-rbibutils=2.4.1=r44h54b55ab_0
      - r-rcolorbrewer=1.1_3=r44h785f33e_4
      - r-rcpp=1.1.1=r44h3697838_0
      - r-rcpparmadillo=15.2.3_1=r44h3704496_0
      - r-rcppeigen=0.3.4.0.2=r44h3704496_1
      - r-rdpack=2.6.6=r44hc72bb7e_0
      - r-reformulas=0.4.4=r44hc72bb7e_0
      - r-registry=0.5_1=r44hc72bb7e_6
      - r-rgl=1.3.34=r44ha0908e3_0
      - r-rhpcblasctl=0.23_42=r44h54b55ab_4
      - r-rlang=1.1.7=r44h3697838_0
      - r-rmarkdown=2.30=r44hc72bb7e_0
      - r-rmio=0.4.0=r44hc72bb7e_4
      - r-rngtools=1.5.2=r44hc72bb7e_4
      - r-robustbase=0.99_7=r44h11cdb10_0
      - r-roptim=0.1.7=r44h3704496_0
      - r-rspectra=0.16_2=r44h3704496_2
      - r-runonce=0.2.3=r44hc72bb7e_1
      - r-s7=0.2.1=r44h54b55ab_0
      - r-sass=0.4.10=r44h3697838_1
      - r-scales=1.4.0=r44hc72bb7e_1
      - r-scatterplot3d=0.3_44=r44h785f33e_3
      - r-snow=0.4_4=r44hc72bb7e_4
      - r-snowfall=1.84_6.3=r44hc72bb7e_2
      - r-stringi=1.8.7=r44h2dae267_1
      - r-stringr=1.6.0=r44h785f33e_0
      - r-survival=3.8_6=r44h54b55ab_0
      - r-sys=3.4.3=r44h54b55ab_1
      - r-tibble=3.3.1=r44h54b55ab_0
      - r-tidyr=1.3.2=r44h3697838_0
      - r-tidyselect=1.2.1=r44hc72bb7e_2
      - r-tinytex=0.58=r44hc72bb7e_0
      - r-triebeard=0.4.1=r44h3697838_4
      - r-urltools=1.7.3.1=r44h3697838_1
      - r-utf8=1.2.6=r44h54b55ab_1
      - r-uuid=1.2_2=r44h54b55ab_0
      - r-vctrs=0.7.1=r44h3697838_0
      - r-viridislite=0.4.3=r44hc72bb7e_0
      - r-withr=3.0.2=r44hc72bb7e_1
      - r-xfun=0.56=r44h3697838_0
      - r-xml2=1.4.0=r44hc6fd541_1
      - r-xtable=1.8_8=r44hc72bb7e_0
      - r-yaml=2.3.12=r44h54b55ab_0
      - readline=8.3=hc2a1206_0
      - sed=4.9=hb25bd0a_0
      - setuptools=80.10.2=py314h06a4308_0
      - sysroot_linux-64=2.28=h3108a97_1
      - tk=8.6.15=h54e0aa7_0
      - tktable=2.10=hfce700a_2
      - tzdata=2025c=he532380_0
      - wheel=0.46.3=py314h06a4308_0
      - xorg-libice=1.1.2=h9b100fa_0
      - xorg-libsm=1.2.6=he73a12e_0
      - xorg-libx11=1.8.12=h9b100fa_1
      - xorg-libxau=1.0.12=h9b100fa_0
      - xorg-libxdamage=1.1.6=h9b100fa_0
      - xorg-libxdmcp=1.1.5=h9b100fa_0
      - xorg-libxext=1.3.6=h9b100fa_0
      - xorg-libxfixes=6.0.2=hb03c661_0
      - xorg-libxrender=0.9.12=h9b100fa_0
      - xorg-libxt=1.3.1=h9b100fa_0
      - xorg-libxxf86vm=1.1.6=h9b100fa_0
      - xorg-xorgproto=2024.1=h5eee18b_1
      - xz-gpl-tools=5.8.2=ha02ee65_0
      - xz-tools=5.8.2=hb03c661_0
      - xz=5.8.2=ha02ee65_0
      - zlib=1.3.1=hb25bd0a_0
      - zstd=1.5.7=h11fc155_0
