# This is an Anaconda project lock file.
# The lock file locks down exact versions of all your dependencies.
#
# In most cases, this file is automatically maintained by the `anaconda-project` command or GUI tools.
# It's best to keep this file in revision control (such as git or svn).
# The file is in YAML format, please see http://www.yaml.org/start.html for more.
#

#
# Set to false to ignore locked versions.
locking_enabled: true



#
# A key goes in here for each env spec.
#
env_specs:
  salmon-0.8.2:
    locked: true
    env_spec_hash: 508a75fba8dcb00ae0b29f71dfa7dc6389b08b8b
    platforms:
    - linux-64
    packages:
      linux-64:
      - boost-cpp=1.63.0=2
      - boost=1.63.0=py36_5
      - bzip2=1.0.6=1
      - ca-certificates=2018.4.16=0
      - certifi=2018.4.16=py36_0
      - icu=58.2=0
      - jemalloc=4.5.0=0
      - libgcc-ng=7.2.0=hdf63c60_3
      - libgcc=7.2.0=h69d50b8_2
      - libstdcxx-ng=7.2.0=hdf63c60_3
      - ncurses=5.9=10
      - openssl=1.0.2o=0
      - pip=9.0.3=py36_0
      - python=3.6.5=1
      - readline=7.0=0
      - salmon=0.8.2=1
      - setuptools=39.1.0=py36_0
      - sqlite=3.20.1=2
      - tbb=2018_20171205=0
      - tk=8.6.7=0
      - wheel=0.31.0=py36_0
      - xz=5.2.3=0
      - zlib=1.2.11=0


  salmon-0.9.1:
    locked: true
    env_spec_hash: 0b991ec4e9fa5a3aa4276de9838a38ad0f29e7f8
    platforms:
    - linux-64
    packages:
      linux-64:
      - boost-cpp=1.64.0=1
      - boost=1.64.0=py36_4
      - bzip2=1.0.6=1
      - ca-certificates=2018.4.16=0
      - certifi=2018.4.16=py36_0
      - icu=58.2=0
      - intel-openmp=2018.0.0=8
      - jemalloc=4.5.0=0
      - libgcc-ng=7.2.0=hdf63c60_3
      - libgcc=7.2.0=h69d50b8_2
      - libgfortran-ng=7.2.0=hdf63c60_3
      - libstdcxx-ng=7.2.0=hdf63c60_3
      - mkl=2018.0.2=1
      - mkl_fft=1.0.2=py36_0
      - mkl_random=1.0.1=py36_0
      - ncurses=5.9=10
      - numpy=1.14.2=py36hdbf6ddf_1
      - openssl=1.0.2o=0
      - pip=9.0.3=py36_0
      - python=3.6.5=1
      - readline=7.0=0
      - salmon=0.9.1=1
      - setuptools=39.1.0=py36_0
      - sqlite=3.20.1=2
      - tbb=2018_20171205=0
      - tk=8.6.7=0
      - wheel=0.31.0=py36_0
      - xz=5.2.3=0
      - zlib=1.2.11=0
