# This is an Anaconda project lock file.
# The lock file locks down exact versions of all your dependencies.
#
# In most cases, this file is automatically maintained by the `anaconda-project` command or GUI tools.
# It's best to keep this file in revision control (such as git or svn).
# The file is in YAML format, please see http://www.yaml.org/start.html for more.
#

#
# Set to false to ignore locked versions.
#
locking_enabled: true

#
# A key goes in here for each env spec.
#
env_specs:
  pymol-open-source-2.4.0-py38:
    locked: true
    env_spec_hash: aa6ad2b32028850db8c4f7d886cd3c0e90959674
    platforms:
    - linux-64
    packages:
      linux-64:
      - _libgcc_mutex=0.1=conda_forge
      - _openmp_mutex=4.5=1_gnu
      - alsa-lib=1.2.3=h516909a_0
      - bzip2=1.0.8=h7f98852_4
      - c-ares=1.17.1=h7f98852_1
      - ca-certificates=2020.12.5=ha878542_0
      - certifi=2020.12.5=py38h578d9bd_1
      - curl=7.76.1=h979ede3_1
      - cycler=0.10.0=py_2
      - dbus=1.13.6=h48d8840_2
      - expat=2.3.0=h9c3ff4c_0
      - fontconfig=2.13.1=hba837de_1005
      - freetype=2.10.4=h0708190_1
      - gettext=0.19.8.1=h0b5b191_1005
      - glew=2.1.0=h9c3ff4c_2
      - glib-tools=2.68.1=h9c3ff4c_0
      - glib=2.68.1=h9c3ff4c_0
      - glm=0.9.9.4=hc9558a2_0
      - gst-plugins-base=1.18.4=hf529b03_2
      - gstreamer=1.18.4=h76c114f_2
      - hdf4=4.2.13=h10796ff_1005
      - hdf5=1.10.6=nompi_h6a2412b_1114
      - icu=68.1=h58526e2_0
      - joblib=1.0.1=pyhd8ed1ab_0
      - jpeg=9d=h36c2ea0_0
      - kiwisolver=1.3.1=py38h1fd1430_1
      - krb5=1.17.2=h926e7f8_0
      - lcms2=2.12=hddcbb42_0
      - ld_impl_linux-64=2.35.1=hea4e1c9_2
      - libblas=3.9.0=9_openblas
      - libcblas=3.9.0=9_openblas
      - libclang=11.1.0=default_ha53f305_0
      - libcurl=7.76.1=hc4aaa36_1
      - libedit=3.1.20191231=he28a2e2_2
      - libev=4.33=h516909a_1
      - libevent=2.1.10=hcdb4288_3
      - libffi=3.3=h58526e2_2
      - libgcc-ng=9.3.0=h2828fa1_19
      - libgfortran-ng=9.3.0=hff62375_19
      - libgfortran5=9.3.0=hff62375_19
      - libglib=2.68.1=h3e27bee_0
      - libglu=9.0.0=he1b5a44_1001
      - libgomp=9.3.0=h2828fa1_19
      - libiconv=1.16=h516909a_0
      - liblapack=3.9.0=9_openblas
      - libllvm11=11.1.0=hf817b99_2
      - libnetcdf=4.7.4=nompi_h56d31a8_107
      - libnghttp2=1.43.0=h812cca2_0
      - libogg=1.3.4=h7f98852_1
      - libopenblas=0.3.15=pthreads_h8fe5266_0
      - libopus=1.3.1=h7f98852_1
      - libpng=1.6.37=h21135ba_2
      - libpq=13.2=hfd2b0eb_2
      - libssh2=1.9.0=ha56f1ee_6
      - libstdcxx-ng=9.3.0=h6de172a_19
      - libtiff=4.2.0=hdc55705_1
      - libuuid=2.32.1=h7f98852_1000
      - libvorbis=1.3.7=h9c3ff4c_0
      - libwebp-base=1.2.0=h7f98852_2
      - libxcb=1.13=h7f98852_1003
      - libxkbcommon=1.0.3=he3ba5ed_0
      - libxml2=2.9.10=h72842e0_4
      - lz4-c=1.9.3=h9c3ff4c_0
      - matplotlib-base=3.4.1=py38hcc49a3a_0
      - matplotlib=3.4.1=py38h578d9bd_0
      - mysql-common=8.0.23=ha770c72_2
      - mysql-libs=8.0.23=h935591d_2
      - ncurses=6.2=h58526e2_4
      - nspr=4.30=h9c3ff4c_0
      - nss=3.64=hb5efdd6_0
      - numpy=1.20.2=py38h9894fe3_0
      - olefile=0.46=pyh9f0ad1d_1
      - openjpeg=2.4.0=hf7af979_0
      - openssl=1.1.1k=h7f98852_0
      - pandas=1.2.4=py38h1abd341_0
      - pcre=8.44=he1b5a44_0
      - pillow=8.1.2=py38ha0e1e83_1
      - pip=21.1.1=pyhd8ed1ab_0
      - pmw=2.0.1=py38h578d9bd_1004
      - pthread-stubs=0.4=h36c2ea0_1001
      - pymol-open-source=2.4.0=py38h8341299_4
      - pyparsing=2.4.7=pyh9f0ad1d_0
      - pyqt-impl=5.12.3=py38h7400c14_7
      - pyqt5-sip=4.19.18=py38h709712a_7
      - pyqt=5.12.3=py38h578d9bd_7
      - pyqtchart=5.12=py38h7400c14_7
      - pyqtwebengine=5.12.1=py38h7400c14_7
      - python-dateutil=2.8.1=py_0
      - python=3.8.8=hffdb5ce_0_cpython
      - python_abi=3.8=1_cp38
      - pytz=2021.1=pyhd8ed1ab_0
      - qt=5.12.9=hda022c4_4
      - readline=8.1=h46c0cb4_0
      - scikit-learn=0.24.2=py38hdc147b9_0
      - scikit-plot=0.3.7=py_1
      - scipy=1.6.3=py38h7b17777_0
      - setuptools=49.6.0=py38h578d9bd_3
      - six=1.16.0=pyh6c4a22f_0
      - sqlite=3.35.5=h74cdb3f_0
      - threadpoolctl=2.1.0=pyh5ca1d4c_0
      - tk=8.6.10=h21135ba_1
      - tornado=6.1=py38h497a2fe_1
      - wheel=0.36.2=pyhd3deb0d_0
      - xorg-kbproto=1.0.7=h7f98852_1002
      - xorg-libx11=1.7.0=h7f98852_0
      - xorg-libxau=1.0.9=h7f98852_0
      - xorg-libxdmcp=1.1.3=h7f98852_0
      - xorg-libxext=1.3.4=h7f98852_1
      - xorg-xextproto=7.3.0=h7f98852_1002
      - xorg-xproto=7.0.31=h7f98852_1007
      - xz=5.2.5=h516909a_1
      - zlib=1.2.11=h516909a_1010
      - zstd=1.4.9=ha95c52a_0
  pymol-open-source-2.4.0-py39:
    locked: true
    env_spec_hash: e8d782b50b9a200758525a03f79cbca2930b9e14
    platforms:
    - linux-64
    packages:
      linux-64:
      - _libgcc_mutex=0.1=conda_forge
      - _openmp_mutex=4.5=1_gnu
      - alsa-lib=1.2.3=h516909a_0
      - bzip2=1.0.8=h7f98852_4
      - c-ares=1.17.1=h7f98852_1
      - ca-certificates=2020.12.5=ha878542_0
      - certifi=2020.12.5=py39hf3d152e_1
      - curl=7.76.1=h979ede3_1
      - cycler=0.10.0=py_2
      - dbus=1.13.6=h48d8840_2
      - expat=2.3.0=h9c3ff4c_0
      - fontconfig=2.13.1=hba837de_1005
      - freetype=2.10.4=h0708190_1
      - gettext=0.19.8.1=h0b5b191_1005
      - glew=2.1.0=h9c3ff4c_2
      - glib-tools=2.68.1=h9c3ff4c_0
      - glib=2.68.1=h9c3ff4c_0
      - glm=0.9.9.4=hc9558a2_0
      - gst-plugins-base=1.18.4=hf529b03_2
      - gstreamer=1.18.4=h76c114f_2
      - hdf4=4.2.13=h10796ff_1005
      - hdf5=1.10.6=nompi_h6a2412b_1114
      - icu=68.1=h58526e2_0
      - joblib=1.0.1=pyhd8ed1ab_0
      - jpeg=9d=h36c2ea0_0
      - kiwisolver=1.3.1=py39h1a9c180_1
      - krb5=1.17.2=h926e7f8_0
      - lcms2=2.12=hddcbb42_0
      - ld_impl_linux-64=2.35.1=hea4e1c9_2
      - libblas=3.9.0=9_openblas
      - libcblas=3.9.0=9_openblas
      - libclang=11.1.0=default_ha53f305_0
      - libcurl=7.76.1=hc4aaa36_1
      - libedit=3.1.20191231=he28a2e2_2
      - libev=4.33=h516909a_1
      - libevent=2.1.10=hcdb4288_3
      - libffi=3.3=h58526e2_2
      - libgcc-ng=9.3.0=h2828fa1_19
      - libgfortran-ng=9.3.0=hff62375_19
      - libgfortran5=9.3.0=hff62375_19
      - libglib=2.68.1=h3e27bee_0
      - libglu=9.0.0=he1b5a44_1001
      - libgomp=9.3.0=h2828fa1_19
      - libiconv=1.16=h516909a_0
      - liblapack=3.9.0=9_openblas
      - libllvm11=11.1.0=hf817b99_2
      - libnetcdf=4.7.4=nompi_h56d31a8_107
      - libnghttp2=1.43.0=h812cca2_0
      - libogg=1.3.4=h7f98852_1
      - libopenblas=0.3.15=pthreads_h8fe5266_0
      - libopus=1.3.1=h7f98852_1
      - libpng=1.6.37=h21135ba_2
      - libpq=13.2=hfd2b0eb_2
      - libssh2=1.9.0=ha56f1ee_6
      - libstdcxx-ng=9.3.0=h6de172a_19
      - libtiff=4.2.0=hdc55705_1
      - libuuid=2.32.1=h7f98852_1000
      - libvorbis=1.3.7=h9c3ff4c_0
      - libwebp-base=1.2.0=h7f98852_2
      - libxcb=1.13=h7f98852_1003
      - libxkbcommon=1.0.3=he3ba5ed_0
      - libxml2=2.9.10=h72842e0_4
      - lz4-c=1.9.3=h9c3ff4c_0
      - matplotlib-base=3.4.1=py39h2fa2bec_0
      - matplotlib=3.4.1=py39hf3d152e_0
      - mysql-common=8.0.23=ha770c72_2
      - mysql-libs=8.0.23=h935591d_2
      - ncurses=6.2=h58526e2_4
      - nspr=4.30=h9c3ff4c_0
      - nss=3.64=hb5efdd6_0
      - numpy=1.20.2=py39hdbf815f_0
      - olefile=0.46=pyh9f0ad1d_1
      - openjpeg=2.4.0=hf7af979_0
      - openssl=1.1.1k=h7f98852_0
      - pandas=1.2.4=py39hde0f152_0
      - pcre=8.44=he1b5a44_0
      - pillow=8.1.2=py39hf95b381_1
      - pip=21.1.1=pyhd8ed1ab_0
      - pmw=2.0.1=py39hf3d152e_1004
      - pthread-stubs=0.4=h36c2ea0_1001
      - pymol-open-source=2.4.0=py39h20a8f2e_4
      - pyparsing=2.4.7=pyh9f0ad1d_0
      - pyqt-impl=5.12.3=py39h0fcd23e_7
      - pyqt5-sip=4.19.18=py39he80948d_7
      - pyqt=5.12.3=py39hf3d152e_7
      - pyqtchart=5.12=py39h0fcd23e_7
      - pyqtwebengine=5.12.1=py39h0fcd23e_7
      - python-dateutil=2.8.1=py_0
      - python=3.9.2=hffdb5ce_0_cpython
      - python_abi=3.9=1_cp39
      - pytz=2021.1=pyhd8ed1ab_0
      - qt=5.12.9=hda022c4_4
      - readline=8.1=h46c0cb4_0
      - scikit-learn=0.24.2=py39h4dfa638_0
      - scikit-plot=0.3.7=py_1
      - scipy=1.6.3=py39hee8e79c_0
      - setuptools=49.6.0=py39hf3d152e_3
      - six=1.16.0=pyh6c4a22f_0
      - sqlite=3.35.5=h74cdb3f_0
      - threadpoolctl=2.1.0=pyh5ca1d4c_0
      - tk=8.6.10=h21135ba_1
      - tornado=6.1=py39h3811e60_1
      - tzdata=2021a=he74cb21_0
      - wheel=0.36.2=pyhd3deb0d_0
      - xorg-kbproto=1.0.7=h7f98852_1002
      - xorg-libx11=1.7.0=h7f98852_0
      - xorg-libxau=1.0.9=h7f98852_0
      - xorg-libxdmcp=1.1.3=h7f98852_0
      - xorg-libxext=1.3.4=h7f98852_1
      - xorg-xextproto=7.3.0=h7f98852_1002
      - xorg-xproto=7.0.31=h7f98852_1007
      - xz=5.2.5=h516909a_1
      - zlib=1.2.11=h516909a_1010
      - zstd=1.4.9=ha95c52a_0
  pymol-open-source-2.4.0-py37:
    locked: true
    env_spec_hash: 009211def2d57ebe5e83c70402421030d6345a22
    platforms:
    - linux-64
    packages:
      linux-64:
      - _libgcc_mutex=0.1=conda_forge
      - _openmp_mutex=4.5=1_gnu
      - alsa-lib=1.2.3=h516909a_0
      - bzip2=1.0.8=h7f98852_4
      - c-ares=1.17.1=h7f98852_1
      - ca-certificates=2020.12.5=ha878542_0
      - certifi=2020.12.5=py37h89c1867_1
      - curl=7.76.1=h979ede3_1
      - cycler=0.10.0=py_2
      - dbus=1.13.6=h48d8840_2
      - expat=2.3.0=h9c3ff4c_0
      - fontconfig=2.13.1=hba837de_1005
      - freetype=2.10.4=h0708190_1
      - gettext=0.19.8.1=h0b5b191_1005
      - giflib=5.2.1=h36c2ea0_2
      - glew=2.1.0=h9c3ff4c_2
      - glib-tools=2.68.1=h9c3ff4c_0
      - glib=2.68.1=h9c3ff4c_0
      - glm=0.9.9.4=hc9558a2_0
      - gst-plugins-base=1.18.4=hf529b03_2
      - gstreamer=1.18.4=h76c114f_2
      - hdf4=4.2.13=h10796ff_1005
      - hdf5=1.10.6=nompi_h6a2412b_1114
      - icu=68.1=h58526e2_0
      - joblib=1.0.1=pyhd8ed1ab_0
      - jpeg=9d=h36c2ea0_0
      - kiwisolver=1.3.1=py37h2527ec5_1
      - krb5=1.17.2=h926e7f8_0
      - lcms2=2.12=hddcbb42_0
      - ld_impl_linux-64=2.35.1=hea4e1c9_2
      - libblas=3.9.0=9_openblas
      - libcblas=3.9.0=9_openblas
      - libclang=11.1.0=default_ha53f305_0
      - libcurl=7.76.1=hc4aaa36_1
      - libedit=3.1.20191231=he28a2e2_2
      - libev=4.33=h516909a_1
      - libevent=2.1.10=hcdb4288_3
      - libffi=3.3=h58526e2_2
      - libgcc-ng=9.3.0=h2828fa1_19
      - libgfortran-ng=9.3.0=hff62375_19
      - libgfortran5=9.3.0=hff62375_19
      - libglib=2.68.1=h3e27bee_0
      - libglu=9.0.0=he1b5a44_1001
      - libgomp=9.3.0=h2828fa1_19
      - libiconv=1.16=h516909a_0
      - libimagequant=2.12.6=h516909a_0
      - liblapack=3.9.0=9_openblas
      - libllvm11=11.1.0=hf817b99_2
      - libnetcdf=4.7.4=nompi_h56d31a8_107
      - libnghttp2=1.43.0=h812cca2_0
      - libogg=1.3.4=h7f98852_1
      - libopenblas=0.3.15=pthreads_h8fe5266_0
      - libopus=1.3.1=h7f98852_1
      - libpng=1.6.37=h21135ba_2
      - libpq=13.2=hfd2b0eb_2
      - libssh2=1.9.0=ha56f1ee_6
      - libstdcxx-ng=9.3.0=h6de172a_19
      - libtiff=4.2.0=hdc55705_1
      - libuuid=2.32.1=h7f98852_1000
      - libvorbis=1.3.7=h9c3ff4c_0
      - libwebp-base=1.2.0=h7f98852_2
      - libwebp=1.2.0=h3452ae3_0
      - libxcb=1.13=h7f98852_1003
      - libxkbcommon=1.0.3=he3ba5ed_0
      - libxml2=2.9.10=h72842e0_4
      - lz4-c=1.9.3=h9c3ff4c_0
      - matplotlib-base=3.4.1=py37hdd32ed1_0
      - matplotlib=3.4.1=py37h89c1867_0
      - mysql-common=8.0.23=ha770c72_2
      - mysql-libs=8.0.23=h935591d_2
      - ncurses=6.2=h58526e2_4
      - nspr=4.30=h9c3ff4c_0
      - nss=3.64=hb5efdd6_0
      - numpy=1.20.2=py37h038b26d_0
      - openjpeg=2.3.1=hf7af979_3
      - openssl=1.1.1k=h7f98852_0
      - pandas=1.2.4=py37h219a48f_0
      - pcre=8.44=he1b5a44_0
      - pillow=7.1.2=py37ha3942f5_1
      - pip=21.1.1=pyhd8ed1ab_0
      - pmw=2.0.1=py37h89c1867_1004
      - pthread-stubs=0.4=h36c2ea0_1001
      - pymol-open-source=2.4.0=py37h84945d2_4
      - pyparsing=2.4.7=pyh9f0ad1d_0
      - pyqt-impl=5.12.3=py37he336c9b_7
      - pyqt5-sip=4.19.18=py37hcd2ae1e_7
      - pyqt=5.12.3=py37h89c1867_7
      - pyqtchart=5.12=py37he336c9b_7
      - pyqtwebengine=5.12.1=py37he336c9b_7
      - python-dateutil=2.8.1=py_0
      - python=3.7.10=hffdb5ce_100_cpython
      - python_abi=3.7=1_cp37m
      - pytz=2021.1=pyhd8ed1ab_0
      - qt=5.12.9=hda022c4_4
      - readline=8.1=h46c0cb4_0
      - scikit-learn=0.24.2=py37h18a542f_0
      - scikit-plot=0.3.7=py_1
      - scipy=1.6.3=py37h29e03ee_0
      - setuptools=49.6.0=py37h89c1867_3
      - six=1.16.0=pyh6c4a22f_0
      - sqlite=3.35.5=h74cdb3f_0
      - threadpoolctl=2.1.0=pyh5ca1d4c_0
      - tk=8.6.10=h21135ba_1
      - tornado=6.1=py37h5e8e339_1
      - wheel=0.36.2=pyhd3deb0d_0
      - xorg-kbproto=1.0.7=h7f98852_1002
      - xorg-libx11=1.7.0=h7f98852_0
      - xorg-libxau=1.0.9=h7f98852_0
      - xorg-libxdmcp=1.1.3=h7f98852_0
      - xorg-libxext=1.3.4=h7f98852_1
      - xorg-xextproto=7.3.0=h7f98852_1002
      - xorg-xproto=7.0.31=h7f98852_1007
      - xz=5.2.5=h516909a_1
      - zlib=1.2.11=h516909a_1010
      - zstd=1.4.9=ha95c52a_0
  pymol-open-source-2.5.0-py39:
    locked: true
    env_spec_hash: 03c4964b9a3209ed8d4711fca6192a5b31710fdc
    platforms:
    - linux-64
    packages:
      linux-64:
      - _libgcc_mutex=0.1=conda_forge
      - _openmp_mutex=4.5=2_gnu
      - alsa-lib=1.2.9=hd590300_0
      - asttokens=2.2.1=pyhd8ed1ab_0
      - atk-1.0=2.38.0=hd4edc92_1
      - attr=2.5.1=h166bdaf_1
      - aws-c-auth=0.7.3=h28f7589_1
      - aws-c-cal=0.6.1=hc309b26_1
      - aws-c-common=0.9.0=hd590300_0
      - aws-c-compression=0.2.17=h4d4d85c_2
      - aws-c-event-stream=0.3.1=h2e3709c_4
      - aws-c-http=0.7.11=h00aa349_4
      - aws-c-io=0.13.32=h4a1a131_0
      - aws-c-mqtt=0.9.3=hb447be9_1
      - aws-c-s3=0.3.14=hf3aad02_1
      - aws-c-sdkutils=0.1.12=h4d4d85c_1
      - aws-checksums=0.1.17=h4d4d85c_1
      - aws-crt-cpp=0.21.0=hb942446_5
      - aws-sdk-cpp=1.10.57=h85b1a90_19
      - backcall=0.2.0=pyh9f0ad1d_0
      - backports.functools_lru_cache=1.6.5=pyhd8ed1ab_0
      - backports=1.0=pyhd8ed1ab_3
      - blosc=1.21.4=h0f2a231_0
      - brotli-bin=1.0.9=h166bdaf_9
      - brotli-python=1.0.9=py39h5a03fae_9
      - brotli=1.0.9=h166bdaf_9
      - bzip2=1.0.8=h7f98852_4
      - c-ares=1.19.1=hd590300_0
      - ca-certificates=2023.7.22=hbcca054_0
      - cairo=1.16.0=hbbf8b49_1016
      - certifi=2023.7.22=pyhd8ed1ab_0
      - charset-normalizer=3.2.0=pyhd8ed1ab_0
      - comm=0.1.4=pyhd8ed1ab_0
      - contourpy=1.1.0=py39h7633fee_0
      - cycler=0.11.0=pyhd8ed1ab_0
      - dbus=1.13.6=h5008d03_3
      - debugpy=1.6.8=py39h3d6467e_0
      - decorator=5.1.1=pyhd8ed1ab_0
      - executing=1.2.0=pyhd8ed1ab_0
      - expat=2.5.0=hcb278e6_1
      - font-ttf-dejavu-sans-mono=2.37=hab24e00_0
      - font-ttf-inconsolata=3.000=h77eed37_0
      - font-ttf-source-code-pro=2.038=h77eed37_0
      - font-ttf-ubuntu=0.83=hab24e00_0
      - fontconfig=2.14.2=h14ed4e7_0
      - fonts-conda-ecosystem=1=0
      - fonts-conda-forge=1=0
      - fonttools=4.42.0=py39hd1e30aa_0
      - freetype=2.12.1=hca18f0e_1
      - fribidi=1.0.10=h36c2ea0_0
      - gdk-pixbuf=2.42.10=h6b639ba_2
      - gettext=0.21.1=h27087fc_0
      - giflib=5.2.1=h0b41bf4_3
      - glew=2.1.0=h9c3ff4c_2
      - glib-tools=2.76.4=hfc55251_0
      - glib=2.76.4=hfc55251_0
      - glm=0.9.9.8=h00ab1b0_0
      - gmp=6.2.1=h58526e2_0
      - gmpy2=2.1.2=py39h376b7d2_1
      - graphite2=1.3.13=h58526e2_1001
      - graphviz=8.1.0=h28d9a01_0
      - gst-plugins-base=1.22.5=hf7dbed1_0
      - gstreamer=1.22.5=h98fc4e7_0
      - gtk2=2.24.33=h90689f9_2
      - gts=0.7.6=h977cf35_4
      - harfbuzz=7.3.0=hdb3a94d_0
      - hcc-python-stack=1.0=h121872b_1
      - hdf4=4.2.15=h501b40f_6
      - hdf5=1.14.1=nompi_h4f84152_100
      - icu=72.1=hcb278e6_0
      - idna=3.4=pyhd8ed1ab_0
      - importlib-metadata=6.8.0=pyha770c72_0
      - importlib-resources=6.0.1=pyhd8ed1ab_0
      - importlib_metadata=6.8.0=hd8ed1ab_0
      - importlib_resources=6.0.1=pyhd8ed1ab_0
      - ipykernel=6.25.1=pyh71e2992_0
      - ipython=8.14.0=pyh41d4057_0
      - jedi=0.19.0=pyhd8ed1ab_0
      - joblib=1.3.2=pyhd8ed1ab_0
      - jupyter_client=8.3.0=pyhd8ed1ab_0
      - jupyter_core=5.3.1=py39hf3d152e_0
      - keyutils=1.6.1=h166bdaf_0
      - kiwisolver=1.4.4=py39hf939315_1
      - krb5=1.21.2=h659d440_0
      - lame=3.100=h166bdaf_1003
      - lcms2=2.15=haa2dc70_1
      - ld_impl_linux-64=2.40=h41732ed_0
      - lerc=4.0.0=h27087fc_0
      - libaec=1.0.6=hcb278e6_1
      - libblas=3.9.0=17_linux64_openblas
      - libbrotlicommon=1.0.9=h166bdaf_9
      - libbrotlidec=1.0.9=h166bdaf_9
      - libbrotlienc=1.0.9=h166bdaf_9
      - libcap=2.69=h0f662aa_0
      - libcblas=3.9.0=17_linux64_openblas
      - libclang13=15.0.7=default_h9986a30_3
      - libclang=15.0.7=default_h7634d5b_3
      - libcups=2.3.3=h4637d8d_4
      - libcurl=8.2.1=hca28451_0
      - libdeflate=1.18=h0b41bf4_0
      - libedit=3.1.20191231=he28a2e2_2
      - libev=4.33=h516909a_1
      - libevent=2.1.12=hf998b51_1
      - libexpat=2.5.0=hcb278e6_1
      - libffi=3.4.2=h7f98852_5
      - libflac=1.4.3=h59595ed_0
      - libgcc-ng=13.1.0=he5830b7_0
      - libgcrypt=1.10.1=h166bdaf_0
      - libgd=2.3.3=hfa28ad5_6
      - libgfortran-ng=13.1.0=h69a702a_0
      - libgfortran5=13.1.0=h15d22d2_0
      - libglib=2.76.4=hebfc3b9_0
      - libglu=9.0.0=hac7e632_1002
      - libgomp=13.1.0=he5830b7_0
      - libgpg-error=1.47=h71f35ed_0
      - libiconv=1.17=h166bdaf_0
      - libjpeg-turbo=2.1.5.1=h0b41bf4_0
      - liblapack=3.9.0=17_linux64_openblas
      - libllvm15=15.0.7=h5cf9203_3
      - libnetcdf=4.9.2=nompi_h7e745eb_109
      - libnghttp2=1.52.0=h61bc06f_0
      - libnsl=2.0.0=h7f98852_0
      - libogg=1.3.4=h7f98852_1
      - libopenblas=0.3.23=pthreads_h80387f5_0
      - libopus=1.3.1=h7f98852_1
      - libpng=1.6.39=h753d276_0
      - libpq=15.4=hfc447b1_0
      - librsvg=2.56.3=h98fae49_0
      - libsndfile=1.2.2=hbc2eb40_0
      - libsodium=1.0.18=h36c2ea0_1
      - libsqlite=3.42.0=h2797004_0
      - libssh2=1.11.0=h0841786_0
      - libstdcxx-ng=13.1.0=hfd8a6a1_0
      - libsystemd0=254=h3516f8a_0
      - libtiff=4.5.1=h8b53f26_0
      - libtool=2.4.7=h27087fc_0
      - libuuid=2.38.1=h0b41bf4_0
      - libvorbis=1.3.7=h9c3ff4c_0
      - libwebp-base=1.3.1=hd590300_0
      - libwebp=1.3.1=hbf2b3c1_0
      - libxcb=1.15=h0b41bf4_0
      - libxkbcommon=1.5.0=h5d7e998_3
      - libxml2=2.11.5=h0d562d8_0
      - libzip=1.9.2=hc929e4a_1
      - libzlib=1.2.13=hd590300_5
      - lz4-c=1.9.4=hcb278e6_0
      - matplotlib-base=3.7.2=py39h0126182_0
      - matplotlib-inline=0.1.6=pyhd8ed1ab_0
      - matplotlib=3.7.2=py39hf3d152e_0
      - mpc=1.3.1=hfe3b2da_0
      - mpfr=4.2.0=hb012696_0
      - mpg123=1.31.3=hcb278e6_0
      - mpmath=1.3.0=pyhd8ed1ab_0
      - munkres=1.1.4=pyh9f0ad1d_0
      - mysql-common=8.0.33=hf1915f5_2
      - mysql-libs=8.0.33=hca2cd23_2
      - ncurses=6.4=hcb278e6_0
      - nest-asyncio=1.5.6=pyhd8ed1ab_0
      - nspr=4.35=h27087fc_0
      - nss=3.89=he45b914_0
      - numpy=1.25.2=py39h6183b62_0
      - openjpeg=2.5.0=hfec8fc6_2
      - openssl=3.1.2=hd590300_0
      - packaging=23.1=pyhd8ed1ab_0
      - pandas=2.0.3=py39h40cae4c_1
      - pango=1.50.14=heaa33ce_1
      - parso=0.8.3=pyhd8ed1ab_0
      - patsy=0.5.3=pyhd8ed1ab_0
      - pcre2=10.40=hc3806b6_0
      - pexpect=4.8.0=pyh1a96a4e_2
      - pickleshare=0.7.5=py_1003
      - pillow=10.0.0=py39haaeba84_0
      - pip=23.2.1=pyhd8ed1ab_0
      - pixman=0.40.0=h36c2ea0_0
      - platformdirs=3.10.0=pyhd8ed1ab_0
      - ply=3.11=py_1
      - pmw=2.0.1=py39hf3d152e_1007
      - pooch=1.7.0=pyha770c72_3
      - prompt-toolkit=3.0.39=pyha770c72_0
      - prompt_toolkit=3.0.39=hd8ed1ab_0
      - psutil=5.9.5=py39h72bdee0_0
      - pthread-stubs=0.4=h36c2ea0_1001
      - ptyprocess=0.7.0=pyhd3deb0d_0
      - pulseaudio-client=16.1=hb77b528_4
      - pure_eval=0.2.2=pyhd8ed1ab_0
      - pygments=2.16.1=pyhd8ed1ab_0
      - pymol-open-source=2.5.0=py39h6cb11c7_6
      - pyparsing=3.0.9=pyhd8ed1ab_0
      - pyqt5-sip=12.12.2=py39h3d6467e_4
      - pyqt=5.15.9=py39h52134e7_4
      - pysocks=1.7.1=pyha2e5f31_6
      - python-dateutil=2.8.2=pyhd8ed1ab_0
      - python-graphviz=0.20.1=pyh22cad53_0
      - python-tzdata=2023.3=pyhd8ed1ab_0
      - python=3.9.17=h0755675_0_cpython
      - python_abi=3.9=3_cp39
      - pytz=2023.3=pyhd8ed1ab_0
      - pyzmq=25.1.1=py39hb257651_0
      - qt-main=5.15.8=h7fe3ca9_15
      - readline=8.2=h8228510_1
      - requests=2.31.0=pyhd8ed1ab_0
      - s2n=1.3.48=h06160fa_0
      - scikit-learn=1.3.0=py39hc236052_0
      - scikit-plot=0.3.7=py_1
      - scipy=1.11.1=py39h6183b62_0
      - seaborn-base=0.12.2=pyhd8ed1ab_0
      - seaborn=0.12.2=hd8ed1ab_0
      - setuptools=68.0.0=pyhd8ed1ab_0
      - sip=6.7.11=py39h3d6467e_0
      - six=1.16.0=pyh6c4a22f_0
      - snappy=1.1.10=h9fff704_0
      - stack_data=0.6.2=pyhd8ed1ab_0
      - statsmodels=0.14.0=py39h0f8d45d_1
      - sympy=1.12=pypyh9d50eac_103
      - threadpoolctl=3.2.0=pyha21a80b_0
      - tk=8.6.12=h27826a3_0
      - toml=0.10.2=pyhd8ed1ab_0
      - tomli=2.0.1=pyhd8ed1ab_0
      - tornado=6.3.2=py39hd1e30aa_0
      - traitlets=5.9.0=pyhd8ed1ab_0
      - typing-extensions=4.7.1=hd8ed1ab_0
      - typing_extensions=4.7.1=pyha770c72_0
      - tzdata=2023c=h71feb2d_0
      - unicodedata2=15.0.0=py39hb9d737c_0
      - urllib3=2.0.4=pyhd8ed1ab_0
      - wcwidth=0.2.6=pyhd8ed1ab_0
      - wheel=0.41.1=pyhd8ed1ab_0
      - xcb-util-image=0.4.0=h8ee46fc_1
      - xcb-util-keysyms=0.4.0=h8ee46fc_1
      - xcb-util-renderutil=0.3.9=hd590300_1
      - xcb-util-wm=0.4.1=h8ee46fc_1
      - xcb-util=0.4.0=hd590300_1
      - xkeyboard-config=2.39=hd590300_0
      - xorg-kbproto=1.0.7=h7f98852_1002
      - xorg-libice=1.1.1=hd590300_0
      - xorg-libsm=1.2.4=h7391055_0
      - xorg-libx11=1.8.6=h8ee46fc_0
      - xorg-libxau=1.0.11=hd590300_0
      - xorg-libxdmcp=1.1.3=h7f98852_0
      - xorg-libxext=1.3.4=h0b41bf4_2
      - xorg-libxrender=0.9.11=hd590300_0
      - xorg-renderproto=0.11.1=h7f98852_1002
      - xorg-xextproto=7.3.0=h0b41bf4_1003
      - xorg-xf86vidmodeproto=2.3.1=h7f98852_1002
      - xorg-xproto=7.0.31=h7f98852_1007
      - xz=5.2.6=h166bdaf_0
      - zeromq=4.3.4=h9c3ff4c_1
      - zipp=3.16.2=pyhd8ed1ab_0
      - zlib=1.2.13=hd590300_5
      - zstd=1.5.2=hfc55251_7
  pymol-open-source-2.5.0-py310:
    locked: true
    env_spec_hash: 49182cd60d162184e4c9ac164faba03a2f004efa
    platforms:
    - linux-64
    packages:
      linux-64:
      - _libgcc_mutex=0.1=conda_forge
      - _openmp_mutex=4.5=2_gnu
      - alsa-lib=1.2.9=hd590300_0
      - asttokens=2.2.1=pyhd8ed1ab_0
      - atk-1.0=2.38.0=hd4edc92_1
      - attr=2.5.1=h166bdaf_1
      - aws-c-auth=0.7.3=h28f7589_1
      - aws-c-cal=0.6.1=hc309b26_1
      - aws-c-common=0.9.0=hd590300_0
      - aws-c-compression=0.2.17=h4d4d85c_2
      - aws-c-event-stream=0.3.1=h2e3709c_4
      - aws-c-http=0.7.11=h00aa349_4
      - aws-c-io=0.13.32=h4a1a131_0
      - aws-c-mqtt=0.9.3=hb447be9_1
      - aws-c-s3=0.3.14=hf3aad02_1
      - aws-c-sdkutils=0.1.12=h4d4d85c_1
      - aws-checksums=0.1.17=h4d4d85c_1
      - aws-crt-cpp=0.21.0=hb942446_5
      - aws-sdk-cpp=1.10.57=h85b1a90_19
      - backcall=0.2.0=pyh9f0ad1d_0
      - backports.functools_lru_cache=1.6.5=pyhd8ed1ab_0
      - backports=1.0=pyhd8ed1ab_3
      - blosc=1.21.4=h0f2a231_0
      - brotli-bin=1.0.9=h166bdaf_9
      - brotli-python=1.0.9=py310hd8f1fbe_9
      - brotli=1.0.9=h166bdaf_9
      - bzip2=1.0.8=h7f98852_4
      - c-ares=1.19.1=hd590300_0
      - ca-certificates=2023.7.22=hbcca054_0
      - cairo=1.16.0=hbbf8b49_1016
      - certifi=2023.7.22=pyhd8ed1ab_0
      - charset-normalizer=3.2.0=pyhd8ed1ab_0
      - comm=0.1.4=pyhd8ed1ab_0
      - contourpy=1.1.0=py310hd41b1e2_0
      - cycler=0.11.0=pyhd8ed1ab_0
      - dbus=1.13.6=h5008d03_3
      - debugpy=1.6.8=py310hc6cd4ac_0
      - decorator=5.1.1=pyhd8ed1ab_0
      - executing=1.2.0=pyhd8ed1ab_0
      - expat=2.5.0=hcb278e6_1
      - font-ttf-dejavu-sans-mono=2.37=hab24e00_0
      - font-ttf-inconsolata=3.000=h77eed37_0
      - font-ttf-source-code-pro=2.038=h77eed37_0
      - font-ttf-ubuntu=0.83=hab24e00_0
      - fontconfig=2.14.2=h14ed4e7_0
      - fonts-conda-ecosystem=1=0
      - fonts-conda-forge=1=0
      - fonttools=4.42.0=py310h2372a71_0
      - freetype=2.12.1=hca18f0e_1
      - fribidi=1.0.10=h36c2ea0_0
      - gdk-pixbuf=2.42.10=h6b639ba_2
      - gettext=0.21.1=h27087fc_0
      - giflib=5.2.1=h0b41bf4_3
      - glew=2.1.0=h9c3ff4c_2
      - glib-tools=2.76.4=hfc55251_0
      - glib=2.76.4=hfc55251_0
      - glm=0.9.9.8=h00ab1b0_0
      - gmp=6.2.1=h58526e2_0
      - gmpy2=2.1.2=py310h3ec546c_1
      - graphite2=1.3.13=h58526e2_1001
      - graphviz=8.1.0=h28d9a01_0
      - gst-plugins-base=1.22.5=hf7dbed1_0
      - gstreamer=1.22.5=h98fc4e7_0
      - gtk2=2.24.33=h90689f9_2
      - gts=0.7.6=h977cf35_4
      - harfbuzz=7.3.0=hdb3a94d_0
      - hcc-python-stack=1.0=h121872b_1
      - hdf4=4.2.15=h501b40f_6
      - hdf5=1.14.1=nompi_h4f84152_100
      - icu=72.1=hcb278e6_0
      - idna=3.4=pyhd8ed1ab_0
      - importlib-metadata=6.8.0=pyha770c72_0
      - importlib_metadata=6.8.0=hd8ed1ab_0
      - ipykernel=6.25.1=pyh71e2992_0
      - ipython=8.14.0=pyh41d4057_0
      - jedi=0.19.0=pyhd8ed1ab_0
      - joblib=1.3.2=pyhd8ed1ab_0
      - jupyter_client=8.3.0=pyhd8ed1ab_0
      - jupyter_core=5.3.1=py310hff52083_0
      - keyutils=1.6.1=h166bdaf_0
      - kiwisolver=1.4.4=py310hbf28c38_1
      - krb5=1.21.2=h659d440_0
      - lame=3.100=h166bdaf_1003
      - lcms2=2.15=haa2dc70_1
      - ld_impl_linux-64=2.40=h41732ed_0
      - lerc=4.0.0=h27087fc_0
      - libaec=1.0.6=hcb278e6_1
      - libblas=3.9.0=17_linux64_openblas
      - libbrotlicommon=1.0.9=h166bdaf_9
      - libbrotlidec=1.0.9=h166bdaf_9
      - libbrotlienc=1.0.9=h166bdaf_9
      - libcap=2.69=h0f662aa_0
      - libcblas=3.9.0=17_linux64_openblas
      - libclang13=15.0.7=default_h9986a30_3
      - libclang=15.0.7=default_h7634d5b_3
      - libcups=2.3.3=h4637d8d_4
      - libcurl=8.2.1=hca28451_0
      - libdeflate=1.18=h0b41bf4_0
      - libedit=3.1.20191231=he28a2e2_2
      - libev=4.33=h516909a_1
      - libevent=2.1.12=hf998b51_1
      - libexpat=2.5.0=hcb278e6_1
      - libffi=3.4.2=h7f98852_5
      - libflac=1.4.3=h59595ed_0
      - libgcc-ng=13.1.0=he5830b7_0
      - libgcrypt=1.10.1=h166bdaf_0
      - libgd=2.3.3=hfa28ad5_6
      - libgfortran-ng=13.1.0=h69a702a_0
      - libgfortran5=13.1.0=h15d22d2_0
      - libglib=2.76.4=hebfc3b9_0
      - libglu=9.0.0=hac7e632_1002
      - libgomp=13.1.0=he5830b7_0
      - libgpg-error=1.47=h71f35ed_0
      - libiconv=1.17=h166bdaf_0
      - libjpeg-turbo=2.1.5.1=h0b41bf4_0
      - liblapack=3.9.0=17_linux64_openblas
      - libllvm15=15.0.7=h5cf9203_3
      - libnetcdf=4.9.2=nompi_h7e745eb_109
      - libnghttp2=1.52.0=h61bc06f_0
      - libnsl=2.0.0=h7f98852_0
      - libogg=1.3.4=h7f98852_1
      - libopenblas=0.3.23=pthreads_h80387f5_0
      - libopus=1.3.1=h7f98852_1
      - libpng=1.6.39=h753d276_0
      - libpq=15.4=hfc447b1_0
      - librsvg=2.56.3=h98fae49_0
      - libsndfile=1.2.2=hbc2eb40_0
      - libsodium=1.0.18=h36c2ea0_1
      - libsqlite=3.42.0=h2797004_0
      - libssh2=1.11.0=h0841786_0
      - libstdcxx-ng=13.1.0=hfd8a6a1_0
      - libsystemd0=254=h3516f8a_0
      - libtiff=4.5.1=h8b53f26_0
      - libtool=2.4.7=h27087fc_0
      - libuuid=2.38.1=h0b41bf4_0
      - libvorbis=1.3.7=h9c3ff4c_0
      - libwebp-base=1.3.1=hd590300_0
      - libwebp=1.3.1=hbf2b3c1_0
      - libxcb=1.15=h0b41bf4_0
      - libxkbcommon=1.5.0=h5d7e998_3
      - libxml2=2.11.5=h0d562d8_0
      - libzip=1.9.2=hc929e4a_1
      - libzlib=1.2.13=hd590300_5
      - lz4-c=1.9.4=hcb278e6_0
      - matplotlib-base=3.7.2=py310hf38f957_0
      - matplotlib-inline=0.1.6=pyhd8ed1ab_0
      - matplotlib=3.7.2=py310hff52083_0
      - mpc=1.3.1=hfe3b2da_0
      - mpfr=4.2.0=hb012696_0
      - mpg123=1.31.3=hcb278e6_0
      - mpmath=1.3.0=pyhd8ed1ab_0
      - munkres=1.1.4=pyh9f0ad1d_0
      - mysql-common=8.0.33=hf1915f5_2
      - mysql-libs=8.0.33=hca2cd23_2
      - ncurses=6.4=hcb278e6_0
      - nest-asyncio=1.5.6=pyhd8ed1ab_0
      - nspr=4.35=h27087fc_0
      - nss=3.89=he45b914_0
      - numpy=1.25.2=py310ha4c1d20_0
      - openjpeg=2.5.0=hfec8fc6_2
      - openssl=3.1.2=hd590300_0
      - packaging=23.1=pyhd8ed1ab_0
      - pandas=2.0.3=py310h7cbd5c2_1
      - pango=1.50.14=heaa33ce_1
      - parso=0.8.3=pyhd8ed1ab_0
      - patsy=0.5.3=pyhd8ed1ab_0
      - pcre2=10.40=hc3806b6_0
      - pexpect=4.8.0=pyh1a96a4e_2
      - pickleshare=0.7.5=py_1003
      - pillow=10.0.0=py310h582fbeb_0
      - pip=23.2.1=pyhd8ed1ab_0
      - pixman=0.40.0=h36c2ea0_0
      - platformdirs=3.10.0=pyhd8ed1ab_0
      - ply=3.11=py_1
      - pmw=2.0.1=py310hff52083_1007
      - pooch=1.7.0=pyha770c72_3
      - prompt-toolkit=3.0.39=pyha770c72_0
      - prompt_toolkit=3.0.39=hd8ed1ab_0
      - psutil=5.9.5=py310h1fa729e_0
      - pthread-stubs=0.4=h36c2ea0_1001
      - ptyprocess=0.7.0=pyhd3deb0d_0
      - pulseaudio-client=16.1=hb77b528_4
      - pure_eval=0.2.2=pyhd8ed1ab_0
      - pygments=2.16.1=pyhd8ed1ab_0
      - pymol-open-source=2.5.0=py310hf5aebb9_6
      - pyparsing=3.0.9=pyhd8ed1ab_0
      - pyqt5-sip=12.12.2=py310hc6cd4ac_4
      - pyqt=5.15.9=py310h04931ad_4
      - pysocks=1.7.1=pyha2e5f31_6
      - python-dateutil=2.8.2=pyhd8ed1ab_0
      - python-graphviz=0.20.1=pyh22cad53_0
      - python-tzdata=2023.3=pyhd8ed1ab_0
      - python=3.10.12=hd12c33a_0_cpython
      - python_abi=3.10=3_cp310
      - pytz=2023.3=pyhd8ed1ab_0
      - pyzmq=25.1.1=py310h5bbb5d0_0
      - qt-main=5.15.8=h7fe3ca9_15
      - readline=8.2=h8228510_1
      - requests=2.31.0=pyhd8ed1ab_0
      - s2n=1.3.48=h06160fa_0
      - scikit-learn=1.3.0=py310hf7d194e_0
      - scikit-plot=0.3.7=py_1
      - scipy=1.11.1=py310ha4c1d20_0
      - seaborn-base=0.12.2=pyhd8ed1ab_0
      - seaborn=0.12.2=hd8ed1ab_0
      - setuptools=68.0.0=pyhd8ed1ab_0
      - sip=6.7.11=py310hc6cd4ac_0
      - six=1.16.0=pyh6c4a22f_0
      - snappy=1.1.10=h9fff704_0
      - stack_data=0.6.2=pyhd8ed1ab_0
      - statsmodels=0.14.0=py310h278f3c1_1
      - sympy=1.12=pypyh9d50eac_103
      - threadpoolctl=3.2.0=pyha21a80b_0
      - tk=8.6.12=h27826a3_0
      - toml=0.10.2=pyhd8ed1ab_0
      - tomli=2.0.1=pyhd8ed1ab_0
      - tornado=6.3.2=py310h2372a71_0
      - traitlets=5.9.0=pyhd8ed1ab_0
      - typing-extensions=4.7.1=hd8ed1ab_0
      - typing_extensions=4.7.1=pyha770c72_0
      - tzdata=2023c=h71feb2d_0
      - unicodedata2=15.0.0=py310h5764c6d_0
      - urllib3=2.0.4=pyhd8ed1ab_0
      - wcwidth=0.2.6=pyhd8ed1ab_0
      - wheel=0.41.1=pyhd8ed1ab_0
      - xcb-util-image=0.4.0=h8ee46fc_1
      - xcb-util-keysyms=0.4.0=h8ee46fc_1
      - xcb-util-renderutil=0.3.9=hd590300_1
      - xcb-util-wm=0.4.1=h8ee46fc_1
      - xcb-util=0.4.0=hd590300_1
      - xkeyboard-config=2.39=hd590300_0
      - xorg-kbproto=1.0.7=h7f98852_1002
      - xorg-libice=1.1.1=hd590300_0
      - xorg-libsm=1.2.4=h7391055_0
      - xorg-libx11=1.8.6=h8ee46fc_0
      - xorg-libxau=1.0.11=hd590300_0
      - xorg-libxdmcp=1.1.3=h7f98852_0
      - xorg-libxext=1.3.4=h0b41bf4_2
      - xorg-libxrender=0.9.11=hd590300_0
      - xorg-renderproto=0.11.1=h7f98852_1002
      - xorg-xextproto=7.3.0=h0b41bf4_1003
      - xorg-xf86vidmodeproto=2.3.1=h7f98852_1002
      - xorg-xproto=7.0.31=h7f98852_1007
      - xz=5.2.6=h166bdaf_0
      - zeromq=4.3.4=h9c3ff4c_1
      - zipp=3.16.2=pyhd8ed1ab_0
      - zlib=1.2.13=hd590300_5
      - zstd=1.5.2=hfc55251_7
  pymol-open-source-2.5.0-py311:
    locked: true
    env_spec_hash: d5de1ae4f2d9a22a8dc84d436f00f506a7b8719d
    platforms:
    - linux-64
    packages:
      linux-64:
      - _libgcc_mutex=0.1=conda_forge
      - _openmp_mutex=4.5=2_gnu
      - alsa-lib=1.2.9=hd590300_0
      - asttokens=2.2.1=pyhd8ed1ab_0
      - atk-1.0=2.38.0=hd4edc92_1
      - attr=2.5.1=h166bdaf_1
      - aws-c-auth=0.7.3=h28f7589_1
      - aws-c-cal=0.6.1=hc309b26_1
      - aws-c-common=0.9.0=hd590300_0
      - aws-c-compression=0.2.17=h4d4d85c_2
      - aws-c-event-stream=0.3.1=h2e3709c_4
      - aws-c-http=0.7.11=h00aa349_4
      - aws-c-io=0.13.32=h4a1a131_0
      - aws-c-mqtt=0.9.3=hb447be9_1
      - aws-c-s3=0.3.14=hf3aad02_1
      - aws-c-sdkutils=0.1.12=h4d4d85c_1
      - aws-checksums=0.1.17=h4d4d85c_1
      - aws-crt-cpp=0.21.0=hb942446_5
      - aws-sdk-cpp=1.10.57=h85b1a90_19
      - backcall=0.2.0=pyh9f0ad1d_0
      - backports.functools_lru_cache=1.6.5=pyhd8ed1ab_0
      - backports=1.0=pyhd8ed1ab_3
      - blosc=1.21.4=h0f2a231_0
      - brotli-bin=1.0.9=h166bdaf_9
      - brotli-python=1.0.9=py311ha362b79_9
      - brotli=1.0.9=h166bdaf_9
      - bzip2=1.0.8=h7f98852_4
      - c-ares=1.19.1=hd590300_0
      - ca-certificates=2023.7.22=hbcca054_0
      - cairo=1.16.0=hbbf8b49_1016
      - certifi=2023.7.22=pyhd8ed1ab_0
      - charset-normalizer=3.2.0=pyhd8ed1ab_0
      - comm=0.1.4=pyhd8ed1ab_0
      - contourpy=1.1.0=py311h9547e67_0
      - cycler=0.11.0=pyhd8ed1ab_0
      - dbus=1.13.6=h5008d03_3
      - debugpy=1.6.8=py311hb755f60_0
      - decorator=5.1.1=pyhd8ed1ab_0
      - executing=1.2.0=pyhd8ed1ab_0
      - expat=2.5.0=hcb278e6_1
      - font-ttf-dejavu-sans-mono=2.37=hab24e00_0
      - font-ttf-inconsolata=3.000=h77eed37_0
      - font-ttf-source-code-pro=2.038=h77eed37_0
      - font-ttf-ubuntu=0.83=hab24e00_0
      - fontconfig=2.14.2=h14ed4e7_0
      - fonts-conda-ecosystem=1=0
      - fonts-conda-forge=1=0
      - fonttools=4.42.0=py311h459d7ec_0
      - freetype=2.12.1=hca18f0e_1
      - fribidi=1.0.10=h36c2ea0_0
      - gdk-pixbuf=2.42.10=h6b639ba_2
      - gettext=0.21.1=h27087fc_0
      - giflib=5.2.1=h0b41bf4_3
      - glew=2.1.0=h9c3ff4c_2
      - glib-tools=2.76.4=hfc55251_0
      - glib=2.76.4=hfc55251_0
      - glm=0.9.9.8=h00ab1b0_0
      - gmp=6.2.1=h58526e2_0
      - gmpy2=2.1.2=py311h6a5fa03_1
      - graphite2=1.3.13=h58526e2_1001
      - graphviz=8.1.0=h28d9a01_0
      - gst-plugins-base=1.22.5=hf7dbed1_0
      - gstreamer=1.22.5=h98fc4e7_0
      - gtk2=2.24.33=h90689f9_2
      - gts=0.7.6=h977cf35_4
      - harfbuzz=7.3.0=hdb3a94d_0
      - hcc-python-stack=1.0=h121872b_1
      - hdf4=4.2.15=h501b40f_6
      - hdf5=1.14.1=nompi_h4f84152_100
      - icu=72.1=hcb278e6_0
      - idna=3.4=pyhd8ed1ab_0
      - importlib-metadata=6.8.0=pyha770c72_0
      - importlib_metadata=6.8.0=hd8ed1ab_0
      - ipykernel=6.25.1=pyh71e2992_0
      - ipython=8.14.0=pyh41d4057_0
      - jedi=0.19.0=pyhd8ed1ab_0
      - joblib=1.3.2=pyhd8ed1ab_0
      - jupyter_client=8.3.0=pyhd8ed1ab_0
      - jupyter_core=5.3.1=py311h38be061_0
      - keyutils=1.6.1=h166bdaf_0
      - kiwisolver=1.4.4=py311h4dd048b_1
      - krb5=1.21.2=h659d440_0
      - lame=3.100=h166bdaf_1003
      - lcms2=2.15=haa2dc70_1
      - ld_impl_linux-64=2.40=h41732ed_0
      - lerc=4.0.0=h27087fc_0
      - libaec=1.0.6=hcb278e6_1
      - libblas=3.9.0=17_linux64_openblas
      - libbrotlicommon=1.0.9=h166bdaf_9
      - libbrotlidec=1.0.9=h166bdaf_9
      - libbrotlienc=1.0.9=h166bdaf_9
      - libcap=2.69=h0f662aa_0
      - libcblas=3.9.0=17_linux64_openblas
      - libclang13=15.0.7=default_h9986a30_3
      - libclang=15.0.7=default_h7634d5b_3
      - libcups=2.3.3=h4637d8d_4
      - libcurl=8.2.1=hca28451_0
      - libdeflate=1.18=h0b41bf4_0
      - libedit=3.1.20191231=he28a2e2_2
      - libev=4.33=h516909a_1
      - libevent=2.1.12=hf998b51_1
      - libexpat=2.5.0=hcb278e6_1
      - libffi=3.4.2=h7f98852_5
      - libflac=1.4.3=h59595ed_0
      - libgcc-ng=13.1.0=he5830b7_0
      - libgcrypt=1.10.1=h166bdaf_0
      - libgd=2.3.3=hfa28ad5_6
      - libgfortran-ng=13.1.0=h69a702a_0
      - libgfortran5=13.1.0=h15d22d2_0
      - libglib=2.76.4=hebfc3b9_0
      - libglu=9.0.0=hac7e632_1002
      - libgomp=13.1.0=he5830b7_0
      - libgpg-error=1.47=h71f35ed_0
      - libiconv=1.17=h166bdaf_0
      - libjpeg-turbo=2.1.5.1=h0b41bf4_0
      - liblapack=3.9.0=17_linux64_openblas
      - libllvm15=15.0.7=h5cf9203_3
      - libnetcdf=4.9.2=nompi_h7e745eb_109
      - libnghttp2=1.52.0=h61bc06f_0
      - libnsl=2.0.0=h7f98852_0
      - libogg=1.3.4=h7f98852_1
      - libopenblas=0.3.23=pthreads_h80387f5_0
      - libopus=1.3.1=h7f98852_1
      - libpng=1.6.39=h753d276_0
      - libpq=15.4=hfc447b1_0
      - librsvg=2.56.3=h98fae49_0
      - libsndfile=1.2.2=hbc2eb40_0
      - libsodium=1.0.18=h36c2ea0_1
      - libsqlite=3.42.0=h2797004_0
      - libssh2=1.11.0=h0841786_0
      - libstdcxx-ng=13.1.0=hfd8a6a1_0
      - libsystemd0=254=h3516f8a_0
      - libtiff=4.5.1=h8b53f26_0
      - libtool=2.4.7=h27087fc_0
      - libuuid=2.38.1=h0b41bf4_0
      - libvorbis=1.3.7=h9c3ff4c_0
      - libwebp-base=1.3.1=hd590300_0
      - libwebp=1.3.1=hbf2b3c1_0
      - libxcb=1.15=h0b41bf4_0
      - libxkbcommon=1.5.0=h5d7e998_3
      - libxml2=2.11.5=h0d562d8_0
      - libzip=1.9.2=hc929e4a_1
      - libzlib=1.2.13=hd590300_5
      - lz4-c=1.9.4=hcb278e6_0
      - matplotlib-base=3.7.2=py311h54ef318_0
      - matplotlib-inline=0.1.6=pyhd8ed1ab_0
      - matplotlib=3.7.2=py311h38be061_0
      - mpc=1.3.1=hfe3b2da_0
      - mpfr=4.2.0=hb012696_0
      - mpg123=1.31.3=hcb278e6_0
      - mpmath=1.3.0=pyhd8ed1ab_0
      - munkres=1.1.4=pyh9f0ad1d_0
      - mysql-common=8.0.33=hf1915f5_2
      - mysql-libs=8.0.33=hca2cd23_2
      - ncurses=6.4=hcb278e6_0
      - nest-asyncio=1.5.6=pyhd8ed1ab_0
      - nspr=4.35=h27087fc_0
      - nss=3.89=he45b914_0
      - numpy=1.25.2=py311h64a7726_0
      - openjpeg=2.5.0=hfec8fc6_2
      - openssl=3.1.2=hd590300_0
      - packaging=23.1=pyhd8ed1ab_0
      - pandas=2.0.3=py311h320fe9a_1
      - pango=1.50.14=heaa33ce_1
      - parso=0.8.3=pyhd8ed1ab_0
      - patsy=0.5.3=pyhd8ed1ab_0
      - pcre2=10.40=hc3806b6_0
      - pexpect=4.8.0=pyh1a96a4e_2
      - pickleshare=0.7.5=py_1003
      - pillow=10.0.0=py311h0b84326_0
      - pip=23.2.1=pyhd8ed1ab_0
      - pixman=0.40.0=h36c2ea0_0
      - platformdirs=3.10.0=pyhd8ed1ab_0
      - ply=3.11=py_1
      - pmw=2.0.1=py311h38be061_1007
      - pooch=1.7.0=pyha770c72_3
      - prompt-toolkit=3.0.39=pyha770c72_0
      - prompt_toolkit=3.0.39=hd8ed1ab_0
      - psutil=5.9.5=py311h2582759_0
      - pthread-stubs=0.4=h36c2ea0_1001
      - ptyprocess=0.7.0=pyhd3deb0d_0
      - pulseaudio-client=16.1=hb77b528_4
      - pure_eval=0.2.2=pyhd8ed1ab_0
      - pygments=2.16.1=pyhd8ed1ab_0
      - pymol-open-source=2.5.0=py311hf3bc80d_6
      - pyparsing=3.0.9=pyhd8ed1ab_0
      - pyqt5-sip=12.12.2=py311hb755f60_4
      - pyqt=5.15.9=py311hf0fb5b6_4
      - pysocks=1.7.1=pyha2e5f31_6
      - python-dateutil=2.8.2=pyhd8ed1ab_0
      - python-graphviz=0.20.1=pyh22cad53_0
      - python-tzdata=2023.3=pyhd8ed1ab_0
      - python=3.11.4=hab00c5b_0_cpython
      - python_abi=3.11=3_cp311
      - pytz=2023.3=pyhd8ed1ab_0
      - pyzmq=25.1.1=py311h75c88c4_0
      - qt-main=5.15.8=h7fe3ca9_15
      - readline=8.2=h8228510_1
      - requests=2.31.0=pyhd8ed1ab_0
      - s2n=1.3.48=h06160fa_0
      - scikit-learn=1.3.0=py311hc009520_0
      - scikit-plot=0.3.7=py_1
      - scipy=1.11.1=py311h64a7726_0
      - seaborn-base=0.12.2=pyhd8ed1ab_0
      - seaborn=0.12.2=hd8ed1ab_0
      - setuptools=68.0.0=pyhd8ed1ab_0
      - sip=6.7.11=py311hb755f60_0
      - six=1.16.0=pyh6c4a22f_0
      - snappy=1.1.10=h9fff704_0
      - stack_data=0.6.2=pyhd8ed1ab_0
      - statsmodels=0.14.0=py311h1f0f07a_1
      - sympy=1.12=pypyh9d50eac_103
      - threadpoolctl=3.2.0=pyha21a80b_0
      - tk=8.6.12=h27826a3_0
      - toml=0.10.2=pyhd8ed1ab_0
      - tomli=2.0.1=pyhd8ed1ab_0
      - tornado=6.3.2=py311h459d7ec_0
      - traitlets=5.9.0=pyhd8ed1ab_0
      - typing-extensions=4.7.1=hd8ed1ab_0
      - typing_extensions=4.7.1=pyha770c72_0
      - tzdata=2023c=h71feb2d_0
      - urllib3=2.0.4=pyhd8ed1ab_0
      - wcwidth=0.2.6=pyhd8ed1ab_0
      - wheel=0.41.1=pyhd8ed1ab_0
      - xcb-util-image=0.4.0=h8ee46fc_1
      - xcb-util-keysyms=0.4.0=h8ee46fc_1
      - xcb-util-renderutil=0.3.9=hd590300_1
      - xcb-util-wm=0.4.1=h8ee46fc_1
      - xcb-util=0.4.0=hd590300_1
      - xkeyboard-config=2.39=hd590300_0
      - xorg-kbproto=1.0.7=h7f98852_1002
      - xorg-libice=1.1.1=hd590300_0
      - xorg-libsm=1.2.4=h7391055_0
      - xorg-libx11=1.8.6=h8ee46fc_0
      - xorg-libxau=1.0.11=hd590300_0
      - xorg-libxdmcp=1.1.3=h7f98852_0
      - xorg-libxext=1.3.4=h0b41bf4_2
      - xorg-libxrender=0.9.11=hd590300_0
      - xorg-renderproto=0.11.1=h7f98852_1002
      - xorg-xextproto=7.3.0=h0b41bf4_1003
      - xorg-xf86vidmodeproto=2.3.1=h7f98852_1002
      - xorg-xproto=7.0.31=h7f98852_1007
      - xz=5.2.6=h166bdaf_0
      - zeromq=4.3.4=h9c3ff4c_1
      - zipp=3.16.2=pyhd8ed1ab_0
      - zlib=1.2.13=hd590300_5
      - zstd=1.5.2=hfc55251_7
