# This is an Anaconda project lock file.
# The lock file locks down exact versions of all your dependencies.
#
# In most cases, this file is automatically maintained by the `anaconda-project` command or GUI tools.
# It's best to keep this file in revision control (such as git or svn).
# The file is in YAML format, please see http://www.yaml.org/start.html for more.
#

#
# Set to false to ignore locked versions.
locking_enabled: true



#
# A key goes in here for each env spec.
#
env_specs:
  gubbins-2.3.4:
    locked: true
    env_spec_hash: d578324a2781f086594cbc5dfafed3bbbbef5b37
    platforms:
    - linux-64
    packages:
      linux-64:
      - biopython=1.73=py36h14c3975_0
      - ca-certificates=2019.3.9=hecc5488_0
      - certifi=2019.3.9=py36_0
      - dendropy=4.4.0=py_0
      - fasttree=2.1.10=h470a237_2
      - freetype=2.10.0=he983fc9_0
      - gubbins=2.3.4=py36ha92aebf_0
      - jpeg=9c=h14c3975_1001
      - libblas=3.8.0=4_openblas
      - libcblas=3.8.0=4_openblas
      - libffi=3.2.1=he1b5a44_1006
      - libgcc-ng=8.2.0=hdf63c60_1
      - libgfortran=3.0.0=1
      - liblapack=3.8.0=4_openblas
      - libpng=1.6.36=h84994c4_1000
      - libstdcxx-ng=8.2.0=hdf63c60_1
      - libtiff=4.0.10=h648cc4a_1001
      - ncurses=6.1=hf484d3e_1002
      - nose=1.3.7=py36_1002
      - numpy=1.16.2=py36h8b7e671_1
      - olefile=0.46=py_0
      - openblas=0.3.5=ha44fe06_0
      - openssl=1.1.1b=h14c3975_1
      - pillow=5.4.1=py36h00a061d_1000
      - pip=19.0.3=py36_0
      - python=3.6.7=h381d211_1004
      - raxml=8.2.12=h470a237_0
      - readline=7.0=hf8c457e_1001
      - reportlab=3.5.15=py36h7d98c4e_0
      - setuptools=40.8.0=py36_0
      - sqlite=3.26.0=h67949de_1001
      - tk=8.6.9=h84994c4_1001
      - wheel=0.33.1=py36_0
      - xz=5.2.4=h14c3975_1001
      - zlib=1.2.11=h14c3975_1004


  gubbins-3.1.6:
    locked: true
    env_spec_hash: 786ddeadc37d34405bdf6245e73a609d62cd7287
    platforms:
    - linux-64
    packages:
      linux-64:
      - _libgcc_mutex=0.1=conda_forge
      - _openmp_mutex=4.5=1_gnu
      - biopython=1.79=py39h3811e60_1
      - bzip2=1.0.8=h7f98852_4
      - ca-certificates=2021.10.8=ha878542_0
      - dendropy=4.5.2=pyh3252c3a_0
      - dill=0.3.4=pyhd8ed1ab_0
      - fasttree=2.1.10=h779adbc_6
      - freetype=2.10.4=h0708190_1
      - giflib=5.2.1=h36c2ea0_2
      - gmp=6.2.1=h58526e2_0
      - gubbins=3.1.6=py39hd1f1204_0
      - iqtree=2.0.3=h176a8bc_1
      - jbig=2.1=h7f98852_2003
      - jpeg=9e=h7f98852_0
      - lcms2=2.12=hddcbb42_0
      - ld_impl_linux-64=2.36.1=hea4e1c9_2
      - lerc=3.0=h9c3ff4c_0
      - libblas=3.9.0=13_linux64_openblas
      - libcblas=3.9.0=13_linux64_openblas
      - libdeflate=1.8=h7f98852_0
      - libffi=3.4.2=h7f98852_5
      - libgcc-ng=11.2.0=h1d223b6_12
      - libgfortran-ng=11.2.0=h69a702a_12
      - libgfortran5=11.2.0=h5c6108e_12
      - libgomp=11.2.0=h1d223b6_12
      - libimagequant=2.15.1=h7f98852_0
      - liblapack=3.9.0=13_linux64_openblas
      - libllvm11=11.1.0=hf817b99_2
      - libnsl=2.0.0=h7f98852_0
      - libopenblas=0.3.18=pthreads_h8fe5266_0
      - libpng=1.6.37=h21135ba_2
      - libstdcxx-ng=11.2.0=he4da1e4_12
      - libtiff=4.3.0=h6f004c6_2
      - libuuid=2.32.1=h7f98852_1000
      - libwebp-base=1.2.2=h7f98852_1
      - libwebp=1.2.2=h3452ae3_0
      - libxcb=1.13=h7f98852_1004
      - libzlib=1.2.11=h36c2ea0_1013
      - llvmlite=0.38.0=py39h1bbdace_0
      - lz4-c=1.9.3=h9c3ff4c_1
      - mpi=1.0=openmpi
      - multiprocess=0.70.12.2=py39h3811e60_1
      - ncurses=6.3=h9c3ff4c_0
      - numba=0.55.1=py39h56b8d98_0
      - numpy=1.21.5=py39haac66dc_0
      - openjpeg=2.4.0=hb52868f_1
      - openmpi=4.0.5=h9b22176_4
      - openssl=3.0.0=h7f98852_2
      - pillow=8.3.1=py39hea316b5_1000
      - pip=22.0.3=pyhd8ed1ab_0
      - pthread-stubs=0.4=h36c2ea0_1001
      - python=3.9.10=hc74c709_2_cpython
      - python_abi=3.9=2_cp39
      - rapidnj=2.3.2=h7d875b9_1
      - raxml-ng=1.0.1=h7447c1b_0
      - raxml=8.2.12=h779adbc_3
      - readline=8.1=h46c0cb4_0
      - reportlab=3.5.68=py39he59360d_1
      - scipy=1.8.0=py39hee8e79c_0
      - setuptools=60.8.1=py39hf3d152e_0
      - sqlite=3.37.0=h9cd32fc_0
      - tk=8.6.11=h27826a3_1
      - tzdata=2021e=he74cb21_0
      - wheel=0.37.1=pyhd8ed1ab_0
      - xorg-libxau=1.0.9=h7f98852_0
      - xorg-libxdmcp=1.1.3=h7f98852_0
      - xz=5.2.5=h516909a_1
      - zlib=1.2.11=h36c2ea0_1013
      - zstd=1.5.2=ha95c52a_0
