# This is an Anaconda project lock file.
# The lock file locks down exact versions of all your dependencies.
#
# In most cases, this file is automatically maintained by the `anaconda-project` command or GUI tools.
# It's best to keep this file in revision control (such as git or svn).
# The file is in YAML format, please see http://www.yaml.org/start.html for more.
#

#
# Set to false to ignore locked versions.
#
locking_enabled: true

env_specs:
  grime-ai-1.1.0.0:
    locked: true
    env_spec_hash: 1fd3cd404efbf906c964581372050f1977fe09d7
    platforms:
    - linux-64
    packages:
      linux-64:
      - _openmp_mutex=4.5=7_kmp_llvm
      - _python_abi3_support=1.0=hd8ed1ab_2
      - _r-mutex=1.0.1=anacondar_1
      - accelerate=1.12.0=pyhcf101f3_0
      - alsa-lib=1.2.15.3=hb03c661_0
      - antlr-python-runtime=4.9.3=pyhd8ed1ab_1
      - aom=3.9.1=hac33072_0
      - attr=2.5.2=h39aace5_0
      - attrs=25.4.0=pyhcf101f3_1
      - aws-c-auth=0.9.3=hef928c7_0
      - aws-c-cal=0.9.13=h2c9d079_1
      - aws-c-common=0.12.6=hb03c661_0
      - aws-c-compression=0.3.1=h8b1a151_9
      - aws-c-event-stream=0.5.7=h28f887f_1
      - aws-c-http=0.10.7=ha8fc4e3_5
      - aws-c-io=0.23.3=hdaf4b65_5
      - aws-c-mqtt=0.13.3=hc63082f_11
      - aws-c-s3=0.11.3=h06ab39a_1
      - aws-c-sdkutils=0.2.4=h8b1a151_4
      - aws-checksums=0.2.7=h8b1a151_5
      - aws-crt-cpp=0.35.4=h8824e59_0
      - aws-sdk-cpp=1.11.606=h20b40b1_10
      - azure-core-cpp=1.16.2=h206d751_0
      - azure-identity-cpp=1.13.3=hed0cdb0_1
      - azure-storage-blobs-cpp=12.16.0=hdd73cc9_1
      - azure-storage-common-cpp=12.12.0=ha7a2c86_1
      - azure-storage-files-datalake-cpp=12.14.0=h52c5a47_1
      - backports.zstd=1.3.0=py312h90b7ffd_0
      - beautifulsoup4=4.14.3=pyha770c72_0
      - binutils_impl_linux-64=2.45.1=default_hfdba357_101
      - blosc=1.21.6=he440d0b_1
      - brotli-bin=1.2.0=hb03c661_1
      - brotli-python=1.2.0=py312hdb49522_1
      - brotli=1.2.0=hed03a55_1
      - brunsli=0.1=hd1e3526_2
      - bs4=4.14.3=hd8ed1ab_0
      - bwidget=1.10.1=ha770c72_1
      - bzip2=1.0.8=hda65f42_9
      - c-ares=1.34.6=hb03c661_0
      - c-blosc2=2.23.0=hc31b594_0
      - ca-certificates=2026.1.4=hbd8a1cb_0
      - cached-property=1.5.2=hd8ed1ab_1
      - cached_property=1.5.2=pyha770c72_1
      - cairo=1.18.4=h3394656_0
      - certifi=2026.1.4=pyhd8ed1ab_0
      - cffi=2.0.0=py312h460c074_1
      - charls=2.4.2=h59595ed_0
      - charset-normalizer=3.4.4=pyhd8ed1ab_0
      - coloredlogs=15.0.1=pyhd8ed1ab_4
      - contourpy=1.3.3=py312h0a2e395_4
      - cpython=3.12.12=py312hd8ed1ab_2
      - cuda-crt-tools=12.9.86=ha770c72_2
      - cuda-cudart=12.9.79=h5888daf_0
      - cuda-cudart_linux-64=12.9.79=h3f2d84a_0
      - cuda-cuobjdump=12.9.82=hffce074_1
      - cuda-cupti=12.9.79=h676940d_1
      - cuda-nvcc-tools=12.9.86=he02047a_2
      - cuda-nvdisasm=12.9.88=hffce074_1
      - cuda-nvrtc=12.9.86=hecca717_1
      - cuda-nvtx=12.9.79=hecca717_1
      - cuda-nvvm-tools=12.9.86=h4bc722e_2
      - cuda-version=12.9=h4f385c5_3
      - cudnn=9.10.2.21=hbcb9cd8_0
      - curl=8.18.0=h4e3cde8_0
      - cycler=0.12.1=pyhcf101f3_2
      - cyrus-sasl=2.1.28=hd9c7081_0
      - dataclasses=0.8=pyhc8e2a94_3
      - dav1d=1.2.1=hd590300_0
      - dbus=1.16.2=h24cb091_1
      - defusedxml=0.7.1=pyhd8ed1ab_0
      - double-conversion=3.4.0=hecca717_0
      - et_xmlfile=2.0.0=pyhd8ed1ab_1
      - exceptiongroup=1.3.1=pyhd8ed1ab_0
      - exifreader=0.1.1=pyhd8ed1ab_0
      - ffmpeg=8.0.1=gpl_hf49784d_508
      - filelock=3.24.3=pyhd8ed1ab_0
      - font-ttf-dejavu-sans-mono=2.37=hab24e00_0
      - font-ttf-inconsolata=3.000=h77eed37_0
      - font-ttf-source-code-pro=2.038=h77eed37_0
      - font-ttf-ubuntu=0.83=h77eed37_3
      - fontconfig=2.17.1=h27c8c51_0
      - fonts-conda-ecosystem=1=0
      - fonts-conda-forge=1=hc364b38_1
      - fonttools=4.61.1=py312h8a5da7c_0
      - freeglut=3.2.2=ha6d2627_3
      - freetype=2.14.1=ha770c72_0
      - fribidi=1.0.16=hb03c661_0
      - fsspec=2026.2.0=pyhd8ed1ab_0
      - gcc_impl_linux-64=14.3.0=hbdf3cc3_18
      - gdk-pixbuf=2.44.5=h2b0a6b4_1
      - gflags=2.2.2=h5888daf_1005
      - gfortran_impl_linux-64=14.3.0=h1a219da_18
      - giflib=5.2.2=hd590300_0
      - glib-tools=2.86.4=hf516916_1
      - glib=2.86.4=h5192d8d_1
      - glog=0.7.1=hbabe93e_0
      - glslang=16.2.0=h96af755_1
      - gmp=6.3.0=hac33072_2
      - gmpy2=2.2.1=py312hcaba1f9_2
      - google-crc32c=1.8.0=py312h03f33d3_1
      - graphite2=1.3.14=hecca717_2
      - grime-ai-post=1.0.1=py312h7900ff3_1
      - grime-ai=1.1.0.0=pyhd8ed1ab_13
      - gsl=2.7=he838d99_0
      - gst-plugins-base=1.24.11=h651a532_0
      - gst-plugins-good=1.18.5=h0661c57_2
      - gstreamer=1.24.11=hc37bda9_0
      - gxx_impl_linux-64=14.3.0=h2185e75_18
      - h11=0.16.0=pyhcf101f3_1
      - h2=4.3.0=pyhcf101f3_0
      - h5py=3.15.1=nompi_py312ha4f8f14_101
      - harfbuzz=12.2.0=h15599e2_0
      - hdf5=1.14.6=nompi_h19486de_106
      - hf-xet=1.2.1=py310hb823017_0
      - hpack=4.1.0=pyhd8ed1ab_0
      - html5lib=1.1=pyhd8ed1ab_2
      - huggingface_hub=0.36.0=pyhd8ed1ab_0
      - humanfriendly=10.0=pyh707e725_8
      - hydra-core=1.3.2=pyhd8ed1ab_1
      - hyperframe=6.1.0=pyhd8ed1ab_0
      - icu=75.1=he02047a_0
      - idna=3.11=pyhd8ed1ab_0
      - imagecodecs=2026.1.14=py312h40df4bb_1
      - imageio=2.36.1=pyh12aca89_1
      - imath=3.2.2=hde8ca8f_0
      - importlib-metadata=8.7.0=pyhe01879c_1
      - importlib-resources=6.5.2=pyhd8ed1ab_0
      - importlib_resources=6.5.2=pyhd8ed1ab_0
      - intel-gmmlib=22.9.0=hb700be7_0
      - intel-media-driver=25.3.4=hecca717_0
      - iopath=0.1.10=pyhd8ed1ab_0
      - jack=1.9.22=hf4617a5_3
      - jasper=4.2.8=he3c4edf_0
      - jinja2=3.1.6=pyhcf101f3_1
      - joblib=1.5.3=pyhd8ed1ab_0
      - jxrlib=1.1=hd590300_3
      - kernel-headers_linux-64=4.18.0=he073ed8_9
      - keyutils=1.6.3=hb9d3cd8_0
      - kiwisolver=1.4.9=py312h0a2e395_2
      - krb5=1.21.3=h659f571_0
      - lame=3.100=h166bdaf_1003
      - lazy-loader=0.4=pyhd8ed1ab_2
      - lazy_loader=0.4=pyhd8ed1ab_2
      - lcms2=2.18=h0c24ade_0
      - ld_impl_linux-64=2.45.1=default_hbd61a6d_101
      - lerc=4.0.0=h0aef613_1
      - level-zero=1.28.0=hb700be7_0
      - libabseil=20250512.1=cxx17_hba17884_0
      - libaec=1.1.5=h088129d_0
      - libarrow-acero=23.0.0=h635bf11_2_cuda
      - libarrow-compute=23.0.0=h8c2c5c3_2_cuda
      - libarrow-dataset=23.0.0=h635bf11_2_cuda
      - libarrow-substrait=23.0.0=h3f74fd7_2_cuda
      - libarrow=23.0.0=h258748b_2_cuda
      - libass=0.17.4=h96ad9f0_0
      - libavif16=1.3.0=h6395336_2
      - libblas=3.11.0=5_h5875eb1_mkl
      - libbrotlicommon=1.2.0=hb03c661_1
      - libbrotlidec=1.2.0=hb03c661_1
      - libbrotlienc=1.2.0=hb03c661_1
      - libcap=2.77=h3ff7636_0
      - libcblas=3.11.0=5_hfef963f_mkl
      - libclang-cpp21.1=21.1.8=default_h99862b1_3
      - libclang13=21.1.8=default_h746c552_3
      - libcrc32c=1.1.2=h9c3ff4c_0
      - libcublas=12.9.1.4=h676940d_1
      - libcudnn-dev=9.10.2.21=h58dd1b1_0
      - libcudnn=9.10.2.21=hf7e9902_0
      - libcudss=0.7.1.4=h58dd1b1_1
      - libcufft=11.4.1.4=hecca717_1
      - libcufile=1.14.1.1=hbc026e6_1
      - libcups=2.3.3=hb8b1518_5
      - libcurand=10.3.10.19=h676940d_1
      - libcurl=8.18.0=h4e3cde8_0
      - libcusolver=11.7.5.82=h676940d_2
      - libcusparse=12.5.10.65=hecca717_2
      - libde265=1.0.15=h00ab1b0_0
      - libdeflate=1.25=h17f619e_0
      - libdrm=2.4.125=hb03c661_1
      - libedit=3.1.20250104=pl5321h7949ede_0
      - libegl=1.7.0=ha4b6fd6_2
      - libev=4.33=hd590300_2
      - libevent=2.1.12=hf998b51_1
      - libexpat=2.7.4=hecca717_0
      - libffi=3.5.2=h3435931_0
      - libflac=1.5.0=he200343_1
      - libfreetype6=2.14.1=h73754d4_0
      - libfreetype=2.14.1=ha770c72_0
      - libgcc-devel_linux-64=14.3.0=hf649bbc_118
      - libgcc-ng=15.2.0=h69a702a_18
      - libgcc=15.2.0=he0feb66_18
      - libgfortran-ng=15.2.0=h69a702a_18
      - libgfortran5=15.2.0=h68bc16d_18
      - libgfortran=15.2.0=h69a702a_18
      - libgl=1.7.0=ha4b6fd6_2
      - libglib=2.86.4=h6548e54_1
      - libglu=9.0.3=h5888daf_1
      - libglvnd=1.7.0=ha4b6fd6_2
      - libglx=1.7.0=ha4b6fd6_2
      - libgomp=15.2.0=he0feb66_18
      - libgoogle-cloud-storage=2.39.0=hdbdcf42_0
      - libgoogle-cloud=2.39.0=hdb79228_0
      - libgrpc=1.73.1=h3288cfb_1
      - libheif=1.19.7=gpl_hc18d805_100
      - libhwloc=2.12.2=default_hafda6a7_1000
      - libhwy=1.3.0=h4c17acf_1
      - libiconv=1.18=h3b78370_2
      - libjpeg-turbo=3.1.2=hb03c661_0
      - libjxl=0.11.2=ha09017c_0
      - liblapack=3.11.0=5_h5e43f62_mkl
      - liblapacke=3.11.0=5_hdba1596_mkl
      - libllvm21=21.1.8=hf7376ad_0
      - liblzma=5.8.2=hb03c661_0
      - libmagma=2.9.0=ha7672b3_6
      - libnghttp2=1.67.0=had1ee68_0
      - libnl=3.11.0=hb9d3cd8_0
      - libnsl=2.0.1=hb9d3cd8_1
      - libntlm=1.8=hb9d3cd8_0
      - libnvjitlink=12.9.86=hecca717_2
      - libnvjpeg=12.4.0.76=hecca717_1
      - libogg=1.3.5=hd0c01bc_1
      - libopencv=4.12.0=qt6_py312h52d6ec5_612
      - libopengl=1.7.0=ha4b6fd6_2
      - libopentelemetry-cpp-headers=1.21.0=ha770c72_1
      - libopentelemetry-cpp=1.21.0=hb9b0907_1
      - libopenvino-auto-batch-plugin=2025.4.1=hd85de46_1
      - libopenvino-auto-plugin=2025.4.1=hd85de46_1
      - libopenvino-hetero-plugin=2025.4.1=hd41364c_1
      - libopenvino-intel-cpu-plugin=2025.4.1=hb56ce9e_1
      - libopenvino-intel-gpu-plugin=2025.4.1=hb56ce9e_1
      - libopenvino-intel-npu-plugin=2025.4.1=hb56ce9e_1
      - libopenvino-ir-frontend=2025.4.1=hd41364c_1
      - libopenvino-onnx-frontend=2025.4.1=h1862bb8_1
      - libopenvino-paddle-frontend=2025.4.1=h1862bb8_1
      - libopenvino-pytorch-frontend=2025.4.1=hecca717_1
      - libopenvino-tensorflow-frontend=2025.4.1=h0767aad_1
      - libopenvino-tensorflow-lite-frontend=2025.4.1=hecca717_1
      - libopenvino=2025.4.1=hb56ce9e_1
      - libopus=1.6.1=h280c20c_0
      - libparquet=23.0.0=h7376487_2_cuda
      - libpciaccess=0.18=hb9d3cd8_0
      - libpng=1.6.55=h421ea60_0
      - libpq=18.1=h5c52fec_2
      - libprotobuf=6.31.1=h49aed37_4
      - libre2-11=2025.11.05=h7b12aa8_0
      - librsvg=2.60.2=h61e6d4b_0
      - libsanitizer=14.3.0=h8f1669f_18
      - libsndfile=1.2.2=hc7d488a_2
      - libsqlite=3.51.2=h0c1763c_0
      - libssh2=1.11.1=hcf80075_0
      - libstdcxx-devel_linux-64=14.3.0=h9f08a49_118
      - libstdcxx-ng=15.2.0=hdf11a46_18
      - libstdcxx=15.2.0=h934c35e_18
      - libsystemd0=257.10=hd0affe5_4
      - libthrift=0.22.0=h454ac66_1
      - libtiff=4.7.1=h9d88235_1
      - libtorch=2.8.0=cuda129_mkl_hf53477d_302
      - libudev1=257.10=hd0affe5_4
      - libunwind=1.8.3=h65a8314_0
      - liburing=2.14=hb700be7_0
      - libusb=1.0.29=h73b1eb8_0
      - libutf8proc=2.11.3=hfe17d71_0
      - libuuid=2.41.3=h5347b49_0
      - libuv=1.51.0=hb03c661_1
      - libva=2.23.0=he1eb515_0
      - libvorbis=1.3.7=h54a6638_2
      - libvpl=2.15.0=h54a6638_1
      - libvpx=1.15.2=hecca717_0
      - libvulkan-loader=1.4.341.0=h5279c79_0
      - libwebp-base=1.6.0=hd42ef1d_0
      - libwebp=1.6.0=h9635ea4_0
      - libxcb=1.17.0=h8a09558_0
      - libxcrypt=4.4.36=hd590300_1
      - libxkbcommon=1.13.1=hca5e8e5_0
      - libxml2-16=2.15.1=ha9997c6_0
      - libxml2=2.15.1=h26afc86_0
      - libxslt=1.1.43=h711ed8c_1
      - libzlib=1.3.1=hb9d3cd8_2
      - libzopfli=1.0.3=h9c3ff4c_0
      - llvm-openmp=21.1.8=h4922eb0_0
      - lz4-c=1.10.0=h5888daf_1
      - make=4.4.1=hb9d3cd8_2
      - markupsafe=3.0.3=py312h8a5da7c_0
      - matplotlib-base=3.10.8=py312he3d6523_0
      - matplotlib=3.10.8=py312h7900ff3_0
      - mkl=2025.3.0=h0e700b2_463
      - ml_dtypes=0.5.4=np2py312h0f77346_1
      - mpc=1.3.1=h24ddda3_1
      - mpfr=4.2.1=h90cbb55_3
      - mpg123=1.32.9=hc50e24c_0
      - mpmath=1.4.0=pyhd8ed1ab_0
      - munkres=1.1.4=pyhd8ed1ab_1
      - nccl=2.29.3.1=h4d09622_0
      - ncurses=6.5=h2d0b736_3
      - neonutilities=1.2.1=pyhcf101f3_0
      - networkx=3.6.1=pyhcf101f3_0
      - nlohmann_json=3.12.0=h54a6638_1
      - nspr=4.38=h29cc59b_0
      - nss=3.118=h445c969_0
      - numpy=1.26.4=py312heda63a1_0
      - ocl-icd=2.3.3=hb9d3cd8_0
      - omegaconf=2.3.0=pyhd8ed1ab_0
      - onnx=1.20.0=py312h75e9504_1
      - onnxruntime=1.22.2=py312h5fe9fb3_201_cuda129
      - opencl-headers=2025.06.13=h5888daf_0
      - opencv=4.12.0=qt6_py312h7bb6282_612
      - openexr=3.4.5=h40f6f1d_0
      - openh264=2.6.0=hc22cd8d_0
      - openjpeg=2.5.4=h55fea9a_0
      - openjph=0.26.3=h8d634f6_0
      - openldap=2.6.10=he970967_0
      - openpyxl=3.1.5=py312h7f6eeab_3
      - openssl=3.6.1=h35e630c_1
      - optree=0.19.0=py312hd9148b4_0
      - orc=2.2.2=h19cb568_0
      - outcome=1.3.0.post0=pyhd8ed1ab_1
      - packaging=26.0=pyhcf101f3_0
      - pandas=2.1.4=py312hfb8ada1_0
      - pango=1.56.4=hadf4263_0
      - parameterized=0.9.0=pyhd8ed1ab_1
      - patsy=1.0.2=pyhcf101f3_0
      - pcre2=10.47=haa7fec5_0
      - peft=0.18.1=pyhcf101f3_0
      - piexif=1.1.3=py_2
      - pillow=9.5.0=py312h9498231_0
      - pip=26.0.1=pyh8b19718_0
      - pixman=0.46.4=h54a6638_1
      - ply=3.11=pyhd8ed1ab_3
      - portalocker=3.2.0=py312h7900ff3_1
      - proj=9.7.1=he0df7b0_3
      - prometheus-cpp=1.3.0=ha5d0236_0
      - promptlib=1.0.0=pyh2c28478_0
      - protobuf=6.31.1=py312hb8af0ac_2
      - psutil=7.2.2=py312h5253ce2_0
      - pthread-stubs=0.4=hb9d3cd8_1002
      - pugixml=1.15=h3f63f65_0
      - pulseaudio-client=17.0=h9a6aba3_3
      - py-opencv=4.12.0=qt6_py312h598be00_612
      - pyarrow-core=23.0.0=py312hfa4fb80_0_cuda
      - pyarrow=23.0.0=py312h7900ff3_0
      - pybind11-abi=4=hd8ed1ab_3
      - pybind11-global=2.13.6=pyh217bc35_3
      - pybind11=2.13.6=pyhc790b64_3
      - pycocotools=2.0.11=py312h4f23490_0
      - pycparser=2.22=pyh29332c3_1
      - pyparsing=3.3.2=pyhcf101f3_0
      - pyproj=3.7.2=py312h9b6a7d9_2
      - pyqt5-sip=12.17.0=py312h1289d80_2
      - pyqt=5.15.11=py312h82c0db2_2
      - pyqtwebengine=5.15.11=py312hf963f02_2
      - pyside6=6.10.1=py312h9da60e5_0
      - pysocks=1.7.1=pyha55dd90_7
      - python-dateutil=2.9.0.post0=pyhe01879c_2
      - python-dotenv=1.2.1=pyhcf101f3_0
      - python-flatbuffers=25.9.23=pyh1e1bc0e_0
      - python-gil=3.12.12=hd8ed1ab_2
      - python-tzdata=2025.3=pyhd8ed1ab_0
      - python=3.12.12=hd63d673_2_cpython
      - python_abi=3.12=8_cp312
      - pytorch=2.8.0=cuda129_mkl_py312_had1c889_302
      - pytz=2025.2=pyhd8ed1ab_0
      - pywavelets=1.8.0=py312hc0a28a1_0
      - pyyaml=6.0.3=py312h8a5da7c_1
      - qhull=2020.2=h434a139_5
      - qt-main=5.15.15=h3c3fd16_6
      - qt-webengine=5.15.15=h5dcc908_4
      - qt6-main=6.10.1=h6f76662_3
      - r-arrow=23.0.0=r44hecca717_0
      - r-askpass=1.2.1=r44h54b55ab_1
      - r-assertthat=0.2.1=r44hc72bb7e_6
      - r-base=4.4.3=h835929b_7
      - r-bit64=4.6.0_1=r44h54b55ab_1
      - r-bit=4.6.0=r44h54b55ab_1
      - r-cli=3.6.5=r44h3697838_1
      - r-crayon=1.5.3=r44hc72bb7e_2
      - r-curl=7.0.0=r44h10955f1_1
      - r-data.table=1.17.8=r44h1c8cec4_1
      - r-digest=0.6.39=r44h3697838_0
      - r-downloader=0.4.1=r44hc72bb7e_1
      - r-dplyr=1.2.0=r44h3697838_0
      - r-ellipsis=0.3.2=r44h54b55ab_4
      - r-fansi=1.0.7=r44h54b55ab_0
      - r-generics=0.1.4=r44hc72bb7e_1
      - r-glue=1.8.0=r44h54b55ab_1
      - r-httr=1.4.8=r44hc72bb7e_0
      - r-jose=1.2.1=r44hc72bb7e_1
      - r-jsonlite=2.0.0=r44h54b55ab_1
      - r-lifecycle=1.0.5=r44hc72bb7e_0
      - r-magrittr=2.0.4=r44h54b55ab_0
      - r-mime=0.13=r44h54b55ab_1
      - r-neonutilities=3.0.3=r44hc72bb7e_0
      - r-openssl=2.3.4=r44h50f7d53_0
      - r-pbapply=1.7_4=r44hc72bb7e_1
      - r-pillar=1.11.1=r44hc72bb7e_0
      - r-pkgconfig=2.0.3=r44hc72bb7e_5
      - r-purrr=1.2.1=r44h54b55ab_0
      - r-r.methodss3=1.8.2=r44hc72bb7e_4
      - r-r.oo=1.27.1=r44hc72bb7e_1
      - r-r.utils=2.13.0=r44hc72bb7e_1
      - r-r6=2.6.1=r44hc72bb7e_1
      - r-rlang=1.1.7=r44h3697838_0
      - r-stringi=1.8.7=r44h2dae267_1
      - r-stringr=1.6.0=r44h785f33e_0
      - r-sys=3.4.3=r44h54b55ab_1
      - r-tibble=3.3.1=r44h54b55ab_0
      - r-tidyr=1.3.2=r44h3697838_0
      - r-tidyselect=1.2.1=r44hc72bb7e_2
      - r-utf8=1.2.6=r44h54b55ab_1
      - r-vctrs=0.7.1=r44h3697838_0
      - r-withr=3.0.2=r44hc72bb7e_1
      - rav1e=0.7.1=h8fae777_3
      - rdma-core=61.0=h192683f_0
      - re2=2025.11.05=h5301d42_0
      - readline=8.3=h853b02a_0
      - regex=2026.2.19=py312h4c3975b_0
      - requests=2.31.0=pyhd8ed1ab_0
      - rpy2=3.6.4=py312r44h5afe730_1
      - s2n=1.6.2=he8a4886_1
      - safetensors=0.7.0=py312h0ccc70a_0
      - sam-2=1.0.0.20241215=cuda129py312h79b852c_300
      - sam2=1.0.0=hd8ed1ab_0
      - scikit-image=0.24.0=py312hf9745cd_3
      - scikit-learn=1.8.0=np2py312h3226591_1
      - scipy=1.17.1=py312h54fa4ab_0
      - sdl2=2.32.56=h54a6638_0
      - sdl3=3.4.2=hdeec2a5_0
      - seaborn-base=0.13.2=pyhd8ed1ab_3
      - seaborn=0.13.2=hd8ed1ab_3
      - sed=4.9=h6688a6e_0
      - segment-anything=1.0.1=pyhd8ed1ab_1
      - selenium-manager=4.41.0=hb17b654_0
      - selenium=4.41.0=pyhcf101f3_0
      - setuptools=82.0.0=pyh332efcf_0
      - shaderc=2025.5=h718be3e_1
      - sip=6.10.0=py312h1289d80_1
      - six=1.17.0=pyhe01879c_1
      - sleef=3.9.0=ha0421bc_0
      - snappy=1.2.2=h03e3b7b_1
      - sniffio=1.3.1=pyhd8ed1ab_2
      - sortedcontainers=2.4.0=pyhd8ed1ab_1
      - soupsieve=2.8.3=pyhd8ed1ab_0
      - spirv-tools=2026.1=hb700be7_0
      - sqlite=3.51.2=hbc0de68_0
      - statsmodels=0.14.6=py312h4f23490_0
      - supervision=0.20.0=pyh9352be6_0
      - svt-av1=3.1.2=hecca717_0
      - sympy=1.14.0=pyh2585a3b_105
      - sysroot_linux-64=2.28=h4ee821c_9
      - tbb=2022.3.0=hb700be7_2
      - threadpoolctl=3.6.0=pyhecae5ae_0
      - tifffile=2026.2.20=pyhd8ed1ab_0
      - tk=8.6.13=noxft_h366c992_103
      - tktable=2.10=h8d826fa_7
      - tokenizers=0.22.2=py312hf875000_0
      - toml=0.10.2=pyhcf101f3_3
      - tomli=2.4.0=pyhcf101f3_0
      - torchvision-extra-decoders=0.0.2=py312hd347cc9_4
      - torchvision=0.24.0=cuda129_py312_h9f56bbf_2
      - tornado=6.5.3=py312h4c3975b_0
      - tqdm=4.67.3=pyh8f84b5b_0
      - transformers=4.57.6=pyhd8ed1ab_1
      - trio-websocket=0.12.2=pyh29332c3_0
      - trio=0.33.0=py312he626ec8_0
      - triton=3.4.0=cuda129py312h811769c_1
      - typing-extensions=4.15.0=h396c80c_0
      - typing_extensions=4.15.0=pyhcf101f3_0
      - tzdata=2025c=hc9c84f9_1
      - tzlocal=5.3.1=pyh8f84b5b_0
      - unicodedata2=17.0.1=py312h4c3975b_0
      - urllib3=2.6.3=pyhd8ed1ab_0
      - wayland-protocols=1.47=hd8ed1ab_0
      - wayland=1.24.0=hd6090a7_1
      - webdriver-manager=4.0.2=pyhd8ed1ab_1
      - webencodings=0.5.1=pyhd8ed1ab_3
      - websocket-client=1.9.0=pyhd8ed1ab_0
      - wheel=0.46.3=pyhd8ed1ab_0
      - wsproto=1.3.2=pyhd8ed1ab_0
      - x264=1!164.3095=h166bdaf_2
      - x265=3.5=h924138e_3
      - xcb-util-cursor=0.1.6=hb03c661_0
      - xcb-util-image=0.4.0=hb711507_2
      - xcb-util-keysyms=0.4.1=hb711507_0
      - xcb-util-renderutil=0.3.10=hb711507_0
      - xcb-util-wm=0.4.2=hb711507_0
      - xcb-util=0.4.1=h4f16b4b_2
      - xkeyboard-config=2.46=hb03c661_0
      - xorg-libice=1.1.2=hb9d3cd8_0
      - xorg-libsm=1.2.6=he73a12e_0
      - xorg-libx11=1.8.13=he1eb515_0
      - xorg-libxau=1.0.12=hb03c661_1
      - xorg-libxcomposite=0.4.7=hb03c661_0
      - xorg-libxcursor=1.2.3=hb9d3cd8_0
      - xorg-libxdamage=1.1.6=hb9d3cd8_0
      - xorg-libxdmcp=1.1.5=hb03c661_1
      - xorg-libxext=1.3.7=hb03c661_0
      - xorg-libxfixes=6.0.2=hb03c661_0
      - xorg-libxi=1.8.2=hb9d3cd8_0
      - xorg-libxrandr=1.5.5=hb03c661_0
      - xorg-libxrender=0.9.12=hb9d3cd8_0
      - xorg-libxscrnsaver=1.2.4=hb9d3cd8_0
      - xorg-libxshmfence=1.3.3=hb9d3cd8_0
      - xorg-libxt=1.3.1=hb9d3cd8_0
      - xorg-libxtst=1.2.5=hb9d3cd8_3
      - xorg-libxxf86vm=1.1.7=hb03c661_0
      - yaml=0.2.5=h280c20c_3
      - zfp=1.0.1=h909a3a2_5
      - zipp=3.23.0=pyhcf101f3_1
      - zlib-ng=2.3.3=hceb46e0_1
      - zlib=1.3.1=hb9d3cd8_2
      - zstd=1.5.7=hb78ec9c_6
      pip:
      - rpy2-rinterface==3.6.3
      - rpy2-robjects==3.6.3
