# This is an Anaconda project lock file.
# The lock file locks down exact versions of all your dependencies.
#
# In most cases, this file is automatically maintained by the `anaconda-project` command or GUI tools.
# It's best to keep this file in revision control (such as git or svn).
# The file is in YAML format, please see http://www.yaml.org/start.html for more.
#

#
# Set to false to ignore locked versions.
#
locking_enabled: true

#
# A key goes in here for each env spec.
#
env_specs:
  accusnv-1.0.0.5:
    locked: true
    env_spec_hash: 1fc301bf4600f876a73bb821a65c19bee2351a64
    platforms:
    - linux-64
    packages:
      linux-64:
      - _libgcc_mutex=0.1=main
      - _openmp_mutex=5.1=1_gnu
      - accusnv=1.0.0.5=pyhdfd78af_0
      - aiodns=3.5.0=py39h06a4308_0
      - aioeasywebdav=2.4.0=py39hf3d152e_1001
      - aiohappyeyeballs=2.6.1=py39h06a4308_0
      - aiohttp=3.12.15=py39hb25bd0a_0
      - aiosignal=1.4.0=py39h06a4308_0
      - amply=0.1.6=py39h06a4308_0
      - annotated-types=0.6.0=py39h06a4308_1
      - appdirs=1.4.4=pyhd3eb1b0_0
      - async-timeout=5.0.1=py39h06a4308_0
      - attrs=25.4.0=py39h06a4308_1
      - bcbio-gff=0.6.9=pyh7cba7a3_1
      - bcftools=1.21=h3a4d415_1
      - bcrypt=4.3.0=py39h4aa5aa6_0
      - binutils_impl_linux-64=2.44=h4b9a079_2
      - binutils_linux-64=2.44=hc03a8fd_2
      - biopython=1.78=py39h7f8727e_0
      - blas=1.0=openblas
      - boto3=1.40.54=py39h06a4308_0
      - botocore=1.40.54=py39h06a4308_0
      - bottleneck=1.4.2=py39ha9d4c09_0
      - brotli-python=1.0.9=py39h6a678d5_9
      - bwa=0.7.19=h577a1d6_1
      - bx-python=0.14.0=py39h475c85d_0
      - bzip2=1.0.8=h5eee18b_6
      - c-ares=1.34.6=hd44998d_0
      - ca-certificates=2025.12.2=h06a4308_0
      - cachetools=5.5.1=py39h06a4308_0
      - cairo=1.18.4=h44eff21_0
      - certifi=2025.10.5=py39h06a4308_0
      - cffi=2.0.0=py39h4eded50_0
      - charset-normalizer=3.4.4=py39h06a4308_0
      - click=8.1.8=py39h06a4308_0
      - coin-or-cbc=2.10.10=hd28fd6d_0
      - coin-or-cgl=0.60.5=h3cb4718_0
      - coin-or-clp=1.17.7=h4e0f3ec_0
      - coin-or-osi=0.108.7=h3cb4718_0
      - coin-or-utils=2.11.6=h4e0f3ec_0
      - coincbc=2.10.10=0_metapackage
      - coloredlogs=15.0.1=py39h06a4308_3
      - configargparse=1.7.1=py39h06a4308_0
      - connection_pool=0.0.3=pyhd3deb0d_0
      - contourpy=1.2.1=py39hdb19cb5_1
      - cryptography=44.0.1=py39h7825ff9_0
      - cuda-cccl_linux-64=12.8.90=h06a4308_1
      - cuda-crt-dev_linux-64=12.8.93=h06a4308_3
      - cuda-crt-tools=12.8.93=h06a4308_3
      - cuda-cudart-dev=12.8.90=hbdd6827_0
      - cuda-cudart-dev_linux-64=12.8.90=hd1a145a_0
      - cuda-cudart-static=12.8.90=hbdd6827_0
      - cuda-cudart-static_linux-64=12.8.90=hd1a145a_0
      - cuda-cudart=12.8.90=hbdd6827_0
      - cuda-cudart_linux-64=12.8.90=hd1a145a_0
      - cuda-cuobjdump=12.8.90=h5b7f43c_1
      - cuda-cupti=12.8.90=hbdd6827_1
      - cuda-driver-dev_linux-64=12.8.90=hd1a145a_0
      - cuda-nvcc-dev_linux-64=12.8.93=he2511ca_3
      - cuda-nvcc-impl=12.8.93=hd1a145a_3
      - cuda-nvcc-tools=12.8.93=hbdd6827_3
      - cuda-nvcc=12.8.93=h02f8991_2
      - cuda-nvcc_linux-64=12.8.93=h2f703a9_2
      - cuda-nvdisasm=12.8.90=h5b7f43c_1
      - cuda-nvrtc=12.8.93=hbdd6827_1
      - cuda-nvtx=12.8.90=hbdd6827_1
      - cuda-nvvm-dev_linux-64=12.8.93=h06a4308_3
      - cuda-nvvm-impl=12.8.93=hbdd6827_3
      - cuda-nvvm-tools=12.8.93=hbdd6827_3
      - cuda-version=12.8=h30beaf8_3
      - cudnn=9.17.0.29=h1769b22_0
      - cutadapt=5.2=py39hbcbf7aa_0
      - cycler=0.11.0=pyhd3eb1b0_0
      - datrie=0.8.2=py39h5eee18b_1
      - dbus=1.16.2=h5bd4931_0
      - defusedxml=0.7.1=pyhd3eb1b0_0
      - dnaio=1.2.2=py39hff71179_0
      - docutils=0.21.2=py39h06a4308_1
      - dpath=2.2.0=pyha770c72_0
      - dropbox=12.0.2=py39h06a4308_0
      - eido=0.2.5=pyhd8ed1ab_0
      - exceptiongroup=1.3.0=py39h06a4308_0
      - expat=2.7.4=h7354ed3_0
      - filechunkio=1.8=py_2
      - filelock=3.17.0=py39h06a4308_0
      - fontconfig=2.15.0=h2c49b7f_0
      - fonttools=4.60.1=py39hee96239_0
      - freetype=2.14.1=hf5b9546_0
      - fribidi=1.0.16=h9fb5f84_0
      - frozenlist=1.8.0=py39hbdd6827_0
      - fsspec=2025.7.0=py39he3bba80_0
      - ftputil=5.1.0=pyhd8ed1ab_0
      - gcc_impl_linux-64=14.3.0=h4943218_4
      - gcc_linux-64=14.3.0=hda73cce_12
      - gettext-tools=0.25.1=h6a67909_0
      - gettext=0.25.1=h92eb808_0
      - gitdb=4.0.12=py39h06a4308_0
      - gitpython=3.1.45=py39h06a4308_0
      - glib-tools=2.86.3=h9fad118_0
      - glib=2.86.3=h617169b_0
      - gmp=6.3.0=h6a678d5_0
      - gmpy2=2.2.1=py39h5eee18b_0
      - google-api-core=2.26.0=py39h06a4308_0
      - google-api-python-client=2.179.0=pyhff2d567_0
      - google-auth-httplib2=0.2.0=pyhd8ed1ab_1
      - google-auth=2.38.0=py39h06a4308_1
      - google-cloud-core=2.4.3=py39h06a4308_0
      - google-cloud-storage=3.4.1=py39h06a4308_0
      - google-crc32c=1.6.0=py39h5eee18b_0
      - google-resumable-media=2.7.2=py39h06a4308_0
      - googleapis-common-protos=1.69.2=py39h06a4308_0
      - graphite2=1.3.14=h295c915_1
      - gsl=2.7.1=h6e86dc7_1
      - gxx_impl_linux-64=14.3.0=he634eba_4
      - gxx_linux-64=14.3.0=hca8765c_12
      - harfbuzz=12.3.0=h79d275a_1
      - htslib=1.21=h5efdd21_0
      - httplib2=0.22.0=pyhd8ed1ab_1
      - humanfriendly=10.0=py39h06a4308_2
      - icu=73.1=h6a678d5_0
      - idna=3.11=py39h06a4308_0
      - importlib-metadata=8.5.0=py39h06a4308_0
      - importlib_resources=6.5.2=py39h06a4308_0
      - iniconfig=2.1.0=py39h06a4308_0
      - intel-openmp=2025.0.0=h06a4308_1171
      - isa-l=2.31.1=hb9d3cd8_1
      - jansson=2.14=h5eee18b_1
      - jinja2=3.1.6=py39h06a4308_0
      - jmespath=1.0.1=py39h06a4308_0
      - jpeg=9f=h5ce9db8_0
      - jsonschema-specifications=2023.7.1=py39h06a4308_0
      - jsonschema=4.25.0=py39h06a4308_0
      - jupyter_core=5.8.1=py39h06a4308_0
      - kernel-headers_linux-64=4.18.0=h3108a97_1
      - kiwisolver=1.4.4=py39h6a678d5_0
      - lcms2=2.17=heab6991_0
      - ld_impl_linux-64=2.44=h153f514_2
      - lerc=4.0.0=h6a678d5_0
      - libabseil=20250127.0=cxx17_h6a678d5_0
      - libasprintf-devel=0.25.1=hf2ab22a_0
      - libasprintf=0.25.1=hf2ab22a_0
      - libbrotlicommon=1.2.0=h32cd6e7_0
      - libbrotlidec=1.2.0=ha2c5f68_0
      - libbrotlienc=1.2.0=h2e96acb_0
      - libcrc32c=1.1.2=h6a678d5_0
      - libcublas=12.8.4.1=hbdd6827_1
      - libcudnn-dev=9.17.0.29=hc9053b6_0
      - libcudnn=9.17.0.29=h8ba3bec_0
      - libcufft=11.3.3.83=hbdd6827_1
      - libcurand=10.3.9.90=hbdd6827_1
      - libcurl=8.18.0=h3506a8c_0
      - libcusolver=11.7.3.90=hbdd6827_1
      - libcusparse=12.5.8.93=hbdd6827_1
      - libdeflate=1.22=h5eee18b_0
      - libev=4.33=h7f8727e_1
      - libexpat=2.7.4=h7354ed3_0
      - libffi=3.4.4=h6a678d5_1
      - libgcc-devel_linux-64=14.3.0=he7458c1_104
      - libgcc-ng=15.2.0=h166f726_7
      - libgcc=15.2.0=h69a1729_7
      - libgettextpo-devel=0.25.1=hf2ab22a_0
      - libgettextpo=0.25.1=hf2ab22a_0
      - libgfortran-ng=15.2.0=h166f726_7
      - libgfortran5=15.2.0=hc633d37_7
      - libgfortran=15.2.0=h166f726_7
      - libglib=2.86.3=h8b17d9a_0
      - libgomp=15.2.0=h4751f2c_7
      - libhwloc=2.12.1=default_hf1bbc79_1000
      - libiconv=1.18=h75a1612_0
      - libidn2=2.3.8=hf80d704_0
      - libkrb5=1.22.1=h6d2bf13_0
      - libllvm19=19.1.7=h465586c_5
      - libmlir19=19.1.7=hfbf14b3_2
      - libnghttp2=1.67.1=h697f920_0
      - libnsl=2.0.0=h5eee18b_0
      - libnvjitlink=12.8.93=hbdd6827_1
      - libopenblas=0.3.31=hf7dbefb_0
      - libopenjpeg=2.5.4=hee96239_1
      - libpng=1.6.54=hee55ce4_0
      - libprotobuf=5.29.3=h3cdef7c_1
      - libsanitizer=14.3.0=hd4faa28_4
      - libsodium=1.0.20=heac8642_0
      - libssh2=1.11.1=h251f7ec_0
      - libstdcxx-devel_linux-64=14.3.0=he7458c1_104
      - libstdcxx-ng=15.2.0=hc03a8fd_7
      - libstdcxx=15.2.0=h39759b7_7
      - libtiff=4.7.1=h029b1ac_0
      - libtorch=2.6.0=gpu_cuda124_h81cafb7_206
      - libunistring=1.3=hb25bd0a_0
      - libuuid=1.41.5=h5eee18b_0
      - libuv=1.48.0=h5eee18b_0
      - libwebp-base=1.6.0=hb7bb969_0
      - libxcb=1.17.0=h9b100fa_0
      - libxml2=2.13.9=h2c43086_0
      - libzlib=1.3.1=hb25bd0a_0
      - lit=20.1.8=py39h06a4308_0
      - lmdb=0.9.31=hb25bd0a_0
      - logmuse=0.2.8=pyhd8ed1ab_1
      - lz4-c=1.9.4=h6a678d5_1
      - magma=2.9.0=he7d5317_1
      - markdown-it-py=2.2.0=py39h06a4308_1
      - markupsafe=3.0.2=py39h5eee18b_0
      - matplotlib-base=3.9.2=py39hbfdbfaf_1
      - mdurl=0.1.2=py39h06a4308_0
      - mkl=2025.0.0=hacee8c2_941
      - mpc=1.3.1=h5eee18b_0
      - mpfr=4.2.1=h5eee18b_0
      - mpmath=1.3.0=py39h06a4308_0
      - multidict=6.7.0=py39hee96239_0
      - nbformat=5.10.4=py39h06a4308_0
      - nccl=2.28.9.1=h7b78073_1
      - ncurses=6.5=h7934f7d_0
      - networkx=3.2.1=py39h06a4308_0
      - nomkl=3.0=0
      - numexpr=2.10.1=py39hd28fd6d_0
      - numpy-base=1.26.4=py39hf387b04_1
      - numpy=1.26.4=py39hc213724_1
      - oauth2client=4.1.3=pyhd8ed1ab_1
      - openjdk=21.0.6=h38aa4c6_0
      - openjpeg=2.5.4=h4e0627c_1
      - openssl=3.6.1=h35e630c_1
      - opentelemetry-api=1.37.0=py39h06a4308_0
      - packaging=25.0=py39h06a4308_1
      - pandas=2.3.3=py39h505adc9_0
      - pango=1.56.4=h026457f_0
      - paramiko=3.5.0=py39h06a4308_0
      - patsy=1.0.1=py39h06a4308_0
      - pbzip2=1.1.13=h1fcc475_2
      - pcre2=10.46=hf426167_0
      - pephubclient=0.4.4=pyhd8ed1ab_1
      - peppy=0.40.7=pyhd8ed1ab_2
      - perl=5.42.0=0_h47b2149_perl5
      - phylip=3.697=h7b50bb2_3
      - pigz=2.8=h54e0aa7_0
      - pillow=11.1.0=py39hac6e08b_1
      - pip=26.0.1=pyhc872135_0
      - pixman=0.46.4=h7934f7d_0
      - plac=1.4.5=py39h06a4308_0
      - platformdirs=4.3.7=py39h06a4308_0
      - pluggy=1.5.0=py39h06a4308_0
      - ply=3.11=py39h06a4308_0
      - prettytable=3.16.0=py39h06a4308_0
      - propcache=0.3.1=py39h5eee18b_0
      - proto-plus=1.26.1=py39h06a4308_0
      - protobuf=5.29.3=py39he621ea3_0
      - psutil=7.0.0=py39hee96239_1
      - pthread-stubs=0.3=h0ce48e5_1
      - pulp=2.7.0=py39hf3d152e_1
      - pyasn1-modules=0.4.2=py39h06a4308_0
      - pyasn1=0.6.1=py39h06a4308_0
      - pybind11-abi=4=hd3eb1b0_1
      - pycares=4.10.0=py39ha137689_0
      - pycparser=2.23=py39h06a4308_0
      - pydantic-core=2.41.4=py39h498d7c9_0
      - pydantic=2.12.2=py39h06a4308_0
      - pygments=2.19.1=py39h06a4308_0
      - pynacl=1.6.0=py39h2630517_0
      - pyopenssl=25.0.0=py39h06a4308_0
      - pyparsing=3.2.0=py39h06a4308_0
      - pysftp=0.2.9=pyhd3eb1b0_1
      - pysocks=1.7.1=py39h06a4308_1
      - pytest=8.4.2=py39h06a4308_0
      - python-dateutil=2.9.0post0=py39h06a4308_2
      - python-fastjsonschema=2.20.0=py39h06a4308_0
      - python-irodsclient=3.1.1=pyhff2d567_1
      - python-isal=1.7.2=py39h8cd3c5a_0
      - python-tzdata=2025.3=pyhd3eb1b0_0
      - python-zlib-ng=0.5.1=py39h1635d6b_0
      - python=3.9.25=h0dcde21_1
      - python_abi=3.9=2_cp39
      - pytorch=2.6.0=gpu_cuda124_py39hf27f713_206
      - pytz=2025.2=py39h06a4308_0
      - pyyaml=6.0.2=py39h5eee18b_0
      - readline=8.3=hc2a1206_0
      - referencing=0.30.2=py39h06a4308_0
      - requests=2.32.5=py39h06a4308_0
      - reretry=0.11.8=pyhd8ed1ab_1
      - rich=14.2.0=py39h06a4308_0
      - rpds-py=0.22.3=py39h4aa5aa6_0
      - rsa=4.7.2=pyhd3eb1b0_1
      - s3transfer=0.14.0=py39h06a4308_0
      - samtools=1.21=h96c455f_1
      - scipy=1.13.1=py39heeff2f4_1
      - setuptools=80.9.0=py39h06a4308_0
      - shellingham=1.5.4=py39h06a4308_0
      - sickle-trim=1.33=h577a1d6_12
      - six=1.17.0=py39h06a4308_0
      - slacker=0.14.0=pyhd8ed1ab_1
      - sleef=3.5.1=h5eee18b_2
      - smart_open=7.3.1=py39h06a4308_0
      - smmap=5.0.2=py39h06a4308_0
      - snakemake-minimal=7.32.3=pyhdfd78af_1
      - snakemake=7.32.3=hdfd78af_1
      - sqlite=3.51.1=he0a8d7e_0
      - statsmodels=0.14.5=py39h76ea63d_0
      - stone=3.3.9=py39h06a4308_0
      - stopit=1.1.2=pyhd8ed1ab_1
      - sympy=1.14.0=py39h06a4308_0
      - sysroot_linux-64=2.28=h3108a97_1
      - tabix=1.11=hdfd78af_0
      - tabulate=0.9.0=py39h06a4308_0
      - tbb-devel=2022.3.0=h698db13_0
      - tbb=2022.3.0=h698db13_0
      - throttler=1.2.2=pyhd8ed1ab_0
      - tk=8.6.15=h54e0aa7_0
      - tomli=2.2.1=py39h06a4308_0
      - toposort=1.10=pyhd8ed1ab_1
      - tqdm=4.67.1=py39h2f386ee_0
      - traitlets=5.14.3=py39h06a4308_0
      - triton=3.1.0=cuda124py39hac27663_3
      - typer=0.17.4=py39h06a4308_0
      - typing-extensions=4.15.0=py39h06a4308_0
      - typing-inspection=0.4.2=py39h06a4308_0
      - typing_extensions=4.15.0=py39h06a4308_0
      - tzdata=2025c=he532380_0
      - ubiquerg=0.8.0=pyhd8ed1ab_0
      - uritemplate=4.2.0=pyhd8ed1ab_0
      - urllib3=1.26.19=py39h06a4308_0
      - uvloop=0.22.1=py39h939ff40_0
      - veracitools=0.1.3=py_0
      - wcwidth=0.2.13=py39h06a4308_0
      - wheel=0.45.1=py39h06a4308_0
      - wrapt=1.17.0=py39h5eee18b_0
      - xopen=2.0.2=pyh707e725_2
      - xorg-libx11=1.8.12=h9b100fa_1
      - xorg-libxau=1.0.12=h9b100fa_0
      - xorg-libxdmcp=1.1.5=h9b100fa_0
      - xorg-libxext=1.3.6=h9b100fa_0
      - xorg-libxrender=0.9.12=h9b100fa_0
      - xorg-xorgproto=2024.1=h5eee18b_1
      - xz=5.6.4=h5eee18b_1
      - yaml=0.2.5=h7b6447c_0
      - yarl=1.18.0=py39h5eee18b_0
      - yte=1.8.1=pyha770c72_1
      - zipp=3.21.0=py39h06a4308_0
      - zlib-ng=2.2.5=hde8ca8f_1
      - zlib=1.3.1=hb25bd0a_0
      - zstandard=0.24.0=py39h3d778a8_0
      - zstd=1.5.7=h11fc155_0
