# This is an Anaconda project lock file.
# The lock file locks down exact versions of all your dependencies.
#
# In most cases, this file is automatically maintained by the `anaconda-project` command or GUI tools.
# It's best to keep this file in revision control (such as git or svn).
# The file is in YAML format, please see http://www.yaml.org/start.html for more.
#

#
# Set to false to ignore locked versions.
locking_enabled: true



#
# A key goes in here for each env spec.
#
env_specs:
  awscli-1.15.8:
    locked: true
    env_spec_hash: af26d76626a8255b914ec033cafbf1b7bea81421
    platforms:
    - linux-64
    packages:
      linux-64:
      - awscli=1.15.8=py36_1
      - botocore=1.10.8=py_0
      - ca-certificates=2019.3.9=hecc5488_0
      - certifi=2019.3.9=py36_0
      - colorama=0.3.7=py36_0
      - docutils=0.14=py36_1001
      - jmespath=0.9.4=py_0
      - libffi=3.2.1=he1b5a44_1006
      - libgcc-ng=8.2.0=hdf63c60_1
      - libstdcxx-ng=8.2.0=hdf63c60_1
      - ncurses=6.1=hf484d3e_1002
      - openssl=1.1.1b=h14c3975_1
      - pip=19.1.1=py36_0
      - pyasn1=0.4.5=py_0
      - python-dateutil=2.8.0=py_0
      - python=3.6.7=h381d211_1004
      - pyyaml=3.12=py36_1
      - readline=7.0=hf8c457e_1001
      - rsa=3.4.2=py_1
      - s3transfer=0.1.13=py36_1001
      - setuptools=41.0.1=py36_0
      - six=1.12.0=py36_1000
      - sqlite=3.28.0=h8b20d00_0
      - tk=8.6.9=hed695b0_1002
      - wheel=0.33.4=py36_0
      - xz=5.2.4=h14c3975_1001
      - yaml=0.1.7=h14c3975_1001
      - zlib=1.2.11=h14c3975_1004
  awscli-1.11.120:
    locked: true
    env_spec_hash: 6c7e6539b7788b2aa7da81c459141f392591f40b
    platforms:
    - linux-64
    packages:
      linux-64:
      - awscli=1.11.120=py36_0
      - botocore=1.5.83=py36_0
      - ca-certificates=2019.3.9=hecc5488_0
      - certifi=2019.3.9=py36_0
      - colorama=0.3.7=py36_0
      - docutils=0.14=py36_1001
      - jmespath=0.9.4=py_0
      - libffi=3.2.1=he1b5a44_1006
      - libgcc-ng=8.2.0=hdf63c60_1
      - libstdcxx-ng=8.2.0=hdf63c60_1
      - ncurses=6.1=hf484d3e_1002
      - openssl=1.1.1b=h14c3975_1
      - pip=19.1.1=py36_0
      - pyasn1=0.4.5=py_0
      - python-dateutil=2.8.0=py_0
      - python=3.6.7=h381d211_1004
      - pyyaml=3.12=py36_1
      - readline=7.0=hf8c457e_1001
      - rsa=3.4.2=py_1
      - s3transfer=0.1.13=py36_1001
      - setuptools=41.0.1=py36_0
      - six=1.12.0=py36_1000
      - sqlite=3.28.0=h8b20d00_0
      - tk=8.6.9=hed695b0_1002
      - wheel=0.33.4=py36_0
      - xz=5.2.4=h14c3975_1001
      - yaml=0.1.7=h14c3975_1001
      - zlib=1.2.11=h14c3975_1004
  awscli-1.19.5:
    locked: true
    env_spec_hash: de6132de99b18df934f1ce244c32f5b8fb0fd025
    platforms:
    - linux-64
    packages:
      linux-64:
      - _libgcc_mutex=0.1=conda_forge
      - _openmp_mutex=4.5=1_gnu
      - awscli=1.19.5=py38h578d9bd_0
      - botocore=1.20.5=pyhd8ed1ab_0
      - brotlipy=0.7.0=py38h497a2fe_1001
      - ca-certificates=2020.12.5=ha878542_0
      - certifi=2020.12.5=py38h578d9bd_1
      - cffi=1.14.4=py38ha65f79e_1
      - colorama=0.4.3=py_0
      - cryptography=3.4.4=py38h3e25421_0
      - docutils=0.15.2=py38h578d9bd_1
      - idna=3.1=pyhd3deb0d_0
      - jmespath=0.10.0=pyh9f0ad1d_0
      - ld_impl_linux-64=2.35.1=hea4e1c9_2
      - libffi=3.3=h58526e2_2
      - libgcc-ng=9.3.0=h2828fa1_18
      - libgomp=9.3.0=h2828fa1_18
      - libstdcxx-ng=9.3.0=h6de172a_18
      - ncurses=6.2=h58526e2_4
      - openssl=1.1.1i=h7f98852_0
      - pip=21.0.1=pyhd8ed1ab_0
      - pyasn1=0.4.8=py_0
      - pycparser=2.20=pyh9f0ad1d_2
      - pyopenssl=20.0.1=pyhd8ed1ab_0
      - pysocks=1.7.1=py38h578d9bd_3
      - python-dateutil=2.8.1=py_0
      - python=3.8.6=hffdb5ce_5_cpython
      - python_abi=3.8=1_cp38
      - pyyaml=5.3.1=py38h497a2fe_2
      - readline=8.0=he28a2e2_2
      - rsa=4.4.1=pyh9f0ad1d_0
      - s3transfer=0.3.4=pyhd8ed1ab_0
      - setuptools=49.6.0=py38h578d9bd_3
      - six=1.15.0=pyh9f0ad1d_0
      - sqlite=3.34.0=h74cdb3f_0
      - tk=8.6.10=h21135ba_1
      - urllib3=1.26.3=pyhd8ed1ab_0
      - wheel=0.36.2=pyhd3deb0d_0
      - xz=5.2.5=h516909a_1
      - yaml=0.2.5=h516909a_0
      - zlib=1.2.11=h516909a_1010
