# This is an Anaconda project lock file.
# The lock file locks down exact versions of all your dependencies.
#
# In most cases, this file is automatically maintained by the `anaconda-project` command or GUI tools.
# It's best to keep this file in revision control (such as git or svn).
# The file is in YAML format, please see http://www.yaml.org/start.html for more.
#

#
# Set to false to ignore locked versions.
#
locking_enabled: true

#
# A key goes in here for each env spec.
#
env_specs:
  cp2k-9.1.0:
    locked: true
    env_spec_hash: 1800add7128303630416cdbac728ab704fdf454d
    platforms:
    - linux-64
    packages:
      linux-64:
      - _libgcc_mutex=0.1=conda_forge
      - _openmp_mutex=4.5=2_kmp_llvm
      - bzip2=1.0.8=h7f98852_4
      - c-ares=1.18.1=h7f98852_0
      - ca-certificates=2021.10.8=ha878542_0
      - cp2k=9.1.0=openmpi_1001
      - fftw=3.3.10=nompi_h77c792f_102
      - gawk=5.1.0=h7f98852_0
      - gsl=2.7=he838d99_0
      - hdf5=1.12.1=nompi_h4df4325_104
      - keyutils=1.6.1=h166bdaf_0
      - krb5=1.19.3=h08a2579_0
      - ld_impl_linux-64=2.36.1=hea4e1c9_2
      - libblas=3.9.0=14_linux64_openblas
      - libcblas=3.9.0=14_linux64_openblas
      - libcurl=7.83.0=h2283fc2_0
      - libedit=3.1.20191231=he28a2e2_2
      - libev=4.33=h516909a_1
      - libffi=3.4.2=h7f98852_5
      - libgcc-ng=11.2.0=h1d223b6_16
      - libgfortran-ng=11.2.0=h69a702a_16
      - libgfortran5=11.2.0=h5c6108e_16
      - libint-cp2k=2.6.0=hf099797_1
      - liblapack=3.9.0=14_linux64_openblas
      - libnghttp2=1.47.0=he49606f_0
      - libnsl=2.0.0=h7f98852_0
      - libopenblas=0.3.20=openmp_h74cd887_0
      - libssh2=1.10.0=ha35d2d1_2
      - libstdcxx-ng=11.2.0=he4da1e4_16
      - libuuid=2.32.1=h7f98852_1000
      - libxc=5.2.2=py39h7f737d4_0
      - libxsmm=1.17=h2877050_0
      - libzlib=1.2.11=h166bdaf_1014
      - llvm-openmp=14.0.3=he0ac6c6_0
      - mpi=1.0=openmpi
      - ncurses=6.3=h27087fc_1
      - numpy=1.22.3=py39hc58783e_2
      - openblas=0.3.20=openmp_h53a8fd6_0
      - openmpi=4.1.3=external_3
      - openssl=3.0.3=h166bdaf_0
      - pip=22.0.4=pyhd8ed1ab_0
      - plumed=2.8.0=mpi_openmpi_h0b6bd24_1000
      - python=3.9.12=h2660328_1_cpython
      - python_abi=3.9=2_cp39
      - readline=8.1=h46c0cb4_0
      - scalapack=2.2.0=h67de57e_1
      - setuptools=62.1.0=py39hf3d152e_0
      - sirius=7.3.1=hc0b6a57_0
      - spfft=1.0.6=h07fa59a_0
      - spglib=1.16.3=py39hd257fcd_1
      - spla=1.5.4=h1f7a26d_0
      - sqlite=3.38.3=h4ff8645_0
      - tk=8.6.12=h27826a3_0
      - tzdata=2022a=h191b570_0
      - wheel=0.37.1=pyhd8ed1ab_0
      - xz=5.2.5=h516909a_1
      - zlib=1.2.11=h166bdaf_1014
  cp2k-8.2.0:
    locked: true
    env_spec_hash: 5fe25cdf0b821f0b0bbf8db8f521e5a42e050301
    platforms:
    - linux-64
    packages:
      linux-64:
      - _libgcc_mutex=0.1=conda_forge
      - _openmp_mutex=4.5=2_kmp_llvm
      - bzip2=1.0.8=h7f98852_4
      - ca-certificates=2021.10.8=ha878542_0
      - cp2k=8.2.0=openmpi_2000
      - fftw=3.3.10=nompi_h77c792f_102
      - gawk=5.1.0=h7f98852_0
      - gsl=2.7=he838d99_0
      - ld_impl_linux-64=2.36.1=hea4e1c9_2
      - libblas=3.9.0=14_linux64_openblas
      - libcblas=3.9.0=14_linux64_openblas
      - libffi=3.4.2=h7f98852_5
      - libgcc-ng=11.2.0=h1d223b6_16
      - libgfortran-ng=11.2.0=h69a702a_16
      - libgfortran5=11.2.0=h5c6108e_16
      - libint-cp2k=2.6.0=hf099797_1
      - liblapack=3.9.0=14_linux64_openblas
      - libnsl=2.0.0=h7f98852_0
      - libopenblas=0.3.20=openmp_h74cd887_0
      - libstdcxx-ng=11.2.0=he4da1e4_16
      - libuuid=2.32.1=h7f98852_1000
      - libxc=5.2.2=py38hb99dbf8_0
      - libxsmm=1.17=h2877050_0
      - libzlib=1.2.11=h166bdaf_1014
      - llvm-openmp=14.0.3=he0ac6c6_0
      - mpi=1.0=openmpi
      - ncurses=6.3=h27087fc_1
      - numpy=1.22.3=py38h99721a1_2
      - openblas=0.3.20=openmp_h53a8fd6_0
      - openmpi=4.1.3=external_3
      - openssl=3.0.3=h166bdaf_0
      - pip=22.0.4=pyhd8ed1ab_0
      - plumed=2.8.0=mpi_openmpi_h0b6bd24_1000
      - python=3.8.13=ha86cf86_0_cpython
      - python_abi=3.8=2_cp38
      - readline=8.1=h46c0cb4_0
      - scalapack=2.2.0=h67de57e_1
      - setuptools=62.1.0=py38h578d9bd_0
      - spglib=1.16.4=py38h71d37f0_0
      - sqlite=3.38.4=h4ff8645_0
      - tk=8.6.12=h27826a3_0
      - wheel=0.37.1=pyhd8ed1ab_0
      - xz=5.2.5=h516909a_1
      - zlib=1.2.11=h166bdaf_1014
  cp2k-2023.1:
    locked: true
    env_spec_hash: ec0b031a54353bdc2f6cecb9863c6306be34eec9
    platforms:
    - linux-64
    packages:
      linux-64:
      - _libgcc_mutex=0.1=conda_forge
      - _openmp_mutex=4.5=2_kmp_llvm
      - blas=1.0=openblas
      - c-ares=1.19.0=h5eee18b_0
      - ca-certificates=2023.05.30=h06a4308_0
      - cp2k=2023.1=openmpi_1001
      - fftw=3.3.10=nompi_hf0379b8_106
      - gawk=5.1.0=h7b6447c_0
      - gsl=2.7.1=h6e86dc7_1
      - hdf5=1.12.1=h2b7332f_3
      - krb5=1.20.1=h143b758_1
      - ld_impl_linux-64=2.38=h1181459_1
      - libblas=3.9.0=16_linux64_openblas
      - libcblas=3.9.0=16_linux64_openblas
      - libcurl=8.1.1=h251f7ec_1
      - libedit=3.1.20221030=h5eee18b_0
      - libev=4.33=h7f8727e_1
      - libffi=3.4.4=h6a678d5_0
      - libgcc-ng=13.1.0=he5830b7_0
      - libgfortran-ng=11.2.0=h00389a5_1
      - libgfortran5=11.2.0=h1234567_1
      - libint-cp2k=2.6.0=hf099797_1
      - liblapack=3.9.0=16_linux64_openblas
      - libnghttp2=1.52.0=h2d74bed_1
      - libnsl=2.0.0=h5eee18b_0
      - libopenblas=0.3.21=openmp_h74cd887_3
      - libssh2=1.10.0=hdbd6064_2
      - libstdcxx-ng=13.1.0=hfd8a6a1_0
      - libxc=5.2.3=py39hea1df8f_2
      - libxsmm=1.17=h2877050_0
      - llvm-openmp=14.0.6=h9e868ea_0
      - mpi=1.0=openmpi
      - ncurses=6.4=h6a678d5_0
      - numpy-base=1.25.0=py39h8a23956_0
      - numpy=1.25.0=py39heeff2f4_0
      - openblas=0.3.21=openmp_h53a8fd6_3
      - openmpi=4.1.5=external_1
      - openssl=3.0.9=h7f8727e_0
      - pip=23.1.2=py39h06a4308_0
      - plumed=2.7.2=mpi_openmpi_heb59b2d_2
      - python=3.9.16=h955ad1f_3
      - python_abi=3.9=2_cp39
      - readline=8.2=h5eee18b_0
      - scalapack=2.2.0=h67de57e_1
      - setuptools=67.8.0=py39h06a4308_0
      - sirius=7.3.1=hce7c52c_1
      - spfft=1.0.6=h07fa59a_0
      - spglib=2.0.2=py39h389d5f1_0
      - spla=1.5.4=h1f7a26d_0
      - sqlite=3.41.2=h5eee18b_0
      - tk=8.6.12=h1ccaba5_0
      - tzdata=2023c=h04d1e81_0
      - wheel=0.38.4=py39h06a4308_0
      - xdrfile=1.1.4=h7f98852_1
      - xz=5.4.2=h5eee18b_0
      - zlib=1.2.13=h5eee18b_0
