# This is an Anaconda project lock file.
# The lock file locks down exact versions of all your dependencies.
#
# In most cases, this file is automatically maintained by the `anaconda-project` command or GUI tools.
# It's best to keep this file in revision control (such as git or svn).
# The file is in YAML format, please see http://www.yaml.org/start.html for more.
#

#
# Set to false to ignore locked versions.
locking_enabled: true



#
# A key goes in here for each env spec.
#
env_specs:
  pytorch-gpu-0.1.12-py35:
    locked: true
    env_spec_hash: 6ab4460895350e91b6a8461aa466952b33c4e9cd
    platforms:
    - linux-64
    packages:
      linux-64:
      - ca-certificates=2018.4.16=0
      - certifi=2018.4.16=py35_0
      - cffi=1.11.5=py35_0
      - cudatoolkit=7.5=2
      - cudnn=5.1.10=cuda7.5_0
      - intel-openmp=2018.0.0=8
      - libffi=3.2.1=3
      - libgcc-ng=7.2.0=hdf63c60_3
      - libgcc=7.2.0=h69d50b8_2
      - libgfortran-ng=7.2.0=hdf63c60_3
      - libstdcxx-ng=7.2.0=hdf63c60_3
      - mkl=2017.0.4=h4c4d0af_0
      - nccl=1.3.4=cuda7.5_1
      - ncurses=5.9=10
      - numpy=1.14.2=py35hdbf6ddf_0
      - openssl=1.0.2o=0
      - pip=9.0.3=py35_0
      - pycparser=2.18=py35_0
      - python=3.5.5=1
      - pytorch=0.1.12=py35cuda7.5cudnn5.1_1
      - readline=7.0=0
      - setuptools=39.1.0=py35_0
      - sqlite=3.20.1=2
      - tk=8.6.7=0
      - wheel=0.31.0=py35_0
      - xz=5.2.3=0
      - zlib=1.2.11=0
  pytorch-gpu-0.1.12-py36:
    locked: true
    env_spec_hash: e4001d18965f90fb1af426d2731d329202ffd1d5
    platforms:
    - linux-64
    packages:
      linux-64:
      - ca-certificates=2018.4.16=0
      - certifi=2018.4.16=py36_0
      - cffi=1.11.5=py36_0
      - cudatoolkit=7.5=2
      - cudnn=5.1.10=cuda7.5_0
      - intel-openmp=2018.0.0=8
      - libffi=3.2.1=3
      - libgcc-ng=7.2.0=hdf63c60_3
      - libgcc=7.2.0=h69d50b8_2
      - libgfortran-ng=7.2.0=hdf63c60_3
      - libstdcxx-ng=7.2.0=hdf63c60_3
      - mkl=2017.0.4=h4c4d0af_0
      - nccl=1.3.4=cuda7.5_1
      - ncurses=5.9=10
      - numpy=1.14.2=py36hdbf6ddf_0
      - openssl=1.0.2o=0
      - pip=9.0.3=py36_0
      - pycparser=2.18=py36_0
      - python=3.6.5=1
      - pytorch=0.1.12=py36cuda7.5cudnn5.1_1
      - readline=7.0=0
      - setuptools=39.1.0=py36_0
      - sqlite=3.20.1=2
      - tk=8.6.7=0
      - wheel=0.31.0=py36_0
      - xz=5.2.3=0
      - zlib=1.2.11=0
  pytorch-gpu-0.1.12-py27:
    locked: true
    env_spec_hash: 289810b243ad34bc42605fbe6a6e4f0c028eee37
    platforms:
    - linux-64
    packages:
      linux-64:
      - ca-certificates=2018.4.16=0
      - certifi=2018.4.16=py27_0
      - cffi=1.11.5=py27_0
      - cudatoolkit=7.5=2
      - cudnn=5.1.10=cuda7.5_0
      - intel-openmp=2018.0.0=8
      - libffi=3.2.1=3
      - libgcc-ng=7.2.0=hdf63c60_3
      - libgcc=7.2.0=h69d50b8_2
      - libgfortran-ng=7.2.0=hdf63c60_3
      - libstdcxx-ng=7.2.0=hdf63c60_3
      - mkl=2017.0.4=h4c4d0af_0
      - nccl=1.3.4=cuda7.5_1
      - ncurses=5.9=10
      - numpy=1.14.2=py27hdbf6ddf_0
      - openssl=1.0.2o=0
      - pip=9.0.3=py27_0
      - pycparser=2.18=py27_0
      - python=2.7.14=5
      - pytorch=0.1.12=py27cuda7.5cudnn5.1_1
      - readline=7.0=0
      - setuptools=39.1.0=py27_0
      - sqlite=3.20.1=2
      - tk=8.6.7=0
      - wheel=0.31.0=py27_0
      - zlib=1.2.11=0


